Microsoft Visual Studio Solution File, Format Version 12.00
# Visual Studio 2013
VisualStudioVersion = 12.0.31101.0
MinimumVisualStudioVersion = 10.0.40219.1
Project("{8BC9CEB8-8B4A-11D0-8D11-00A0C91BC942}") = "ALL_BUILD", "ALL_BUILD.vcxproj", "{C57ED430-B140-47E5-B39B-ED636D74D949}"
	ProjectSection(ProjectDependencies) = postProject
		{22E3F7AB-9D72-497B-86C0-C9C228C77D13} = {22E3F7AB-9D72-497B-86C0-C9C228C77D13}
		{B11133AE-6B7D-4A17-BEAF-9BAAFED8D8FF} = {B11133AE-6B7D-4A17-BEAF-9BAAFED8D8FF}
		{DA9756CA-DE3C-463F-BB22-3B7115C64396} = {DA9756CA-DE3C-463F-BB22-3B7115C64396}
		{8336AAD8-FFF5-467C-A971-5E229F654A61} = {8336AAD8-FFF5-467C-A971-5E229F654A61}
		{D83DC0C8-391B-4361-A4F5-334349FAC04F} = {D83DC0C8-391B-4361-A4F5-334349FAC04F}
		{E152F123-7215-40DA-9DDD-4DCBFD2AD3C6} = {E152F123-7215-40DA-9DDD-4DCBFD2AD3C6}
		{0E60F095-925C-4E46-9A25-F8794461FBD8} = {0E60F095-925C-4E46-9A25-F8794461FBD8}
		{B945D140-5110-4B82-9487-ADB5990F2B20} = {B945D140-5110-4B82-9487-ADB5990F2B20}
		{F296329C-71F4-4E96-A9F8-FDDDEB0EFA9D} = {F296329C-71F4-4E96-A9F8-FDDDEB0EFA9D}
		{8FCF7DE2-DB94-43C8-8951-CB89229A2E1F} = {8FCF7DE2-DB94-43C8-8951-CB89229A2E1F}
		{8D514203-A850-4933-A812-626968E25018} = {8D514203-A850-4933-A812-626968E25018}
		{83389C96-26D6-41BC-B4D3-CD188D82E902} = {83389C96-26D6-41BC-B4D3-CD188D82E902}
		{44932AB7-C57C-4238-9A8F-AC39DBBA80CA} = {44932AB7-C57C-4238-9A8F-AC39DBBA80CA}
		{BA1D2A8F-CDC3-4559-A255-050BE577D45C} = {BA1D2A8F-CDC3-4559-A255-050BE577D45C}
		{03615C8A-BB0F-4068-A1BF-B24577E1E419} = {03615C8A-BB0F-4068-A1BF-B24577E1E419}
		{1D16E5F7-EE64-49F6-B32B-EA6CC21195FE} = {1D16E5F7-EE64-49F6-B32B-EA6CC21195FE}
		{D40231AD-7F9F-4B41-B360-69B479678DCF} = {D40231AD-7F9F-4B41-B360-69B479678DCF}
		{D420A38A-C281-4EC7-95EF-2A9320E85F9A} = {D420A38A-C281-4EC7-95EF-2A9320E85F9A}
		{09ED81DC-A3AC-4DEC-87D2-30CF37D6A2DD} = {09ED81DC-A3AC-4DEC-87D2-30CF37D6A2DD}
		{A48CBF5D-5E41-40D3-9DCA-8D7B60387CB7} = {A48CBF5D-5E41-40D3-9DCA-8D7B60387CB7}
		{154DC019-F409-45B7-9470-7620F7D40BC9} = {154DC019-F409-45B7-9470-7620F7D40BC9}
		{6152EB8D-D11D-463B-85BE-A807A13E5CFF} = {6152EB8D-D11D-463B-85BE-A807A13E5CFF}
		{6C118EE7-63AD-4985-8609-663CFC9636B5} = {6C118EE7-63AD-4985-8609-663CFC9636B5}
		{11428B8B-392B-49FE-A719-19FA4BEE5E22} = {11428B8B-392B-49FE-A719-19FA4BEE5E22}
		{FD651704-E82C-47A7-BA66-7037EADDE23D} = {FD651704-E82C-47A7-BA66-7037EADDE23D}
		{3E0DAFAD-B234-4C0D-96C2-6C4F1C9F7C1D} = {3E0DAFAD-B234-4C0D-96C2-6C4F1C9F7C1D}
		{1467A8B0-F354-4222-B5A2-775AC819E8A4} = {1467A8B0-F354-4222-B5A2-775AC819E8A4}
		{83CE761A-7D87-48E3-A792-A4B2BA9F8FD6} = {83CE761A-7D87-48E3-A792-A4B2BA9F8FD6}
		{7C2FFB7B-080F-4017-B955-4C126B222226} = {7C2FFB7B-080F-4017-B955-4C126B222226}
		{2B9FA9DC-3125-49F2-BE99-DFA0C31FA11B} = {2B9FA9DC-3125-49F2-BE99-DFA0C31FA11B}
		{F923575F-FCCB-45AE-9335-197E1FB744AE} = {F923575F-FCCB-45AE-9335-197E1FB744AE}
		{606F37C3-73E0-41E4-A12D-FA42DBFA38DA} = {606F37C3-73E0-41E4-A12D-FA42DBFA38DA}
		{46A7C04B-9850-4FC7-B312-829426EBED06} = {46A7C04B-9850-4FC7-B312-829426EBED06}
		{C4CD73A1-D1A6-4B77-A90D-2E75506D4D8D} = {C4CD73A1-D1A6-4B77-A90D-2E75506D4D8D}
		{4D4A6C93-DAE7-4CA8-BACE-8317D77BEA23} = {4D4A6C93-DAE7-4CA8-BACE-8317D77BEA23}
		{9F006223-48A6-4C4F-8328-1F065188F4A1} = {9F006223-48A6-4C4F-8328-1F065188F4A1}
		{1DEF0A95-8524-4250-896B-CF4B3B6DEB49} = {1DEF0A95-8524-4250-896B-CF4B3B6DEB49}
		{F181D438-D165-421E-AB68-51A6088541F0} = {F181D438-D165-421E-AB68-51A6088541F0}
		{164B0650-D1A2-4BCC-A035-7CF9B4A14694} = {164B0650-D1A2-4BCC-A035-7CF9B4A14694}
		{FE83C1C9-E7FE-43E2-A3F2-9409AFEC4626} = {FE83C1C9-E7FE-43E2-A3F2-9409AFEC4626}
		{0AAAF102-0D94-439A-9BE2-3DF73D62B042} = {0AAAF102-0D94-439A-9BE2-3DF73D62B042}
		{4F83DA64-4465-4AF8-9B94-CFBD52966968} = {4F83DA64-4465-4AF8-9B94-CFBD52966968}
		{19146D59-6CEC-404B-ABA5-31FDB5588EC7} = {19146D59-6CEC-404B-ABA5-31FDB5588EC7}
		{90FF8AB0-3F9F-4BEA-9BF1-9BA24A4F961D} = {90FF8AB0-3F9F-4BEA-9BF1-9BA24A4F961D}
		{D617579A-604E-4AF7-BA6E-88A487CA286E} = {D617579A-604E-4AF7-BA6E-88A487CA286E}
		{50094BFE-AB92-46BE-8DF8-8DD07D60007A} = {50094BFE-AB92-46BE-8DF8-8DD07D60007A}
		{7983709E-113A-4F0F-BF4F-9FFFAE093665} = {7983709E-113A-4F0F-BF4F-9FFFAE093665}
		{F494BA9F-F5EA-45F8-8C7E-90C9E35A0D81} = {F494BA9F-F5EA-45F8-8C7E-90C9E35A0D81}
		{EE9261D4-1DA1-407F-A8A1-BA82F0C5C908} = {EE9261D4-1DA1-407F-A8A1-BA82F0C5C908}
		{C0669D32-C522-4B4C-8742-D80A6D24C30C} = {C0669D32-C522-4B4C-8742-D80A6D24C30C}
		{F24CC74C-8946-47D1-B1A0-7046C22800A0} = {F24CC74C-8946-47D1-B1A0-7046C22800A0}
		{05021A4F-83DC-41A0-B290-8CF77FDAB778} = {05021A4F-83DC-41A0-B290-8CF77FDAB778}
		{C62BE9F0-40C4-4548-B675-A940EFCB5B68} = {C62BE9F0-40C4-4548-B675-A940EFCB5B68}
		{19016DF2-9845-4837-8550-0DD7FEC22C5E} = {19016DF2-9845-4837-8550-0DD7FEC22C5E}
		{95ACCED5-FB21-42CB-9DC4-46BFAE1F90CE} = {95ACCED5-FB21-42CB-9DC4-46BFAE1F90CE}
		{6C458C4F-28C1-4E52-9B5A-2509C0ABE348} = {6C458C4F-28C1-4E52-9B5A-2509C0ABE348}
		{1045E572-949C-4E27-8387-C59911236610} = {1045E572-949C-4E27-8387-C59911236610}
		{2C5E62F1-ACD7-4EEB-92D8-37191227AD7D} = {2C5E62F1-ACD7-4EEB-92D8-37191227AD7D}
		{0FE7CE23-723C-40E2-B133-8BDC79F2C9C6} = {0FE7CE23-723C-40E2-B133-8BDC79F2C9C6}
	EndProjectSection
EndProject
Project("{8BC9CEB8-8B4A-11D0-8D11-00A0C91BC942}") = "AutoPatcherServer_MySQL", "Samples\AutoPatcherServer_MySQL\AutoPatcherServer_MySQL.vcxproj", "{22E3F7AB-9D72-497B-86C0-C9C228C77D13}"
	ProjectSection(ProjectDependencies) = postProject
		{4F83DA64-4465-4AF8-9B94-CFBD52966968} = {4F83DA64-4465-4AF8-9B94-CFBD52966968}
	EndProjectSection
EndProject
Project("{8BC9CEB8-8B4A-11D0-8D11-00A0C91BC942}") = "AutopatcherClient", "Samples\AutopatcherClient\AutopatcherClient.vcxproj", "{B11133AE-6B7D-4A17-BEAF-9BAAFED8D8FF}"
	ProjectSection(ProjectDependencies) = postProject
		{4F83DA64-4465-4AF8-9B94-CFBD52966968} = {4F83DA64-4465-4AF8-9B94-CFBD52966968}
	EndProjectSection
EndProject
Project("{8BC9CEB8-8B4A-11D0-8D11-00A0C91BC942}") = "AutopatcherClientRestarter", "Samples\AutopatcherClientRestarter\AutopatcherClientRestarter.vcxproj", "{DA9756CA-DE3C-463F-BB22-3B7115C64396}"
	ProjectSection(ProjectDependencies) = postProject
		{4F83DA64-4465-4AF8-9B94-CFBD52966968} = {4F83DA64-4465-4AF8-9B94-CFBD52966968}
	EndProjectSection
EndProject
Project("{8BC9CEB8-8B4A-11D0-8D11-00A0C91BC942}") = "AutopatcherServer_PostgreSQL", "Samples\AutopatcherServer\AutopatcherServer_PostgreSQL.vcxproj", "{8336AAD8-FFF5-467C-A971-5E229F654A61}"
	ProjectSection(ProjectDependencies) = postProject
		{4F83DA64-4465-4AF8-9B94-CFBD52966968} = {4F83DA64-4465-4AF8-9B94-CFBD52966968}
	EndProjectSection
EndProject
Project("{8BC9CEB8-8B4A-11D0-8D11-00A0C91BC942}") = "BigPacketTest", "Samples\BigPacketTest\BigPacketTest.vcxproj", "{D83DC0C8-391B-4361-A4F5-334349FAC04F}"
	ProjectSection(ProjectDependencies) = postProject
		{4F83DA64-4465-4AF8-9B94-CFBD52966968} = {4F83DA64-4465-4AF8-9B94-CFBD52966968}
	EndProjectSection
EndProject
Project("{8BC9CEB8-8B4A-11D0-8D11-00A0C91BC942}") = "BurstTest", "Samples\BurstTest\BurstTest.vcxproj", "{E152F123-7215-40DA-9DDD-4DCBFD2AD3C6}"
	ProjectSection(ProjectDependencies) = postProject
		{4F83DA64-4465-4AF8-9B94-CFBD52966968} = {4F83DA64-4465-4AF8-9B94-CFBD52966968}
	EndProjectSection
EndProject
Project("{8BC9CEB8-8B4A-11D0-8D11-00A0C91BC942}") = "ChatClient", "Samples\Chat Example\ChatClient.vcxproj", "{0E60F095-925C-4E46-9A25-F8794461FBD8}"
	ProjectSection(ProjectDependencies) = postProject
		{4F83DA64-4465-4AF8-9B94-CFBD52966968} = {4F83DA64-4465-4AF8-9B94-CFBD52966968}
	EndProjectSection
EndProject
Project("{8BC9CEB8-8B4A-11D0-8D11-00A0C91BC942}") = "ChatServer", "Samples\Chat Example\ChatServer.vcxproj", "{B945D140-5110-4B82-9487-ADB5990F2B20}"
	ProjectSection(ProjectDependencies) = postProject
		{4F83DA64-4465-4AF8-9B94-CFBD52966968} = {4F83DA64-4465-4AF8-9B94-CFBD52966968}
	EndProjectSection
EndProject
Project("{8BC9CEB8-8B4A-11D0-8D11-00A0C91BC942}") = "CloudClient", "Samples\CloudClient\CloudClient.vcxproj", "{F296329C-71F4-4E96-A9F8-FDDDEB0EFA9D}"
	ProjectSection(ProjectDependencies) = postProject
		{4F83DA64-4465-4AF8-9B94-CFBD52966968} = {4F83DA64-4465-4AF8-9B94-CFBD52966968}
	EndProjectSection
EndProject
Project("{8BC9CEB8-8B4A-11D0-8D11-00A0C91BC942}") = "CloudServer", "Samples\CloudServer\CloudServer.vcxproj", "{8FCF7DE2-DB94-43C8-8951-CB89229A2E1F}"
	ProjectSection(ProjectDependencies) = postProject
		{4F83DA64-4465-4AF8-9B94-CFBD52966968} = {4F83DA64-4465-4AF8-9B94-CFBD52966968}
	EndProjectSection
EndProject
Project("{8BC9CEB8-8B4A-11D0-8D11-00A0C91BC942}") = "CloudTest", "Samples\CloudTest\CloudTest.vcxproj", "{8D514203-A850-4933-A812-626968E25018}"
	ProjectSection(ProjectDependencies) = postProject
		{4F83DA64-4465-4AF8-9B94-CFBD52966968} = {4F83DA64-4465-4AF8-9B94-CFBD52966968}
	EndProjectSection
EndProject
Project("{8BC9CEB8-8B4A-11D0-8D11-00A0C91BC942}") = "CommandConsoleClient", "Samples\CommandConsoleClient\CommandConsoleClient.vcxproj", "{83389C96-26D6-41BC-B4D3-CD188D82E902}"
	ProjectSection(ProjectDependencies) = postProject
		{4F83DA64-4465-4AF8-9B94-CFBD52966968} = {4F83DA64-4465-4AF8-9B94-CFBD52966968}
	EndProjectSection
EndProject
Project("{8BC9CEB8-8B4A-11D0-8D11-00A0C91BC942}") = "CommandConsoleServer", "Samples\CommandConsoleServer\CommandConsoleServer.vcxproj", "{44932AB7-C57C-4238-9A8F-AC39DBBA80CA}"
	ProjectSection(ProjectDependencies) = postProject
		{4F83DA64-4465-4AF8-9B94-CFBD52966968} = {4F83DA64-4465-4AF8-9B94-CFBD52966968}
	EndProjectSection
EndProject
Project("{8BC9CEB8-8B4A-11D0-8D11-00A0C91BC942}") = "ComprehensivePCGame", "Samples\ComprehensivePCGame\ComprehensivePCGame.vcxproj", "{BA1D2A8F-CDC3-4559-A255-050BE577D45C}"
	ProjectSection(ProjectDependencies) = postProject
		{4F83DA64-4465-4AF8-9B94-CFBD52966968} = {4F83DA64-4465-4AF8-9B94-CFBD52966968}
	EndProjectSection
EndProject
Project("{8BC9CEB8-8B4A-11D0-8D11-00A0C91BC942}") = "ComprehensiveTest", "Samples\ComprehensiveTest\ComprehensiveTest.vcxproj", "{03615C8A-BB0F-4068-A1BF-B24577E1E419}"
	ProjectSection(ProjectDependencies) = postProject
		{4F83DA64-4465-4AF8-9B94-CFBD52966968} = {4F83DA64-4465-4AF8-9B94-CFBD52966968}
	EndProjectSection
EndProject
Project("{8BC9CEB8-8B4A-11D0-8D11-00A0C91BC942}") = "CrashReporter", "Samples\CrashReporter\CrashReporter.vcxproj", "{1D16E5F7-EE64-49F6-B32B-EA6CC21195FE}"
	ProjectSection(ProjectDependencies) = postProject
		{4F83DA64-4465-4AF8-9B94-CFBD52966968} = {4F83DA64-4465-4AF8-9B94-CFBD52966968}
	EndProjectSection
EndProject
Project("{8BC9CEB8-8B4A-11D0-8D11-00A0C91BC942}") = "CrossConnectionTest", "Samples\CrossConnectionTest\CrossConnectionTest.vcxproj", "{D40231AD-7F9F-4B41-B360-69B479678DCF}"
	ProjectSection(ProjectDependencies) = postProject
		{4F83DA64-4465-4AF8-9B94-CFBD52966968} = {4F83DA64-4465-4AF8-9B94-CFBD52966968}
	EndProjectSection
EndProject
Project("{8BC9CEB8-8B4A-11D0-8D11-00A0C91BC942}") = "DirectoryDeltaTransfer", "Samples\DirectoryDeltaTransfer\DirectoryDeltaTransfer.vcxproj", "{D420A38A-C281-4EC7-95EF-2A9320E85F9A}"
	ProjectSection(ProjectDependencies) = postProject
		{4F83DA64-4465-4AF8-9B94-CFBD52966968} = {4F83DA64-4465-4AF8-9B94-CFBD52966968}
	EndProjectSection
EndProject
Project("{8BC9CEB8-8B4A-11D0-8D11-00A0C91BC942}") = "DroppedConnectionTest", "Samples\Dropped Connection Test\DroppedConnectionTest.vcxproj", "{09ED81DC-A3AC-4DEC-87D2-30CF37D6A2DD}"
	ProjectSection(ProjectDependencies) = postProject
		{4F83DA64-4465-4AF8-9B94-CFBD52966968} = {4F83DA64-4465-4AF8-9B94-CFBD52966968}
	EndProjectSection
EndProject
Project("{8BC9CEB8-8B4A-11D0-8D11-00A0C91BC942}") = "Encryption", "Samples\Encryption\Encryption.vcxproj", "{A48CBF5D-5E41-40D3-9DCA-8D7B60387CB7}"
	ProjectSection(ProjectDependencies) = postProject
		{4F83DA64-4465-4AF8-9B94-CFBD52966968} = {4F83DA64-4465-4AF8-9B94-CFBD52966968}
	EndProjectSection
EndProject
Project("{8BC9CEB8-8B4A-11D0-8D11-00A0C91BC942}") = "FCMHost", "Samples\FCMHost\FCMHost.vcxproj", "{154DC019-F409-45B7-9470-7620F7D40BC9}"
	ProjectSection(ProjectDependencies) = postProject
		{4F83DA64-4465-4AF8-9B94-CFBD52966968} = {4F83DA64-4465-4AF8-9B94-CFBD52966968}
	EndProjectSection
EndProject
Project("{8BC9CEB8-8B4A-11D0-8D11-00A0C91BC942}") = "FCMHostSimultaneous", "Samples\FCMHostSimultaneous\FCMHostSimultaneous.vcxproj", "{6152EB8D-D11D-463B-85BE-A807A13E5CFF}"
	ProjectSection(ProjectDependencies) = postProject
		{4F83DA64-4465-4AF8-9B94-CFBD52966968} = {4F83DA64-4465-4AF8-9B94-CFBD52966968}
	EndProjectSection
EndProject
Project("{8BC9CEB8-8B4A-11D0-8D11-00A0C91BC942}") = "FCMVerifiedJoinSimultaneous", "Samples\FCMVerifiedJoinSimultaneous\FCMVerifiedJoinSimultaneous.vcxproj", "{6C118EE7-63AD-4985-8609-663CFC9636B5}"
	ProjectSection(ProjectDependencies) = postProject
		{4F83DA64-4465-4AF8-9B94-CFBD52966968} = {4F83DA64-4465-4AF8-9B94-CFBD52966968}
	EndProjectSection
EndProject
Project("{8BC9CEB8-8B4A-11D0-8D11-00A0C91BC942}") = "FileListTransfer", "Samples\FileListTransfer\FileListTransfer.vcxproj", "{11428B8B-392B-49FE-A719-19FA4BEE5E22}"
	ProjectSection(ProjectDependencies) = postProject
		{4F83DA64-4465-4AF8-9B94-CFBD52966968} = {4F83DA64-4465-4AF8-9B94-CFBD52966968}
	EndProjectSection
EndProject
Project("{8BC9CEB8-8B4A-11D0-8D11-00A0C91BC942}") = "FlowControlTest", "Samples\Flow Control Test\FlowControlTest.vcxproj", "{FD651704-E82C-47A7-BA66-7037EADDE23D}"
	ProjectSection(ProjectDependencies) = postProject
		{4F83DA64-4465-4AF8-9B94-CFBD52966968} = {4F83DA64-4465-4AF8-9B94-CFBD52966968}
	EndProjectSection
EndProject
Project("{8BC9CEB8-8B4A-11D0-8D11-00A0C91BC942}") = "FullyConnectedMesh", "Samples\FullyConnectedMesh\FullyConnectedMesh.vcxproj", "{3E0DAFAD-B234-4C0D-96C2-6C4F1C9F7C1D}"
	ProjectSection(ProjectDependencies) = postProject
		{4F83DA64-4465-4AF8-9B94-CFBD52966968} = {4F83DA64-4465-4AF8-9B94-CFBD52966968}
	EndProjectSection
EndProject
Project("{8BC9CEB8-8B4A-11D0-8D11-00A0C91BC942}") = "INSTALL", "INSTALL.vcxproj", "{0688D3EF-EF16-4899-BA0F-B2BBFE84FD27}"
	ProjectSection(ProjectDependencies) = postProject
		{C57ED430-B140-47E5-B39B-ED636D74D949} = {C57ED430-B140-47E5-B39B-ED636D74D949}
	EndProjectSection
EndProject
Project("{8BC9CEB8-8B4A-11D0-8D11-00A0C91BC942}") = "LANServerDiscovery", "Samples\LANServerDiscovery\LANServerDiscovery.vcxproj", "{1467A8B0-F354-4222-B5A2-775AC819E8A4}"
	ProjectSection(ProjectDependencies) = postProject
		{4F83DA64-4465-4AF8-9B94-CFBD52966968} = {4F83DA64-4465-4AF8-9B94-CFBD52966968}
	EndProjectSection
EndProject
Project("{8BC9CEB8-8B4A-11D0-8D11-00A0C91BC942}") = "Lobby2Client", "Samples\Lobby2Client\Lobby2Client.vcxproj", "{83CE761A-7D87-48E3-A792-A4B2BA9F8FD6}"
	ProjectSection(ProjectDependencies) = postProject
		{4F83DA64-4465-4AF8-9B94-CFBD52966968} = {4F83DA64-4465-4AF8-9B94-CFBD52966968}
	EndProjectSection
EndProject
Project("{8BC9CEB8-8B4A-11D0-8D11-00A0C91BC942}") = "MasterServer", "Samples\MasterServer\MasterServer.vcxproj", "{7C2FFB7B-080F-4017-B955-4C126B222226}"
	ProjectSection(ProjectDependencies) = postProject
		{4F83DA64-4465-4AF8-9B94-CFBD52966968} = {4F83DA64-4465-4AF8-9B94-CFBD52966968}
	EndProjectSection
EndProject
Project("{8BC9CEB8-8B4A-11D0-8D11-00A0C91BC942}") = "MessageFilter", "Samples\MessageFilter\MessageFilter.vcxproj", "{2B9FA9DC-3125-49F2-BE99-DFA0C31FA11B}"
	ProjectSection(ProjectDependencies) = postProject
		{4F83DA64-4465-4AF8-9B94-CFBD52966968} = {4F83DA64-4465-4AF8-9B94-CFBD52966968}
	EndProjectSection
EndProject
Project("{8BC9CEB8-8B4A-11D0-8D11-00A0C91BC942}") = "MessageSizeTest", "Samples\MessageSizeTest\MessageSizeTest.vcxproj", "{F923575F-FCCB-45AE-9335-197E1FB744AE}"
	ProjectSection(ProjectDependencies) = postProject
		{4F83DA64-4465-4AF8-9B94-CFBD52966968} = {4F83DA64-4465-4AF8-9B94-CFBD52966968}
	EndProjectSection
EndProject
Project("{8BC9CEB8-8B4A-11D0-8D11-00A0C91BC942}") = "NATCompleteClient", "Samples\NATCompleteClient\NATCompleteClient.vcxproj", "{606F37C3-73E0-41E4-A12D-FA42DBFA38DA}"
	ProjectSection(ProjectDependencies) = postProject
		{4F83DA64-4465-4AF8-9B94-CFBD52966968} = {4F83DA64-4465-4AF8-9B94-CFBD52966968}
	EndProjectSection
EndProject
Project("{8BC9CEB8-8B4A-11D0-8D11-00A0C91BC942}") = "NATCompleteServer", "Samples\NATCompleteServer\NATCompleteServer.vcxproj", "{46A7C04B-9850-4FC7-B312-829426EBED06}"
	ProjectSection(ProjectDependencies) = postProject
		{4F83DA64-4465-4AF8-9B94-CFBD52966968} = {4F83DA64-4465-4AF8-9B94-CFBD52966968}
	EndProjectSection
EndProject
Project("{8BC9CEB8-8B4A-11D0-8D11-00A0C91BC942}") = "OfflineMessagesTest", "Samples\OfflineMessagesTest\OfflineMessagesTest.vcxproj", "{C4CD73A1-D1A6-4B77-A90D-2E75506D4D8D}"
	ProjectSection(ProjectDependencies) = postProject
		{4F83DA64-4465-4AF8-9B94-CFBD52966968} = {4F83DA64-4465-4AF8-9B94-CFBD52966968}
	EndProjectSection
EndProject
Project("{8BC9CEB8-8B4A-11D0-8D11-00A0C91BC942}") = "PHPDirectoryServer2", "Samples\PHPDirectoryServer2\PHPDirectoryServer2.vcxproj", "{4D4A6C93-DAE7-4CA8-BACE-8317D77BEA23}"
	ProjectSection(ProjectDependencies) = postProject
		{4F83DA64-4465-4AF8-9B94-CFBD52966968} = {4F83DA64-4465-4AF8-9B94-CFBD52966968}
	EndProjectSection
EndProject
Project("{8BC9CEB8-8B4A-11D0-8D11-00A0C91BC942}") = "PacketLogger", "Samples\PacketLogger\PacketLogger.vcxproj", "{9F006223-48A6-4C4F-8328-1F065188F4A1}"
	ProjectSection(ProjectDependencies) = postProject
		{4F83DA64-4465-4AF8-9B94-CFBD52966968} = {4F83DA64-4465-4AF8-9B94-CFBD52966968}
	EndProjectSection
EndProject
Project("{8BC9CEB8-8B4A-11D0-8D11-00A0C91BC942}") = "Ping", "Samples\Ping\Ping.vcxproj", "{1DEF0A95-8524-4250-896B-CF4B3B6DEB49}"
	ProjectSection(ProjectDependencies) = postProject
		{4F83DA64-4465-4AF8-9B94-CFBD52966968} = {4F83DA64-4465-4AF8-9B94-CFBD52966968}
	EndProjectSection
EndProject
Project("{8BC9CEB8-8B4A-11D0-8D11-00A0C91BC942}") = "RPC3", "Samples\RPC3\RPC3.vcxproj", "{F181D438-D165-421E-AB68-51A6088541F0}"
	ProjectSection(ProjectDependencies) = postProject
		{4F83DA64-4465-4AF8-9B94-CFBD52966968} = {4F83DA64-4465-4AF8-9B94-CFBD52966968}
	EndProjectSection
EndProject
Project("{8BC9CEB8-8B4A-11D0-8D11-00A0C91BC942}") = "RPC4", "Samples\RPC4\RPC4.vcxproj", "{164B0650-D1A2-4BCC-A035-7CF9B4A14694}"
	ProjectSection(ProjectDependencies) = postProject
		{4F83DA64-4465-4AF8-9B94-CFBD52966968} = {4F83DA64-4465-4AF8-9B94-CFBD52966968}
	EndProjectSection
EndProject
Project("{8BC9CEB8-8B4A-11D0-8D11-00A0C91BC942}") = "RackspaceConsole", "Samples\RackspaceConsole\RackspaceConsole.vcxproj", "{FE83C1C9-E7FE-43E2-A3F2-9409AFEC4626}"
	ProjectSection(ProjectDependencies) = postProject
		{4F83DA64-4465-4AF8-9B94-CFBD52966968} = {4F83DA64-4465-4AF8-9B94-CFBD52966968}
	EndProjectSection
EndProject
Project("{8BC9CEB8-8B4A-11D0-8D11-00A0C91BC942}") = "RakNetDLL", "Lib\DLL\RakNetDLL.vcxproj", "{0AAAF102-0D94-439A-9BE2-3DF73D62B042}"
EndProject
Project("{8BC9CEB8-8B4A-11D0-8D11-00A0C91BC942}") = "RakNetLibStatic", "Lib\LibStatic\RakNetLibStatic.vcxproj", "{4F83DA64-4465-4AF8-9B94-CFBD52966968}"
EndProject
Project("{8BC9CEB8-8B4A-11D0-8D11-00A0C91BC942}") = "RakVoice", "Samples\RakVoice\RakVoice.vcxproj", "{19146D59-6CEC-404B-ABA5-31FDB5588EC7}"
	ProjectSection(ProjectDependencies) = postProject
		{4F83DA64-4465-4AF8-9B94-CFBD52966968} = {4F83DA64-4465-4AF8-9B94-CFBD52966968}
	EndProjectSection
EndProject
Project("{8BC9CEB8-8B4A-11D0-8D11-00A0C91BC942}") = "RakVoiceDSound", "Samples\RakVoiceDSound\RakVoiceDSound.vcxproj", "{90FF8AB0-3F9F-4BEA-9BF1-9BA24A4F961D}"
	ProjectSection(ProjectDependencies) = postProject
		{4F83DA64-4465-4AF8-9B94-CFBD52966968} = {4F83DA64-4465-4AF8-9B94-CFBD52966968}
	EndProjectSection
EndProject
Project("{8BC9CEB8-8B4A-11D0-8D11-00A0C91BC942}") = "RakVoiceFMOD", "Samples\RakVoiceFMOD\RakVoiceFMOD.vcxproj", "{D617579A-604E-4AF7-BA6E-88A487CA286E}"
	ProjectSection(ProjectDependencies) = postProject
		{4F83DA64-4465-4AF8-9B94-CFBD52966968} = {4F83DA64-4465-4AF8-9B94-CFBD52966968}
	EndProjectSection
EndProject
Project("{8BC9CEB8-8B4A-11D0-8D11-00A0C91BC942}") = "ReliableOrderedTest", "Samples\Reliable Ordered Test\ReliableOrderedTest.vcxproj", "{50094BFE-AB92-46BE-8DF8-8DD07D60007A}"
	ProjectSection(ProjectDependencies) = postProject
		{4F83DA64-4465-4AF8-9B94-CFBD52966968} = {4F83DA64-4465-4AF8-9B94-CFBD52966968}
	EndProjectSection
EndProject
Project("{8BC9CEB8-8B4A-11D0-8D11-00A0C91BC942}") = "ReplicaManager3", "Samples\ReplicaManager3\ReplicaManager3.vcxproj", "{7983709E-113A-4F0F-BF4F-9FFFAE093665}"
	ProjectSection(ProjectDependencies) = postProject
		{4F83DA64-4465-4AF8-9B94-CFBD52966968} = {4F83DA64-4465-4AF8-9B94-CFBD52966968}
	EndProjectSection
EndProject
Project("{8BC9CEB8-8B4A-11D0-8D11-00A0C91BC942}") = "Router2", "Samples\Router2\Router2.vcxproj", "{F494BA9F-F5EA-45F8-8C7E-90C9E35A0D81}"
	ProjectSection(ProjectDependencies) = postProject
		{4F83DA64-4465-4AF8-9B94-CFBD52966968} = {4F83DA64-4465-4AF8-9B94-CFBD52966968}
	EndProjectSection
EndProject
Project("{8BC9CEB8-8B4A-11D0-8D11-00A0C91BC942}") = "SendEmail", "Samples\SendEmail\SendEmail.vcxproj", "{EE9261D4-1DA1-407F-A8A1-BA82F0C5C908}"
	ProjectSection(ProjectDependencies) = postProject
		{4F83DA64-4465-4AF8-9B94-CFBD52966968} = {4F83DA64-4465-4AF8-9B94-CFBD52966968}
	EndProjectSection
EndProject
Project("{8BC9CEB8-8B4A-11D0-8D11-00A0C91BC942}") = "ServerClientTest2", "Samples\ServerClientTest2\ServerClientTest2.vcxproj", "{C0669D32-C522-4B4C-8742-D80A6D24C30C}"
	ProjectSection(ProjectDependencies) = postProject
		{4F83DA64-4465-4AF8-9B94-CFBD52966968} = {4F83DA64-4465-4AF8-9B94-CFBD52966968}
	EndProjectSection
EndProject
Project("{8BC9CEB8-8B4A-11D0-8D11-00A0C91BC942}") = "StatisticsHistoryTest", "Samples\StatisticsHistoryTest\StatisticsHistoryTest.vcxproj", "{F24CC74C-8946-47D1-B1A0-7046C22800A0}"
	ProjectSection(ProjectDependencies) = postProject
		{4F83DA64-4465-4AF8-9B94-CFBD52966968} = {4F83DA64-4465-4AF8-9B94-CFBD52966968}
	EndProjectSection
EndProject
Project("{8BC9CEB8-8B4A-11D0-8D11-00A0C91BC942}") = "TeamManager", "Samples\TeamManager\TeamManager.vcxproj", "{05021A4F-83DC-41A0-B290-8CF77FDAB778}"
	ProjectSection(ProjectDependencies) = postProject
		{4F83DA64-4465-4AF8-9B94-CFBD52966968} = {4F83DA64-4465-4AF8-9B94-CFBD52966968}
	EndProjectSection
EndProject
Project("{8BC9CEB8-8B4A-11D0-8D11-00A0C91BC942}") = "TestDLL", "Samples\TestDLL\TestDLL.vcxproj", "{C62BE9F0-40C4-4548-B675-A940EFCB5B68}"
	ProjectSection(ProjectDependencies) = postProject
		{4F83DA64-4465-4AF8-9B94-CFBD52966968} = {4F83DA64-4465-4AF8-9B94-CFBD52966968}
	EndProjectSection
EndProject
Project("{8BC9CEB8-8B4A-11D0-8D11-00A0C91BC942}") = "Tests", "Samples\Tests\Tests.vcxproj", "{19016DF2-9845-4837-8550-0DD7FEC22C5E}"
	ProjectSection(ProjectDependencies) = postProject
		{4F83DA64-4465-4AF8-9B94-CFBD52966968} = {4F83DA64-4465-4AF8-9B94-CFBD52966968}
	EndProjectSection
EndProject
Project("{8BC9CEB8-8B4A-11D0-8D11-00A0C91BC942}") = "ThreadTest", "Samples\ThreadTest\ThreadTest.vcxproj", "{95ACCED5-FB21-42CB-9DC4-46BFAE1F90CE}"
	ProjectSection(ProjectDependencies) = postProject
		{4F83DA64-4465-4AF8-9B94-CFBD52966968} = {4F83DA64-4465-4AF8-9B94-CFBD52966968}
	EndProjectSection
EndProject
Project("{8BC9CEB8-8B4A-11D0-8D11-00A0C91BC942}") = "Timestamping", "Samples\Timestamping\Timestamping.vcxproj", "{6C458C4F-28C1-4E52-9B5A-2509C0ABE348}"
	ProjectSection(ProjectDependencies) = postProject
		{4F83DA64-4465-4AF8-9B94-CFBD52966968} = {4F83DA64-4465-4AF8-9B94-CFBD52966968}
	EndProjectSection
EndProject
Project("{8BC9CEB8-8B4A-11D0-8D11-00A0C91BC942}") = "TitleValidationDB_PostgreSQL", "Samples\TitleValidationDB_PostgreSQL\TitleValidationDB_PostgreSQL.vcxproj", "{1045E572-949C-4E27-8387-C59911236610}"
	ProjectSection(ProjectDependencies) = postProject
		{4F83DA64-4465-4AF8-9B94-CFBD52966968} = {4F83DA64-4465-4AF8-9B94-CFBD52966968}
	EndProjectSection
EndProject
Project("{8BC9CEB8-8B4A-11D0-8D11-00A0C91BC942}") = "TwoWayAuthentication", "Samples\TwoWayAuthentication\TwoWayAuthentication.vcxproj", "{2C5E62F1-ACD7-4EEB-92D8-37191227AD7D}"
	ProjectSection(ProjectDependencies) = postProject
		{4F83DA64-4465-4AF8-9B94-CFBD52966968} = {4F83DA64-4465-4AF8-9B94-CFBD52966968}
	EndProjectSection
EndProject
Project("{8BC9CEB8-8B4A-11D0-8D11-00A0C91BC942}") = "UDPForwarder", "Samples\UDPForwarder\UDPForwarder.vcxproj", "{0FE7CE23-723C-40E2-B133-8BDC79F2C9C6}"
	ProjectSection(ProjectDependencies) = postProject
		{4F83DA64-4465-4AF8-9B94-CFBD52966968} = {4F83DA64-4465-4AF8-9B94-CFBD52966968}
	EndProjectSection
EndProject
Global
	GlobalSection(SolutionConfigurationPlatforms) = preSolution
		Debug|Win32 = Debug|Win32
		Debug|x64 = Debug|x64
		MinSizeRel|Win32 = MinSizeRel|Win32
		MinSizeRel|x64 = MinSizeRel|x64
		Release|Win32 = Release|Win32
		Release|x64 = Release|x64
		RelWithDebInfo|Win32 = RelWithDebInfo|Win32
		RelWithDebInfo|x64 = RelWithDebInfo|x64
	EndGlobalSection
	GlobalSection(ProjectConfigurationPlatforms) = postSolution
		{C57ED430-B140-47E5-B39B-ED636D74D949}.Debug|Win32.ActiveCfg = Debug|Win32
		{C57ED430-B140-47E5-B39B-ED636D74D949}.Debug|Win32.Build.0 = Debug|Win32
		{C57ED430-B140-47E5-B39B-ED636D74D949}.Debug|x64.ActiveCfg = Debug|x64
		{C57ED430-B140-47E5-B39B-ED636D74D949}.Debug|x64.Build.0 = Debug|x64
		{C57ED430-B140-47E5-B39B-ED636D74D949}.MinSizeRel|Win32.ActiveCfg = MinSizeRel|Win32
		{C57ED430-B140-47E5-B39B-ED636D74D949}.MinSizeRel|Win32.Build.0 = MinSizeRel|Win32
		{C57ED430-B140-47E5-B39B-ED636D74D949}.MinSizeRel|x64.ActiveCfg = MinSizeRel|x64
		{C57ED430-B140-47E5-B39B-ED636D74D949}.MinSizeRel|x64.Build.0 = MinSizeRel|x64
		{C57ED430-B140-47E5-B39B-ED636D74D949}.Release|Win32.ActiveCfg = Release|Win32
		{C57ED430-B140-47E5-B39B-ED636D74D949}.Release|Win32.Build.0 = Release|Win32
		{C57ED430-B140-47E5-B39B-ED636D74D949}.Release|x64.ActiveCfg = Release|x64
		{C57ED430-B140-47E5-B39B-ED636D74D949}.Release|x64.Build.0 = Release|x64
		{C57ED430-B140-47E5-B39B-ED636D74D949}.RelWithDebInfo|Win32.ActiveCfg = RelWithDebInfo|Win32
		{C57ED430-B140-47E5-B39B-ED636D74D949}.RelWithDebInfo|Win32.Build.0 = RelWithDebInfo|Win32
		{C57ED430-B140-47E5-B39B-ED636D74D949}.RelWithDebInfo|x64.ActiveCfg = RelWithDebInfo|x64
		{C57ED430-B140-47E5-B39B-ED636D74D949}.RelWithDebInfo|x64.Build.0 = RelWithDebInfo|x64
		{22E3F7AB-9D72-497B-86C0-C9C228C77D13}.Debug|Win32.ActiveCfg = Debug|Win32
		{22E3F7AB-9D72-497B-86C0-C9C228C77D13}.Debug|Win32.Build.0 = Debug|Win32
		{22E3F7AB-9D72-497B-86C0-C9C228C77D13}.Debug|x64.ActiveCfg = Debug|Win32
		{22E3F7AB-9D72-497B-86C0-C9C228C77D13}.MinSizeRel|Win32.ActiveCfg = MinSizeRel|Win32
		{22E3F7AB-9D72-497B-86C0-C9C228C77D13}.MinSizeRel|Win32.Build.0 = MinSizeRel|Win32
		{22E3F7AB-9D72-497B-86C0-C9C228C77D13}.MinSizeRel|x64.ActiveCfg = MinSizeRel|Win32
		{22E3F7AB-9D72-497B-86C0-C9C228C77D13}.Release|Win32.ActiveCfg = Release|Win32
		{22E3F7AB-9D72-497B-86C0-C9C228C77D13}.Release|Win32.Build.0 = Release|Win32
		{22E3F7AB-9D72-497B-86C0-C9C228C77D13}.Release|x64.ActiveCfg = Release|Win32
		{22E3F7AB-9D72-497B-86C0-C9C228C77D13}.RelWithDebInfo|Win32.ActiveCfg = RelWithDebInfo|Win32
		{22E3F7AB-9D72-497B-86C0-C9C228C77D13}.RelWithDebInfo|Win32.Build.0 = RelWithDebInfo|Win32
		{22E3F7AB-9D72-497B-86C0-C9C228C77D13}.RelWithDebInfo|x64.ActiveCfg = RelWithDebInfo|Win32
		{B11133AE-6B7D-4A17-BEAF-9BAAFED8D8FF}.Debug|Win32.ActiveCfg = Debug|Win32
		{B11133AE-6B7D-4A17-BEAF-9BAAFED8D8FF}.Debug|Win32.Build.0 = Debug|Win32
		{B11133AE-6B7D-4A17-BEAF-9BAAFED8D8FF}.Debug|x64.ActiveCfg = Debug|Win32
		{B11133AE-6B7D-4A17-BEAF-9BAAFED8D8FF}.MinSizeRel|Win32.ActiveCfg = MinSizeRel|Win32
		{B11133AE-6B7D-4A17-BEAF-9BAAFED8D8FF}.MinSizeRel|Win32.Build.0 = MinSizeRel|Win32
		{B11133AE-6B7D-4A17-BEAF-9BAAFED8D8FF}.MinSizeRel|x64.ActiveCfg = MinSizeRel|Win32
		{B11133AE-6B7D-4A17-BEAF-9BAAFED8D8FF}.Release|Win32.ActiveCfg = Release|Win32
		{B11133AE-6B7D-4A17-BEAF-9BAAFED8D8FF}.Release|Win32.Build.0 = Release|Win32
		{B11133AE-6B7D-4A17-BEAF-9BAAFED8D8FF}.Release|x64.ActiveCfg = Release|Win32
		{B11133AE-6B7D-4A17-BEAF-9BAAFED8D8FF}.RelWithDebInfo|Win32.ActiveCfg = RelWithDebInfo|Win32
		{B11133AE-6B7D-4A17-BEAF-9BAAFED8D8FF}.RelWithDebInfo|Win32.Build.0 = RelWithDebInfo|Win32
		{B11133AE-6B7D-4A17-BEAF-9BAAFED8D8FF}.RelWithDebInfo|x64.ActiveCfg = RelWithDebInfo|Win32
		{DA9756CA-DE3C-463F-BB22-3B7115C64396}.Debug|Win32.ActiveCfg = Debug|Win32
		{DA9756CA-DE3C-463F-BB22-3B7115C64396}.Debug|Win32.Build.0 = Debug|Win32
		{DA9756CA-DE3C-463F-BB22-3B7115C64396}.Debug|x64.ActiveCfg = Debug|Win32
		{DA9756CA-DE3C-463F-BB22-3B7115C64396}.MinSizeRel|Win32.ActiveCfg = MinSizeRel|Win32
		{DA9756CA-DE3C-463F-BB22-3B7115C64396}.MinSizeRel|Win32.Build.0 = MinSizeRel|Win32
		{DA9756CA-DE3C-463F-BB22-3B7115C64396}.MinSizeRel|x64.ActiveCfg = MinSizeRel|Win32
		{DA9756CA-DE3C-463F-BB22-3B7115C64396}.Release|Win32.ActiveCfg = Release|Win32
		{DA9756CA-DE3C-463F-BB22-3B7115C64396}.Release|Win32.Build.0 = Release|Win32
		{DA9756CA-DE3C-463F-BB22-3B7115C64396}.Release|x64.ActiveCfg = Release|Win32
		{DA9756CA-DE3C-463F-BB22-3B7115C64396}.RelWithDebInfo|Win32.ActiveCfg = RelWithDebInfo|Win32
		{DA9756CA-DE3C-463F-BB22-3B7115C64396}.RelWithDebInfo|Win32.Build.0 = RelWithDebInfo|Win32
		{DA9756CA-DE3C-463F-BB22-3B7115C64396}.RelWithDebInfo|x64.ActiveCfg = RelWithDebInfo|Win32
		{8336AAD8-FFF5-467C-A971-5E229F654A61}.Debug|Win32.ActiveCfg = Debug|Win32
		{8336AAD8-FFF5-467C-A971-5E229F654A61}.Debug|Win32.Build.0 = Debug|Win32
		{8336AAD8-FFF5-467C-A971-5E229F654A61}.Debug|x64.ActiveCfg = Debug|Win32
		{8336AAD8-FFF5-467C-A971-5E229F654A61}.MinSizeRel|Win32.ActiveCfg = MinSizeRel|Win32
		{8336AAD8-FFF5-467C-A971-5E229F654A61}.MinSizeRel|Win32.Build.0 = MinSizeRel|Win32
		{8336AAD8-FFF5-467C-A971-5E229F654A61}.MinSizeRel|x64.ActiveCfg = MinSizeRel|Win32
		{8336AAD8-FFF5-467C-A971-5E229F654A61}.Release|Win32.ActiveCfg = Release|Win32
		{8336AAD8-FFF5-467C-A971-5E229F654A61}.Release|Win32.Build.0 = Release|Win32
		{8336AAD8-FFF5-467C-A971-5E229F654A61}.Release|x64.ActiveCfg = Release|Win32
		{8336AAD8-FFF5-467C-A971-5E229F654A61}.RelWithDebInfo|Win32.ActiveCfg = RelWithDebInfo|Win32
		{8336AAD8-FFF5-467C-A971-5E229F654A61}.RelWithDebInfo|Win32.Build.0 = RelWithDebInfo|Win32
		{8336AAD8-FFF5-467C-A971-5E229F654A61}.RelWithDebInfo|x64.ActiveCfg = RelWithDebInfo|Win32
		{D83DC0C8-391B-4361-A4F5-334349FAC04F}.Debug|Win32.ActiveCfg = Debug|Win32
		{D83DC0C8-391B-4361-A4F5-334349FAC04F}.Debug|Win32.Build.0 = Debug|Win32
		{D83DC0C8-391B-4361-A4F5-334349FAC04F}.Debug|x64.ActiveCfg = Debug|Win32
		{D83DC0C8-391B-4361-A4F5-334349FAC04F}.MinSizeRel|Win32.ActiveCfg = MinSizeRel|Win32
		{D83DC0C8-391B-4361-A4F5-334349FAC04F}.MinSizeRel|Win32.Build.0 = MinSizeRel|Win32
		{D83DC0C8-391B-4361-A4F5-334349FAC04F}.MinSizeRel|x64.ActiveCfg = MinSizeRel|Win32
		{D83DC0C8-391B-4361-A4F5-334349FAC04F}.Release|Win32.ActiveCfg = Release|Win32
		{D83DC0C8-391B-4361-A4F5-334349FAC04F}.Release|Win32.Build.0 = Release|Win32
		{D83DC0C8-391B-4361-A4F5-334349FAC04F}.Release|x64.ActiveCfg = Release|Win32
		{D83DC0C8-391B-4361-A4F5-334349FAC04F}.RelWithDebInfo|Win32.ActiveCfg = RelWithDebInfo|Win32
		{D83DC0C8-391B-4361-A4F5-334349FAC04F}.RelWithDebInfo|Win32.Build.0 = RelWithDebInfo|Win32
		{D83DC0C8-391B-4361-A4F5-334349FAC04F}.RelWithDebInfo|x64.ActiveCfg = RelWithDebInfo|Win32
		{E152F123-7215-40DA-9DDD-4DCBFD2AD3C6}.Debug|Win32.ActiveCfg = Debug|Win32
		{E152F123-7215-40DA-9DDD-4DCBFD2AD3C6}.Debug|Win32.Build.0 = Debug|Win32
		{E152F123-7215-40DA-9DDD-4DCBFD2AD3C6}.Debug|x64.ActiveCfg = Debug|Win32
		{E152F123-7215-40DA-9DDD-4DCBFD2AD3C6}.MinSizeRel|Win32.ActiveCfg = MinSizeRel|Win32
		{E152F123-7215-40DA-9DDD-4DCBFD2AD3C6}.MinSizeRel|Win32.Build.0 = MinSizeRel|Win32
		{E152F123-7215-40DA-9DDD-4DCBFD2AD3C6}.MinSizeRel|x64.ActiveCfg = MinSizeRel|Win32
		{E152F123-7215-40DA-9DDD-4DCBFD2AD3C6}.Release|Win32.ActiveCfg = Release|Win32
		{E152F123-7215-40DA-9DDD-4DCBFD2AD3C6}.Release|Win32.Build.0 = Release|Win32
		{E152F123-7215-40DA-9DDD-4DCBFD2AD3C6}.Release|x64.ActiveCfg = Release|Win32
		{E152F123-7215-40DA-9DDD-4DCBFD2AD3C6}.RelWithDebInfo|Win32.ActiveCfg = RelWithDebInfo|Win32
		{E152F123-7215-40DA-9DDD-4DCBFD2AD3C6}.RelWithDebInfo|Win32.Build.0 = RelWithDebInfo|Win32
		{E152F123-7215-40DA-9DDD-4DCBFD2AD3C6}.RelWithDebInfo|x64.ActiveCfg = RelWithDebInfo|Win32
		{0E60F095-925C-4E46-9A25-F8794461FBD8}.Debug|Win32.ActiveCfg = Debug|Win32
		{0E60F095-925C-4E46-9A25-F8794461FBD8}.Debug|Win32.Build.0 = Debug|Win32
		{0E60F095-925C-4E46-9A25-F8794461FBD8}.Debug|x64.ActiveCfg = Debug|Win32
		{0E60F095-925C-4E46-9A25-F8794461FBD8}.MinSizeRel|Win32.ActiveCfg = MinSizeRel|Win32
		{0E60F095-925C-4E46-9A25-F8794461FBD8}.MinSizeRel|Win32.Build.0 = MinSizeRel|Win32
		{0E60F095-925C-4E46-9A25-F8794461FBD8}.MinSizeRel|x64.ActiveCfg = MinSizeRel|Win32
		{0E60F095-925C-4E46-9A25-F8794461FBD8}.Release|Win32.ActiveCfg = Release|Win32
		{0E60F095-925C-4E46-9A25-F8794461FBD8}.Release|Win32.Build.0 = Release|Win32
		{0E60F095-925C-4E46-9A25-F8794461FBD8}.Release|x64.ActiveCfg = Release|Win32
		{0E60F095-925C-4E46-9A25-F8794461FBD8}.RelWithDebInfo|Win32.ActiveCfg = RelWithDebInfo|Win32
		{0E60F095-925C-4E46-9A25-F8794461FBD8}.RelWithDebInfo|Win32.Build.0 = RelWithDebInfo|Win32
		{0E60F095-925C-4E46-9A25-F8794461FBD8}.RelWithDebInfo|x64.ActiveCfg = RelWithDebInfo|Win32
		{B945D140-5110-4B82-9487-ADB5990F2B20}.Debug|Win32.ActiveCfg = Debug|Win32
		{B945D140-5110-4B82-9487-ADB5990F2B20}.Debug|Win32.Build.0 = Debug|Win32
		{B945D140-5110-4B82-9487-ADB5990F2B20}.Debug|x64.ActiveCfg = Debug|Win32
		{B945D140-5110-4B82-9487-ADB5990F2B20}.MinSizeRel|Win32.ActiveCfg = MinSizeRel|Win32
		{B945D140-5110-4B82-9487-ADB5990F2B20}.MinSizeRel|Win32.Build.0 = MinSizeRel|Win32
		{B945D140-5110-4B82-9487-ADB5990F2B20}.MinSizeRel|x64.ActiveCfg = MinSizeRel|Win32
		{B945D140-5110-4B82-9487-ADB5990F2B20}.Release|Win32.ActiveCfg = Release|Win32
		{B945D140-5110-4B82-9487-ADB5990F2B20}.Release|Win32.Build.0 = Release|Win32
		{B945D140-5110-4B82-9487-ADB5990F2B20}.Release|x64.ActiveCfg = Release|Win32
		{B945D140-5110-4B82-9487-ADB5990F2B20}.RelWithDebInfo|Win32.ActiveCfg = RelWithDebInfo|Win32
		{B945D140-5110-4B82-9487-ADB5990F2B20}.RelWithDebInfo|Win32.Build.0 = RelWithDebInfo|Win32
		{B945D140-5110-4B82-9487-ADB5990F2B20}.RelWithDebInfo|x64.ActiveCfg = RelWithDebInfo|Win32
		{F296329C-71F4-4E96-A9F8-FDDDEB0EFA9D}.Debug|Win32.ActiveCfg = Debug|Win32
		{F296329C-71F4-4E96-A9F8-FDDDEB0EFA9D}.Debug|Win32.Build.0 = Debug|Win32
		{F296329C-71F4-4E96-A9F8-FDDDEB0EFA9D}.Debug|x64.ActiveCfg = Debug|Win32
		{F296329C-71F4-4E96-A9F8-FDDDEB0EFA9D}.MinSizeRel|Win32.ActiveCfg = MinSizeRel|Win32
		{F296329C-71F4-4E96-A9F8-FDDDEB0EFA9D}.MinSizeRel|Win32.Build.0 = MinSizeRel|Win32
		{F296329C-71F4-4E96-A9F8-FDDDEB0EFA9D}.MinSizeRel|x64.ActiveCfg = MinSizeRel|Win32
		{F296329C-71F4-4E96-A9F8-FDDDEB0EFA9D}.Release|Win32.ActiveCfg = Release|Win32
		{F296329C-71F4-4E96-A9F8-FDDDEB0EFA9D}.Release|Win32.Build.0 = Release|Win32
		{F296329C-71F4-4E96-A9F8-FDDDEB0EFA9D}.Release|x64.ActiveCfg = Release|Win32
		{F296329C-71F4-4E96-A9F8-FDDDEB0EFA9D}.RelWithDebInfo|Win32.ActiveCfg = RelWithDebInfo|Win32
		{F296329C-71F4-4E96-A9F8-FDDDEB0EFA9D}.RelWithDebInfo|Win32.Build.0 = RelWithDebInfo|Win32
		{F296329C-71F4-4E96-A9F8-FDDDEB0EFA9D}.RelWithDebInfo|x64.ActiveCfg = RelWithDebInfo|Win32
		{8FCF7DE2-DB94-43C8-8951-CB89229A2E1F}.Debug|Win32.ActiveCfg = Debug|Win32
		{8FCF7DE2-DB94-43C8-8951-CB89229A2E1F}.Debug|Win32.Build.0 = Debug|Win32
		{8FCF7DE2-DB94-43C8-8951-CB89229A2E1F}.Debug|x64.ActiveCfg = Debug|Win32
		{8FCF7DE2-DB94-43C8-8951-CB89229A2E1F}.MinSizeRel|Win32.ActiveCfg = MinSizeRel|Win32
		{8FCF7DE2-DB94-43C8-8951-CB89229A2E1F}.MinSizeRel|Win32.Build.0 = MinSizeRel|Win32
		{8FCF7DE2-DB94-43C8-8951-CB89229A2E1F}.MinSizeRel|x64.ActiveCfg = MinSizeRel|Win32
		{8FCF7DE2-DB94-43C8-8951-CB89229A2E1F}.Release|Win32.ActiveCfg = Release|Win32
		{8FCF7DE2-DB94-43C8-8951-CB89229A2E1F}.Release|Win32.Build.0 = Release|Win32
		{8FCF7DE2-DB94-43C8-8951-CB89229A2E1F}.Release|x64.ActiveCfg = Release|Win32
		{8FCF7DE2-DB94-43C8-8951-CB89229A2E1F}.RelWithDebInfo|Win32.ActiveCfg = RelWithDebInfo|Win32
		{8FCF7DE2-DB94-43C8-8951-CB89229A2E1F}.RelWithDebInfo|Win32.Build.0 = RelWithDebInfo|Win32
		{8FCF7DE2-DB94-43C8-8951-CB89229A2E1F}.RelWithDebInfo|x64.ActiveCfg = RelWithDebInfo|Win32
		{8D514203-A850-4933-A812-626968E25018}.Debug|Win32.ActiveCfg = Debug|Win32
		{8D514203-A850-4933-A812-626968E25018}.Debug|Win32.Build.0 = Debug|Win32
		{8D514203-A850-4933-A812-626968E25018}.Debug|x64.ActiveCfg = Debug|Win32
		{8D514203-A850-4933-A812-626968E25018}.MinSizeRel|Win32.ActiveCfg = MinSizeRel|Win32
		{8D514203-A850-4933-A812-626968E25018}.MinSizeRel|Win32.Build.0 = MinSizeRel|Win32
		{8D514203-A850-4933-A812-626968E25018}.MinSizeRel|x64.ActiveCfg = MinSizeRel|Win32
		{8D514203-A850-4933-A812-626968E25018}.Release|Win32.ActiveCfg = Release|Win32
		{8D514203-A850-4933-A812-626968E25018}.Release|Win32.Build.0 = Release|Win32
		{8D514203-A850-4933-A812-626968E25018}.Release|x64.ActiveCfg = Release|Win32
		{8D514203-A850-4933-A812-626968E25018}.RelWithDebInfo|Win32.ActiveCfg = RelWithDebInfo|Win32
		{8D514203-A850-4933-A812-626968E25018}.RelWithDebInfo|Win32.Build.0 = RelWithDebInfo|Win32
		{8D514203-A850-4933-A812-626968E25018}.RelWithDebInfo|x64.ActiveCfg = RelWithDebInfo|Win32
		{83389C96-26D6-41BC-B4D3-CD188D82E902}.Debug|Win32.ActiveCfg = Debug|Win32
		{83389C96-26D6-41BC-B4D3-CD188D82E902}.Debug|Win32.Build.0 = Debug|Win32
		{83389C96-26D6-41BC-B4D3-CD188D82E902}.Debug|x64.ActiveCfg = Debug|Win32
		{83389C96-26D6-41BC-B4D3-CD188D82E902}.MinSizeRel|Win32.ActiveCfg = MinSizeRel|Win32
		{83389C96-26D6-41BC-B4D3-CD188D82E902}.MinSizeRel|Win32.Build.0 = MinSizeRel|Win32
		{83389C96-26D6-41BC-B4D3-CD188D82E902}.MinSizeRel|x64.ActiveCfg = MinSizeRel|Win32
		{83389C96-26D6-41BC-B4D3-CD188D82E902}.Release|Win32.ActiveCfg = Release|Win32
		{83389C96-26D6-41BC-B4D3-CD188D82E902}.Release|Win32.Build.0 = Release|Win32
		{83389C96-26D6-41BC-B4D3-CD188D82E902}.Release|x64.ActiveCfg = Release|Win32
		{83389C96-26D6-41BC-B4D3-CD188D82E902}.RelWithDebInfo|Win32.ActiveCfg = RelWithDebInfo|Win32
		{83389C96-26D6-41BC-B4D3-CD188D82E902}.RelWithDebInfo|Win32.Build.0 = RelWithDebInfo|Win32
		{83389C96-26D6-41BC-B4D3-CD188D82E902}.RelWithDebInfo|x64.ActiveCfg = RelWithDebInfo|Win32
		{44932AB7-C57C-4238-9A8F-AC39DBBA80CA}.Debug|Win32.ActiveCfg = Debug|Win32
		{44932AB7-C57C-4238-9A8F-AC39DBBA80CA}.Debug|Win32.Build.0 = Debug|Win32
		{44932AB7-C57C-4238-9A8F-AC39DBBA80CA}.Debug|x64.ActiveCfg = Debug|Win32
		{44932AB7-C57C-4238-9A8F-AC39DBBA80CA}.MinSizeRel|Win32.ActiveCfg = MinSizeRel|Win32
		{44932AB7-C57C-4238-9A8F-AC39DBBA80CA}.MinSizeRel|Win32.Build.0 = MinSizeRel|Win32
		{44932AB7-C57C-4238-9A8F-AC39DBBA80CA}.MinSizeRel|x64.ActiveCfg = MinSizeRel|Win32
		{44932AB7-C57C-4238-9A8F-AC39DBBA80CA}.Release|Win32.ActiveCfg = Release|Win32
		{44932AB7-C57C-4238-9A8F-AC39DBBA80CA}.Release|Win32.Build.0 = Release|Win32
		{44932AB7-C57C-4238-9A8F-AC39DBBA80CA}.Release|x64.ActiveCfg = Release|Win32
		{44932AB7-C57C-4238-9A8F-AC39DBBA80CA}.RelWithDebInfo|Win32.ActiveCfg = RelWithDebInfo|Win32
		{44932AB7-C57C-4238-9A8F-AC39DBBA80CA}.RelWithDebInfo|Win32.Build.0 = RelWithDebInfo|Win32
		{44932AB7-C57C-4238-9A8F-AC39DBBA80CA}.RelWithDebInfo|x64.ActiveCfg = RelWithDebInfo|Win32
		{BA1D2A8F-CDC3-4559-A255-050BE577D45C}.Debug|Win32.ActiveCfg = Debug|Win32
		{BA1D2A8F-CDC3-4559-A255-050BE577D45C}.Debug|Win32.Build.0 = Debug|Win32
		{BA1D2A8F-CDC3-4559-A255-050BE577D45C}.Debug|x64.ActiveCfg = Debug|Win32
		{BA1D2A8F-CDC3-4559-A255-050BE577D45C}.MinSizeRel|Win32.ActiveCfg = MinSizeRel|Win32
		{BA1D2A8F-CDC3-4559-A255-050BE577D45C}.MinSizeRel|Win32.Build.0 = MinSizeRel|Win32
		{BA1D2A8F-CDC3-4559-A255-050BE577D45C}.MinSizeRel|x64.ActiveCfg = MinSizeRel|Win32
		{BA1D2A8F-CDC3-4559-A255-050BE577D45C}.Release|Win32.ActiveCfg = Release|Win32
		{BA1D2A8F-CDC3-4559-A255-050BE577D45C}.Release|Win32.Build.0 = Release|Win32
		{BA1D2A8F-CDC3-4559-A255-050BE577D45C}.Release|x64.ActiveCfg = Release|Win32
		{BA1D2A8F-CDC3-4559-A255-050BE577D45C}.RelWithDebInfo|Win32.ActiveCfg = RelWithDebInfo|Win32
		{BA1D2A8F-CDC3-4559-A255-050BE577D45C}.RelWithDebInfo|Win32.Build.0 = RelWithDebInfo|Win32
		{BA1D2A8F-CDC3-4559-A255-050BE577D45C}.RelWithDebInfo|x64.ActiveCfg = RelWithDebInfo|Win32
		{03615C8A-BB0F-4068-A1BF-B24577E1E419}.Debug|Win32.ActiveCfg = Debug|Win32
		{03615C8A-BB0F-4068-A1BF-B24577E1E419}.Debug|Win32.Build.0 = Debug|Win32
		{03615C8A-BB0F-4068-A1BF-B24577E1E419}.Debug|x64.ActiveCfg = Debug|Win32
		{03615C8A-BB0F-4068-A1BF-B24577E1E419}.MinSizeRel|Win32.ActiveCfg = MinSizeRel|Win32
		{03615C8A-BB0F-4068-A1BF-B24577E1E419}.MinSizeRel|Win32.Build.0 = MinSizeRel|Win32
		{03615C8A-BB0F-4068-A1BF-B24577E1E419}.MinSizeRel|x64.ActiveCfg = MinSizeRel|Win32
		{03615C8A-BB0F-4068-A1BF-B24577E1E419}.Release|Win32.ActiveCfg = Release|Win32
		{03615C8A-BB0F-4068-A1BF-B24577E1E419}.Release|Win32.Build.0 = Release|Win32
		{03615C8A-BB0F-4068-A1BF-B24577E1E419}.Release|x64.ActiveCfg = Release|Win32
		{03615C8A-BB0F-4068-A1BF-B24577E1E419}.RelWithDebInfo|Win32.ActiveCfg = RelWithDebInfo|Win32
		{03615C8A-BB0F-4068-A1BF-B24577E1E419}.RelWithDebInfo|Win32.Build.0 = RelWithDebInfo|Win32
		{03615C8A-BB0F-4068-A1BF-B24577E1E419}.RelWithDebInfo|x64.ActiveCfg = RelWithDebInfo|Win32
		{1D16E5F7-EE64-49F6-B32B-EA6CC21195FE}.Debug|Win32.ActiveCfg = Debug|Win32
		{1D16E5F7-EE64-49F6-B32B-EA6CC21195FE}.Debug|Win32.Build.0 = Debug|Win32
		{1D16E5F7-EE64-49F6-B32B-EA6CC21195FE}.Debug|x64.ActiveCfg = Debug|Win32
		{1D16E5F7-EE64-49F6-B32B-EA6CC21195FE}.MinSizeRel|Win32.ActiveCfg = MinSizeRel|Win32
		{1D16E5F7-EE64-49F6-B32B-EA6CC21195FE}.MinSizeRel|Win32.Build.0 = MinSizeRel|Win32
		{1D16E5F7-EE64-49F6-B32B-EA6CC21195FE}.MinSizeRel|x64.ActiveCfg = MinSizeRel|Win32
		{1D16E5F7-EE64-49F6-B32B-EA6CC21195FE}.Release|Win32.ActiveCfg = Release|Win32
		{1D16E5F7-EE64-49F6-B32B-EA6CC21195FE}.Release|Win32.Build.0 = Release|Win32
		{1D16E5F7-EE64-49F6-B32B-EA6CC21195FE}.Release|x64.ActiveCfg = Release|Win32
		{1D16E5F7-EE64-49F6-B32B-EA6CC21195FE}.RelWithDebInfo|Win32.ActiveCfg = RelWithDebInfo|Win32
		{1D16E5F7-EE64-49F6-B32B-EA6CC21195FE}.RelWithDebInfo|Win32.Build.0 = RelWithDebInfo|Win32
		{1D16E5F7-EE64-49F6-B32B-EA6CC21195FE}.RelWithDebInfo|x64.ActiveCfg = RelWithDebInfo|Win32
		{D40231AD-7F9F-4B41-B360-69B479678DCF}.Debug|Win32.ActiveCfg = Debug|Win32
		{D40231AD-7F9F-4B41-B360-69B479678DCF}.Debug|Win32.Build.0 = Debug|Win32
		{D40231AD-7F9F-4B41-B360-69B479678DCF}.Debug|x64.ActiveCfg = Debug|Win32
		{D40231AD-7F9F-4B41-B360-69B479678DCF}.MinSizeRel|Win32.ActiveCfg = MinSizeRel|Win32
		{D40231AD-7F9F-4B41-B360-69B479678DCF}.MinSizeRel|Win32.Build.0 = MinSizeRel|Win32
		{D40231AD-7F9F-4B41-B360-69B479678DCF}.MinSizeRel|x64.ActiveCfg = MinSizeRel|Win32
		{D40231AD-7F9F-4B41-B360-69B479678DCF}.Release|Win32.ActiveCfg = Release|Win32
		{D40231AD-7F9F-4B41-B360-69B479678DCF}.Release|Win32.Build.0 = Release|Win32
		{D40231AD-7F9F-4B41-B360-69B479678DCF}.Release|x64.ActiveCfg = Release|Win32
		{D40231AD-7F9F-4B41-B360-69B479678DCF}.RelWithDebInfo|Win32.ActiveCfg = RelWithDebInfo|Win32
		{D40231AD-7F9F-4B41-B360-69B479678DCF}.RelWithDebInfo|Win32.Build.0 = RelWithDebInfo|Win32
		{D40231AD-7F9F-4B41-B360-69B479678DCF}.RelWithDebInfo|x64.ActiveCfg = RelWithDebInfo|Win32
		{D420A38A-C281-4EC7-95EF-2A9320E85F9A}.Debug|Win32.ActiveCfg = Debug|Win32
		{D420A38A-C281-4EC7-95EF-2A9320E85F9A}.Debug|Win32.Build.0 = Debug|Win32
		{D420A38A-C281-4EC7-95EF-2A9320E85F9A}.Debug|x64.ActiveCfg = Debug|Win32
		{D420A38A-C281-4EC7-95EF-2A9320E85F9A}.MinSizeRel|Win32.ActiveCfg = MinSizeRel|Win32
		{D420A38A-C281-4EC7-95EF-2A9320E85F9A}.MinSizeRel|Win32.Build.0 = MinSizeRel|Win32
		{D420A38A-C281-4EC7-95EF-2A9320E85F9A}.MinSizeRel|x64.ActiveCfg = MinSizeRel|Win32
		{D420A38A-C281-4EC7-95EF-2A9320E85F9A}.Release|Win32.ActiveCfg = Release|Win32
		{D420A38A-C281-4EC7-95EF-2A9320E85F9A}.Release|Win32.Build.0 = Release|Win32
		{D420A38A-C281-4EC7-95EF-2A9320E85F9A}.Release|x64.ActiveCfg = Release|Win32
		{D420A38A-C281-4EC7-95EF-2A9320E85F9A}.RelWithDebInfo|Win32.ActiveCfg = RelWithDebInfo|Win32
		{D420A38A-C281-4EC7-95EF-2A9320E85F9A}.RelWithDebInfo|Win32.Build.0 = RelWithDebInfo|Win32
		{D420A38A-C281-4EC7-95EF-2A9320E85F9A}.RelWithDebInfo|x64.ActiveCfg = RelWithDebInfo|Win32
		{09ED81DC-A3AC-4DEC-87D2-30CF37D6A2DD}.Debug|Win32.ActiveCfg = Debug|Win32
		{09ED81DC-A3AC-4DEC-87D2-30CF37D6A2DD}.Debug|Win32.Build.0 = Debug|Win32
		{09ED81DC-A3AC-4DEC-87D2-30CF37D6A2DD}.Debug|x64.ActiveCfg = Debug|Win32
		{09ED81DC-A3AC-4DEC-87D2-30CF37D6A2DD}.MinSizeRel|Win32.ActiveCfg = MinSizeRel|Win32
		{09ED81DC-A3AC-4DEC-87D2-30CF37D6A2DD}.MinSizeRel|Win32.Build.0 = MinSizeRel|Win32
		{09ED81DC-A3AC-4DEC-87D2-30CF37D6A2DD}.MinSizeRel|x64.ActiveCfg = MinSizeRel|Win32
		{09ED81DC-A3AC-4DEC-87D2-30CF37D6A2DD}.Release|Win32.ActiveCfg = Release|Win32
		{09ED81DC-A3AC-4DEC-87D2-30CF37D6A2DD}.Release|Win32.Build.0 = Release|Win32
		{09ED81DC-A3AC-4DEC-87D2-30CF37D6A2DD}.Release|x64.ActiveCfg = Release|Win32
		{09ED81DC-A3AC-4DEC-87D2-30CF37D6A2DD}.RelWithDebInfo|Win32.ActiveCfg = RelWithDebInfo|Win32
		{09ED81DC-A3AC-4DEC-87D2-30CF37D6A2DD}.RelWithDebInfo|Win32.Build.0 = RelWithDebInfo|Win32
		{09ED81DC-A3AC-4DEC-87D2-30CF37D6A2DD}.RelWithDebInfo|x64.ActiveCfg = RelWithDebInfo|Win32
		{A48CBF5D-5E41-40D3-9DCA-8D7B60387CB7}.Debug|Win32.ActiveCfg = Debug|Win32
		{A48CBF5D-5E41-40D3-9DCA-8D7B60387CB7}.Debug|Win32.Build.0 = Debug|Win32
		{A48CBF5D-5E41-40D3-9DCA-8D7B60387CB7}.Debug|x64.ActiveCfg = Debug|Win32
		{A48CBF5D-5E41-40D3-9DCA-8D7B60387CB7}.MinSizeRel|Win32.ActiveCfg = MinSizeRel|Win32
		{A48CBF5D-5E41-40D3-9DCA-8D7B60387CB7}.MinSizeRel|Win32.Build.0 = MinSizeRel|Win32
		{A48CBF5D-5E41-40D3-9DCA-8D7B60387CB7}.MinSizeRel|x64.ActiveCfg = MinSizeRel|Win32
		{A48CBF5D-5E41-40D3-9DCA-8D7B60387CB7}.Release|Win32.ActiveCfg = Release|Win32
		{A48CBF5D-5E41-40D3-9DCA-8D7B60387CB7}.Release|Win32.Build.0 = Release|Win32
		{A48CBF5D-5E41-40D3-9DCA-8D7B60387CB7}.Release|x64.ActiveCfg = Release|Win32
		{A48CBF5D-5E41-40D3-9DCA-8D7B60387CB7}.RelWithDebInfo|Win32.ActiveCfg = RelWithDebInfo|Win32
		{A48CBF5D-5E41-40D3-9DCA-8D7B60387CB7}.RelWithDebInfo|Win32.Build.0 = RelWithDebInfo|Win32
		{A48CBF5D-5E41-40D3-9DCA-8D7B60387CB7}.RelWithDebInfo|x64.ActiveCfg = RelWithDebInfo|Win32
		{154DC019-F409-45B7-9470-7620F7D40BC9}.Debug|Win32.ActiveCfg = Debug|Win32
		{154DC019-F409-45B7-9470-7620F7D40BC9}.Debug|Win32.Build.0 = Debug|Win32
		{154DC019-F409-45B7-9470-7620F7D40BC9}.Debug|x64.ActiveCfg = Debug|Win32
		{154DC019-F409-45B7-9470-7620F7D40BC9}.MinSizeRel|Win32.ActiveCfg = MinSizeRel|Win32
		{154DC019-F409-45B7-9470-7620F7D40BC9}.MinSizeRel|Win32.Build.0 = MinSizeRel|Win32
		{154DC019-F409-45B7-9470-7620F7D40BC9}.MinSizeRel|x64.ActiveCfg = MinSizeRel|Win32
		{154DC019-F409-45B7-9470-7620F7D40BC9}.Release|Win32.ActiveCfg = Release|Win32
		{154DC019-F409-45B7-9470-7620F7D40BC9}.Release|Win32.Build.0 = Release|Win32
		{154DC019-F409-45B7-9470-7620F7D40BC9}.Release|x64.ActiveCfg = Release|Win32
		{154DC019-F409-45B7-9470-7620F7D40BC9}.RelWithDebInfo|Win32.ActiveCfg = RelWithDebInfo|Win32
		{154DC019-F409-45B7-9470-7620F7D40BC9}.RelWithDebInfo|Win32.Build.0 = RelWithDebInfo|Win32
		{154DC019-F409-45B7-9470-7620F7D40BC9}.RelWithDebInfo|x64.ActiveCfg = RelWithDebInfo|Win32
		{6152EB8D-D11D-463B-85BE-A807A13E5CFF}.Debug|Win32.ActiveCfg = Debug|Win32
		{6152EB8D-D11D-463B-85BE-A807A13E5CFF}.Debug|Win32.Build.0 = Debug|Win32
		{6152EB8D-D11D-463B-85BE-A807A13E5CFF}.Debug|x64.ActiveCfg = Debug|Win32
		{6152EB8D-D11D-463B-85BE-A807A13E5CFF}.MinSizeRel|Win32.ActiveCfg = MinSizeRel|Win32
		{6152EB8D-D11D-463B-85BE-A807A13E5CFF}.MinSizeRel|Win32.Build.0 = MinSizeRel|Win32
		{6152EB8D-D11D-463B-85BE-A807A13E5CFF}.MinSizeRel|x64.ActiveCfg = MinSizeRel|Win32
		{6152EB8D-D11D-463B-85BE-A807A13E5CFF}.Release|Win32.ActiveCfg = Release|Win32
		{6152EB8D-D11D-463B-85BE-A807A13E5CFF}.Release|Win32.Build.0 = Release|Win32
		{6152EB8D-D11D-463B-85BE-A807A13E5CFF}.Release|x64.ActiveCfg = Release|Win32
		{6152EB8D-D11D-463B-85BE-A807A13E5CFF}.RelWithDebInfo|Win32.ActiveCfg = RelWithDebInfo|Win32
		{6152EB8D-D11D-463B-85BE-A807A13E5CFF}.RelWithDebInfo|Win32.Build.0 = RelWithDebInfo|Win32
		{6152EB8D-D11D-463B-85BE-A807A13E5CFF}.RelWithDebInfo|x64.ActiveCfg = RelWithDebInfo|Win32
		{6C118EE7-63AD-4985-8609-663CFC9636B5}.Debug|Win32.ActiveCfg = Debug|Win32
		{6C118EE7-63AD-4985-8609-663CFC9636B5}.Debug|Win32.Build.0 = Debug|Win32
		{6C118EE7-63AD-4985-8609-663CFC9636B5}.Debug|x64.ActiveCfg = Debug|Win32
		{6C118EE7-63AD-4985-8609-663CFC9636B5}.MinSizeRel|Win32.ActiveCfg = MinSizeRel|Win32
		{6C118EE7-63AD-4985-8609-663CFC9636B5}.MinSizeRel|Win32.Build.0 = MinSizeRel|Win32
		{6C118EE7-63AD-4985-8609-663CFC9636B5}.MinSizeRel|x64.ActiveCfg = MinSizeRel|Win32
		{6C118EE7-63AD-4985-8609-663CFC9636B5}.Release|Win32.ActiveCfg = Release|Win32
		{6C118EE7-63AD-4985-8609-663CFC9636B5}.Release|Win32.Build.0 = Release|Win32
		{6C118EE7-63AD-4985-8609-663CFC9636B5}.Release|x64.ActiveCfg = Release|Win32
		{6C118EE7-63AD-4985-8609-663CFC9636B5}.RelWithDebInfo|Win32.ActiveCfg = RelWithDebInfo|Win32
		{6C118EE7-63AD-4985-8609-663CFC9636B5}.RelWithDebInfo|Win32.Build.0 = RelWithDebInfo|Win32
		{6C118EE7-63AD-4985-8609-663CFC9636B5}.RelWithDebInfo|x64.ActiveCfg = RelWithDebInfo|Win32
		{11428B8B-392B-49FE-A719-19FA4BEE5E22}.Debug|Win32.ActiveCfg = Debug|Win32
		{11428B8B-392B-49FE-A719-19FA4BEE5E22}.Debug|Win32.Build.0 = Debug|Win32
		{11428B8B-392B-49FE-A719-19FA4BEE5E22}.Debug|x64.ActiveCfg = Debug|Win32
		{11428B8B-392B-49FE-A719-19FA4BEE5E22}.MinSizeRel|Win32.ActiveCfg = MinSizeRel|Win32
		{11428B8B-392B-49FE-A719-19FA4BEE5E22}.MinSizeRel|Win32.Build.0 = MinSizeRel|Win32
		{11428B8B-392B-49FE-A719-19FA4BEE5E22}.MinSizeRel|x64.ActiveCfg = MinSizeRel|Win32
		{11428B8B-392B-49FE-A719-19FA4BEE5E22}.Release|Win32.ActiveCfg = Release|Win32
		{11428B8B-392B-49FE-A719-19FA4BEE5E22}.Release|Win32.Build.0 = Release|Win32
		{11428B8B-392B-49FE-A719-19FA4BEE5E22}.Release|x64.ActiveCfg = Release|Win32
		{11428B8B-392B-49FE-A719-19FA4BEE5E22}.RelWithDebInfo|Win32.ActiveCfg = RelWithDebInfo|Win32
		{11428B8B-392B-49FE-A719-19FA4BEE5E22}.RelWithDebInfo|Win32.Build.0 = RelWithDebInfo|Win32
		{11428B8B-392B-49FE-A719-19FA4BEE5E22}.RelWithDebInfo|x64.ActiveCfg = RelWithDebInfo|Win32
		{FD651704-E82C-47A7-BA66-7037EADDE23D}.Debug|Win32.ActiveCfg = Debug|Win32
		{FD651704-E82C-47A7-BA66-7037EADDE23D}.Debug|Win32.Build.0 = Debug|Win32
		{FD651704-E82C-47A7-BA66-7037EADDE23D}.Debug|x64.ActiveCfg = Debug|Win32
		{FD651704-E82C-47A7-BA66-7037EADDE23D}.MinSizeRel|Win32.ActiveCfg = MinSizeRel|Win32
		{FD651704-E82C-47A7-BA66-7037EADDE23D}.MinSizeRel|Win32.Build.0 = MinSizeRel|Win32
		{FD651704-E82C-47A7-BA66-7037EADDE23D}.MinSizeRel|x64.ActiveCfg = MinSizeRel|Win32
		{FD651704-E82C-47A7-BA66-7037EADDE23D}.Release|Win32.ActiveCfg = Release|Win32
		{FD651704-E82C-47A7-BA66-7037EADDE23D}.Release|Win32.Build.0 = Release|Win32
		{FD651704-E82C-47A7-BA66-7037EADDE23D}.Release|x64.ActiveCfg = Release|Win32
		{FD651704-E82C-47A7-BA66-7037EADDE23D}.RelWithDebInfo|Win32.ActiveCfg = RelWithDebInfo|Win32
		{FD651704-E82C-47A7-BA66-7037EADDE23D}.RelWithDebInfo|Win32.Build.0 = RelWithDebInfo|Win32
		{FD651704-E82C-47A7-BA66-7037EADDE23D}.RelWithDebInfo|x64.ActiveCfg = RelWithDebInfo|Win32
		{3E0DAFAD-B234-4C0D-96C2-6C4F1C9F7C1D}.Debug|Win32.ActiveCfg = Debug|Win32
		{3E0DAFAD-B234-4C0D-96C2-6C4F1C9F7C1D}.Debug|Win32.Build.0 = Debug|Win32
		{3E0DAFAD-B234-4C0D-96C2-6C4F1C9F7C1D}.Debug|x64.ActiveCfg = Debug|Win32
		{3E0DAFAD-B234-4C0D-96C2-6C4F1C9F7C1D}.MinSizeRel|Win32.ActiveCfg = MinSizeRel|Win32
		{3E0DAFAD-B234-4C0D-96C2-6C4F1C9F7C1D}.MinSizeRel|Win32.Build.0 = MinSizeRel|Win32
		{3E0DAFAD-B234-4C0D-96C2-6C4F1C9F7C1D}.MinSizeRel|x64.ActiveCfg = MinSizeRel|Win32
		{3E0DAFAD-B234-4C0D-96C2-6C4F1C9F7C1D}.Release|Win32.ActiveCfg = Release|Win32
		{3E0DAFAD-B234-4C0D-96C2-6C4F1C9F7C1D}.Release|Win32.Build.0 = Release|Win32
		{3E0DAFAD-B234-4C0D-96C2-6C4F1C9F7C1D}.Release|x64.ActiveCfg = Release|Win32
		{3E0DAFAD-B234-4C0D-96C2-6C4F1C9F7C1D}.RelWithDebInfo|Win32.ActiveCfg = RelWithDebInfo|Win32
		{3E0DAFAD-B234-4C0D-96C2-6C4F1C9F7C1D}.RelWithDebInfo|Win32.Build.0 = RelWithDebInfo|Win32
		{3E0DAFAD-B234-4C0D-96C2-6C4F1C9F7C1D}.RelWithDebInfo|x64.ActiveCfg = RelWithDebInfo|Win32
		{0688D3EF-EF16-4899-BA0F-B2BBFE84FD27}.Debug|Win32.ActiveCfg = Debug|Win32
		{0688D3EF-EF16-4899-BA0F-B2BBFE84FD27}.Debug|x64.ActiveCfg = Debug|Win32
		{0688D3EF-EF16-4899-BA0F-B2BBFE84FD27}.MinSizeRel|Win32.ActiveCfg = MinSizeRel|Win32
		{0688D3EF-EF16-4899-BA0F-B2BBFE84FD27}.MinSizeRel|x64.ActiveCfg = MinSizeRel|Win32
		{0688D3EF-EF16-4899-BA0F-B2BBFE84FD27}.Release|Win32.ActiveCfg = Release|Win32
		{0688D3EF-EF16-4899-BA0F-B2BBFE84FD27}.Release|x64.ActiveCfg = Release|Win32
		{0688D3EF-EF16-4899-BA0F-B2BBFE84FD27}.RelWithDebInfo|Win32.ActiveCfg = RelWithDebInfo|Win32
		{0688D3EF-EF16-4899-BA0F-B2BBFE84FD27}.RelWithDebInfo|x64.ActiveCfg = RelWithDebInfo|Win32
		{1467A8B0-F354-4222-B5A2-775AC819E8A4}.Debug|Win32.ActiveCfg = Debug|Win32
		{1467A8B0-F354-4222-B5A2-775AC819E8A4}.Debug|Win32.Build.0 = Debug|Win32
		{1467A8B0-F354-4222-B5A2-775AC819E8A4}.Debug|x64.ActiveCfg = Debug|Win32
		{1467A8B0-F354-4222-B5A2-775AC819E8A4}.MinSizeRel|Win32.ActiveCfg = MinSizeRel|Win32
		{1467A8B0-F354-4222-B5A2-775AC819E8A4}.MinSizeRel|Win32.Build.0 = MinSizeRel|Win32
		{1467A8B0-F354-4222-B5A2-775AC819E8A4}.MinSizeRel|x64.ActiveCfg = MinSizeRel|Win32
		{1467A8B0-F354-4222-B5A2-775AC819E8A4}.Release|Win32.ActiveCfg = Release|Win32
		{1467A8B0-F354-4222-B5A2-775AC819E8A4}.Release|Win32.Build.0 = Release|Win32
		{1467A8B0-F354-4222-B5A2-775AC819E8A4}.Release|x64.ActiveCfg = Release|Win32
		{1467A8B0-F354-4222-B5A2-775AC819E8A4}.RelWithDebInfo|Win32.ActiveCfg = RelWithDebInfo|Win32
		{1467A8B0-F354-4222-B5A2-775AC819E8A4}.RelWithDebInfo|Win32.Build.0 = RelWithDebInfo|Win32
		{1467A8B0-F354-4222-B5A2-775AC819E8A4}.RelWithDebInfo|x64.ActiveCfg = RelWithDebInfo|Win32
		{83CE761A-7D87-48E3-A792-A4B2BA9F8FD6}.Debug|Win32.ActiveCfg = Debug|Win32
		{83CE761A-7D87-48E3-A792-A4B2BA9F8FD6}.Debug|Win32.Build.0 = Debug|Win32
		{83CE761A-7D87-48E3-A792-A4B2BA9F8FD6}.Debug|x64.ActiveCfg = Debug|Win32
		{83CE761A-7D87-48E3-A792-A4B2BA9F8FD6}.MinSizeRel|Win32.ActiveCfg = MinSizeRel|Win32
		{83CE761A-7D87-48E3-A792-A4B2BA9F8FD6}.MinSizeRel|Win32.Build.0 = MinSizeRel|Win32
		{83CE761A-7D87-48E3-A792-A4B2BA9F8FD6}.MinSizeRel|x64.ActiveCfg = MinSizeRel|Win32
		{83CE761A-7D87-48E3-A792-A4B2BA9F8FD6}.Release|Win32.ActiveCfg = Release|Win32
		{83CE761A-7D87-48E3-A792-A4B2BA9F8FD6}.Release|Win32.Build.0 = Release|Win32
		{83CE761A-7D87-48E3-A792-A4B2BA9F8FD6}.Release|x64.ActiveCfg = Release|Win32
		{83CE761A-7D87-48E3-A792-A4B2BA9F8FD6}.RelWithDebInfo|Win32.ActiveCfg = RelWithDebInfo|Win32
		{83CE761A-7D87-48E3-A792-A4B2BA9F8FD6}.RelWithDebInfo|Win32.Build.0 = RelWithDebInfo|Win32
		{83CE761A-7D87-48E3-A792-A4B2BA9F8FD6}.RelWithDebInfo|x64.ActiveCfg = RelWithDebInfo|Win32
		{7C2FFB7B-080F-4017-B955-4C126B222226}.Debug|Win32.ActiveCfg = Debug|Win32
		{7C2FFB7B-080F-4017-B955-4C126B222226}.Debug|Win32.Build.0 = Debug|Win32
		{7C2FFB7B-080F-4017-B955-4C126B222226}.Debug|x64.ActiveCfg = Debug|Win32
		{7C2FFB7B-080F-4017-B955-4C126B222226}.MinSizeRel|Win32.ActiveCfg = MinSizeRel|Win32
		{7C2FFB7B-080F-4017-B955-4C126B222226}.MinSizeRel|Win32.Build.0 = MinSizeRel|Win32
		{7C2FFB7B-080F-4017-B955-4C126B222226}.MinSizeRel|x64.ActiveCfg = MinSizeRel|Win32
		{7C2FFB7B-080F-4017-B955-4C126B222226}.Release|Win32.ActiveCfg = Release|Win32
		{7C2FFB7B-080F-4017-B955-4C126B222226}.Release|Win32.Build.0 = Release|Win32
		{7C2FFB7B-080F-4017-B955-4C126B222226}.Release|x64.ActiveCfg = Release|Win32
		{7C2FFB7B-080F-4017-B955-4C126B222226}.RelWithDebInfo|Win32.ActiveCfg = RelWithDebInfo|Win32
		{7C2FFB7B-080F-4017-B955-4C126B222226}.RelWithDebInfo|Win32.Build.0 = RelWithDebInfo|Win32
		{7C2FFB7B-080F-4017-B955-4C126B222226}.RelWithDebInfo|x64.ActiveCfg = RelWithDebInfo|Win32
		{2B9FA9DC-3125-49F2-BE99-DFA0C31FA11B}.Debug|Win32.ActiveCfg = Debug|Win32
		{2B9FA9DC-3125-49F2-BE99-DFA0C31FA11B}.Debug|Win32.Build.0 = Debug|Win32
		{2B9FA9DC-3125-49F2-BE99-DFA0C31FA11B}.Debug|x64.ActiveCfg = Debug|Win32
		{2B9FA9DC-3125-49F2-BE99-DFA0C31FA11B}.MinSizeRel|Win32.ActiveCfg = MinSizeRel|Win32
		{2B9FA9DC-3125-49F2-BE99-DFA0C31FA11B}.MinSizeRel|Win32.Build.0 = MinSizeRel|Win32
		{2B9FA9DC-3125-49F2-BE99-DFA0C31FA11B}.MinSizeRel|x64.ActiveCfg = MinSizeRel|Win32
		{2B9FA9DC-3125-49F2-BE99-DFA0C31FA11B}.Release|Win32.ActiveCfg = Release|Win32
		{2B9FA9DC-3125-49F2-BE99-DFA0C31FA11B}.Release|Win32.Build.0 = Release|Win32
		{2B9FA9DC-3125-49F2-BE99-DFA0C31FA11B}.Release|x64.ActiveCfg = Release|Win32
		{2B9FA9DC-3125-49F2-BE99-DFA0C31FA11B}.RelWithDebInfo|Win32.ActiveCfg = RelWithDebInfo|Win32
		{2B9FA9DC-3125-49F2-BE99-DFA0C31FA11B}.RelWithDebInfo|Win32.Build.0 = RelWithDebInfo|Win32
		{2B9FA9DC-3125-49F2-BE99-DFA0C31FA11B}.RelWithDebInfo|x64.ActiveCfg = RelWithDebInfo|Win32
		{F923575F-FCCB-45AE-9335-197E1FB744AE}.Debug|Win32.ActiveCfg = Debug|Win32
		{F923575F-FCCB-45AE-9335-197E1FB744AE}.Debug|Win32.Build.0 = Debug|Win32
		{F923575F-FCCB-45AE-9335-197E1FB744AE}.Debug|x64.ActiveCfg = Debug|Win32
		{F923575F-FCCB-45AE-9335-197E1FB744AE}.MinSizeRel|Win32.ActiveCfg = MinSizeRel|Win32
		{F923575F-FCCB-45AE-9335-197E1FB744AE}.MinSizeRel|Win32.Build.0 = MinSizeRel|Win32
		{F923575F-FCCB-45AE-9335-197E1FB744AE}.MinSizeRel|x64.ActiveCfg = MinSizeRel|Win32
		{F923575F-FCCB-45AE-9335-197E1FB744AE}.Release|Win32.ActiveCfg = Release|Win32
		{F923575F-FCCB-45AE-9335-197E1FB744AE}.Release|Win32.Build.0 = Release|Win32
		{F923575F-FCCB-45AE-9335-197E1FB744AE}.Release|x64.ActiveCfg = Release|Win32
		{F923575F-FCCB-45AE-9335-197E1FB744AE}.RelWithDebInfo|Win32.ActiveCfg = RelWithDebInfo|Win32
		{F923575F-FCCB-45AE-9335-197E1FB744AE}.RelWithDebInfo|Win32.Build.0 = RelWithDebInfo|Win32
		{F923575F-FCCB-45AE-9335-197E1FB744AE}.RelWithDebInfo|x64.ActiveCfg = RelWithDebInfo|Win32
		{606F37C3-73E0-41E4-A12D-FA42DBFA38DA}.Debug|Win32.ActiveCfg = Debug|Win32
		{606F37C3-73E0-41E4-A12D-FA42DBFA38DA}.Debug|Win32.Build.0 = Debug|Win32
		{606F37C3-73E0-41E4-A12D-FA42DBFA38DA}.Debug|x64.ActiveCfg = Debug|Win32
		{606F37C3-73E0-41E4-A12D-FA42DBFA38DA}.MinSizeRel|Win32.ActiveCfg = MinSizeRel|Win32
		{606F37C3-73E0-41E4-A12D-FA42DBFA38DA}.MinSizeRel|Win32.Build.0 = MinSizeRel|Win32
		{606F37C3-73E0-41E4-A12D-FA42DBFA38DA}.MinSizeRel|x64.ActiveCfg = MinSizeRel|Win32
		{606F37C3-73E0-41E4-A12D-FA42DBFA38DA}.Release|Win32.ActiveCfg = Release|Win32
		{606F37C3-73E0-41E4-A12D-FA42DBFA38DA}.Release|Win32.Build.0 = Release|Win32
		{606F37C3-73E0-41E4-A12D-FA42DBFA38DA}.Release|x64.ActiveCfg = Release|Win32
		{606F37C3-73E0-41E4-A12D-FA42DBFA38DA}.RelWithDebInfo|Win32.ActiveCfg = RelWithDebInfo|Win32
		{606F37C3-73E0-41E4-A12D-FA42DBFA38DA}.RelWithDebInfo|Win32.Build.0 = RelWithDebInfo|Win32
		{606F37C3-73E0-41E4-A12D-FA42DBFA38DA}.RelWithDebInfo|x64.ActiveCfg = RelWithDebInfo|Win32
		{46A7C04B-9850-4FC7-B312-829426EBED06}.Debug|Win32.ActiveCfg = Debug|Win32
		{46A7C04B-9850-4FC7-B312-829426EBED06}.Debug|Win32.Build.0 = Debug|Win32
		{46A7C04B-9850-4FC7-B312-829426EBED06}.Debug|x64.ActiveCfg = Debug|Win32
		{46A7C04B-9850-4FC7-B312-829426EBED06}.MinSizeRel|Win32.ActiveCfg = MinSizeRel|Win32
		{46A7C04B-9850-4FC7-B312-829426EBED06}.MinSizeRel|Win32.Build.0 = MinSizeRel|Win32
		{46A7C04B-9850-4FC7-B312-829426EBED06}.MinSizeRel|x64.ActiveCfg = MinSizeRel|Win32
		{46A7C04B-9850-4FC7-B312-829426EBED06}.Release|Win32.ActiveCfg = Release|Win32
		{46A7C04B-9850-4FC7-B312-829426EBED06}.Release|Win32.Build.0 = Release|Win32
		{46A7C04B-9850-4FC7-B312-829426EBED06}.Release|x64.ActiveCfg = Release|Win32
		{46A7C04B-9850-4FC7-B312-829426EBED06}.RelWithDebInfo|Win32.ActiveCfg = RelWithDebInfo|Win32
		{46A7C04B-9850-4FC7-B312-829426EBED06}.RelWithDebInfo|Win32.Build.0 = RelWithDebInfo|Win32
		{46A7C04B-9850-4FC7-B312-829426EBED06}.RelWithDebInfo|x64.ActiveCfg = RelWithDebInfo|Win32
		{C4CD73A1-D1A6-4B77-A90D-2E75506D4D8D}.Debug|Win32.ActiveCfg = Debug|Win32
		{C4CD73A1-D1A6-4B77-A90D-2E75506D4D8D}.Debug|Win32.Build.0 = Debug|Win32
		{C4CD73A1-D1A6-4B77-A90D-2E75506D4D8D}.Debug|x64.ActiveCfg = Debug|Win32
		{C4CD73A1-D1A6-4B77-A90D-2E75506D4D8D}.MinSizeRel|Win32.ActiveCfg = MinSizeRel|Win32
		{C4CD73A1-D1A6-4B77-A90D-2E75506D4D8D}.MinSizeRel|Win32.Build.0 = MinSizeRel|Win32
		{C4CD73A1-D1A6-4B77-A90D-2E75506D4D8D}.MinSizeRel|x64.ActiveCfg = MinSizeRel|Win32
		{C4CD73A1-D1A6-4B77-A90D-2E75506D4D8D}.Release|Win32.ActiveCfg = Release|Win32
		{C4CD73A1-D1A6-4B77-A90D-2E75506D4D8D}.Release|Win32.Build.0 = Release|Win32
		{C4CD73A1-D1A6-4B77-A90D-2E75506D4D8D}.Release|x64.ActiveCfg = Release|Win32
		{C4CD73A1-D1A6-4B77-A90D-2E75506D4D8D}.RelWithDebInfo|Win32.ActiveCfg = RelWithDebInfo|Win32
		{C4CD73A1-D1A6-4B77-A90D-2E75506D4D8D}.RelWithDebInfo|Win32.Build.0 = RelWithDebInfo|Win32
		{C4CD73A1-D1A6-4B77-A90D-2E75506D4D8D}.RelWithDebInfo|x64.ActiveCfg = RelWithDebInfo|Win32
		{4D4A6C93-DAE7-4CA8-BACE-8317D77BEA23}.Debug|Win32.ActiveCfg = Debug|Win32
		{4D4A6C93-DAE7-4CA8-BACE-8317D77BEA23}.Debug|Win32.Build.0 = Debug|Win32
		{4D4A6C93-DAE7-4CA8-BACE-8317D77BEA23}.Debug|x64.ActiveCfg = Debug|Win32
		{4D4A6C93-DAE7-4CA8-BACE-8317D77BEA23}.MinSizeRel|Win32.ActiveCfg = MinSizeRel|Win32
		{4D4A6C93-DAE7-4CA8-BACE-8317D77BEA23}.MinSizeRel|Win32.Build.0 = MinSizeRel|Win32
		{4D4A6C93-DAE7-4CA8-BACE-8317D77BEA23}.MinSizeRel|x64.ActiveCfg = MinSizeRel|Win32
		{4D4A6C93-DAE7-4CA8-BACE-8317D77BEA23}.Release|Win32.ActiveCfg = Release|Win32
		{4D4A6C93-DAE7-4CA8-BACE-8317D77BEA23}.Release|Win32.Build.0 = Release|Win32
		{4D4A6C93-DAE7-4CA8-BACE-8317D77BEA23}.Release|x64.ActiveCfg = Release|Win32
		{4D4A6C93-DAE7-4CA8-BACE-8317D77BEA23}.RelWithDebInfo|Win32.ActiveCfg = RelWithDebInfo|Win32
		{4D4A6C93-DAE7-4CA8-BACE-8317D77BEA23}.RelWithDebInfo|Win32.Build.0 = RelWithDebInfo|Win32
		{4D4A6C93-DAE7-4CA8-BACE-8317D77BEA23}.RelWithDebInfo|x64.ActiveCfg = RelWithDebInfo|Win32
		{9F006223-48A6-4C4F-8328-1F065188F4A1}.Debug|Win32.ActiveCfg = Debug|Win32
		{9F006223-48A6-4C4F-8328-1F065188F4A1}.Debug|Win32.Build.0 = Debug|Win32
		{9F006223-48A6-4C4F-8328-1F065188F4A1}.Debug|x64.ActiveCfg = Debug|Win32
		{9F006223-48A6-4C4F-8328-1F065188F4A1}.MinSizeRel|Win32.ActiveCfg = MinSizeRel|Win32
		{9F006223-48A6-4C4F-8328-1F065188F4A1}.MinSizeRel|Win32.Build.0 = MinSizeRel|Win32
		{9F006223-48A6-4C4F-8328-1F065188F4A1}.MinSizeRel|x64.ActiveCfg = MinSizeRel|Win32
		{9F006223-48A6-4C4F-8328-1F065188F4A1}.Release|Win32.ActiveCfg = Release|Win32
		{9F006223-48A6-4C4F-8328-1F065188F4A1}.Release|Win32.Build.0 = Release|Win32
		{9F006223-48A6-4C4F-8328-1F065188F4A1}.Release|x64.ActiveCfg = Release|Win32
		{9F006223-48A6-4C4F-8328-1F065188F4A1}.RelWithDebInfo|Win32.ActiveCfg = RelWithDebInfo|Win32
		{9F006223-48A6-4C4F-8328-1F065188F4A1}.RelWithDebInfo|Win32.Build.0 = RelWithDebInfo|Win32
		{9F006223-48A6-4C4F-8328-1F065188F4A1}.RelWithDebInfo|x64.ActiveCfg = RelWithDebInfo|Win32
		{1DEF0A95-8524-4250-896B-CF4B3B6DEB49}.Debug|Win32.ActiveCfg = Debug|Win32
		{1DEF0A95-8524-4250-896B-CF4B3B6DEB49}.Debug|Win32.Build.0 = Debug|Win32
		{1DEF0A95-8524-4250-896B-CF4B3B6DEB49}.Debug|x64.ActiveCfg = Debug|Win32
		{1DEF0A95-8524-4250-896B-CF4B3B6DEB49}.MinSizeRel|Win32.ActiveCfg = MinSizeRel|Win32
		{1DEF0A95-8524-4250-896B-CF4B3B6DEB49}.MinSizeRel|Win32.Build.0 = MinSizeRel|Win32
		{1DEF0A95-8524-4250-896B-CF4B3B6DEB49}.MinSizeRel|x64.ActiveCfg = MinSizeRel|Win32
		{1DEF0A95-8524-4250-896B-CF4B3B6DEB49}.Release|Win32.ActiveCfg = Release|Win32
		{1DEF0A95-8524-4250-896B-CF4B3B6DEB49}.Release|Win32.Build.0 = Release|Win32
		{1DEF0A95-8524-4250-896B-CF4B3B6DEB49}.Release|x64.ActiveCfg = Release|Win32
		{1DEF0A95-8524-4250-896B-CF4B3B6DEB49}.RelWithDebInfo|Win32.ActiveCfg = RelWithDebInfo|Win32
		{1DEF0A95-8524-4250-896B-CF4B3B6DEB49}.RelWithDebInfo|Win32.Build.0 = RelWithDebInfo|Win32
		{1DEF0A95-8524-4250-896B-CF4B3B6DEB49}.RelWithDebInfo|x64.ActiveCfg = RelWithDebInfo|Win32
		{F181D438-D165-421E-AB68-51A6088541F0}.Debug|Win32.ActiveCfg = Debug|Win32
		{F181D438-D165-421E-AB68-51A6088541F0}.Debug|Win32.Build.0 = Debug|Win32
		{F181D438-D165-421E-AB68-51A6088541F0}.Debug|x64.ActiveCfg = Debug|Win32
		{F181D438-D165-421E-AB68-51A6088541F0}.MinSizeRel|Win32.ActiveCfg = MinSizeRel|Win32
		{F181D438-D165-421E-AB68-51A6088541F0}.MinSizeRel|Win32.Build.0 = MinSizeRel|Win32
		{F181D438-D165-421E-AB68-51A6088541F0}.MinSizeRel|x64.ActiveCfg = MinSizeRel|Win32
		{F181D438-D165-421E-AB68-51A6088541F0}.Release|Win32.ActiveCfg = Release|Win32
		{F181D438-D165-421E-AB68-51A6088541F0}.Release|Win32.Build.0 = Release|Win32
		{F181D438-D165-421E-AB68-51A6088541F0}.Release|x64.ActiveCfg = Release|Win32
		{F181D438-D165-421E-AB68-51A6088541F0}.RelWithDebInfo|Win32.ActiveCfg = RelWithDebInfo|Win32
		{F181D438-D165-421E-AB68-51A6088541F0}.RelWithDebInfo|Win32.Build.0 = RelWithDebInfo|Win32
		{F181D438-D165-421E-AB68-51A6088541F0}.RelWithDebInfo|x64.ActiveCfg = RelWithDebInfo|Win32
		{164B0650-D1A2-4BCC-A035-7CF9B4A14694}.Debug|Win32.ActiveCfg = Debug|Win32
		{164B0650-D1A2-4BCC-A035-7CF9B4A14694}.Debug|Win32.Build.0 = Debug|Win32
		{164B0650-D1A2-4BCC-A035-7CF9B4A14694}.Debug|x64.ActiveCfg = Debug|Win32
		{164B0650-D1A2-4BCC-A035-7CF9B4A14694}.MinSizeRel|Win32.ActiveCfg = MinSizeRel|Win32
		{164B0650-D1A2-4BCC-A035-7CF9B4A14694}.MinSizeRel|Win32.Build.0 = MinSizeRel|Win32
		{164B0650-D1A2-4BCC-A035-7CF9B4A14694}.MinSizeRel|x64.ActiveCfg = MinSizeRel|Win32
		{164B0650-D1A2-4BCC-A035-7CF9B4A14694}.Release|Win32.ActiveCfg = Release|Win32
		{164B0650-D1A2-4BCC-A035-7CF9B4A14694}.Release|Win32.Build.0 = Release|Win32
		{164B0650-D1A2-4BCC-A035-7CF9B4A14694}.Release|x64.ActiveCfg = Release|Win32
		{164B0650-D1A2-4BCC-A035-7CF9B4A14694}.RelWithDebInfo|Win32.ActiveCfg = RelWithDebInfo|Win32
		{164B0650-D1A2-4BCC-A035-7CF9B4A14694}.RelWithDebInfo|Win32.Build.0 = RelWithDebInfo|Win32
		{164B0650-D1A2-4BCC-A035-7CF9B4A14694}.RelWithDebInfo|x64.ActiveCfg = RelWithDebInfo|Win32
		{FE83C1C9-E7FE-43E2-A3F2-9409AFEC4626}.Debug|Win32.ActiveCfg = Debug|Win32
		{FE83C1C9-E7FE-43E2-A3F2-9409AFEC4626}.Debug|Win32.Build.0 = Debug|Win32
		{FE83C1C9-E7FE-43E2-A3F2-9409AFEC4626}.Debug|x64.ActiveCfg = Debug|Win32
		{FE83C1C9-E7FE-43E2-A3F2-9409AFEC4626}.MinSizeRel|Win32.ActiveCfg = MinSizeRel|Win32
		{FE83C1C9-E7FE-43E2-A3F2-9409AFEC4626}.MinSizeRel|Win32.Build.0 = MinSizeRel|Win32
		{FE83C1C9-E7FE-43E2-A3F2-9409AFEC4626}.MinSizeRel|x64.ActiveCfg = MinSizeRel|Win32
		{FE83C1C9-E7FE-43E2-A3F2-9409AFEC4626}.Release|Win32.ActiveCfg = Release|Win32
		{FE83C1C9-E7FE-43E2-A3F2-9409AFEC4626}.Release|Win32.Build.0 = Release|Win32
		{FE83C1C9-E7FE-43E2-A3F2-9409AFEC4626}.Release|x64.ActiveCfg = Release|Win32
		{FE83C1C9-E7FE-43E2-A3F2-9409AFEC4626}.RelWithDebInfo|Win32.ActiveCfg = RelWithDebInfo|Win32
		{FE83C1C9-E7FE-43E2-A3F2-9409AFEC4626}.RelWithDebInfo|Win32.Build.0 = RelWithDebInfo|Win32
		{FE83C1C9-E7FE-43E2-A3F2-9409AFEC4626}.RelWithDebInfo|x64.ActiveCfg = RelWithDebInfo|Win32
		{0AAAF102-0D94-439A-9BE2-3DF73D62B042}.Debug|Win32.ActiveCfg = Debug|Win32
		{0AAAF102-0D94-439A-9BE2-3DF73D62B042}.Debug|Win32.Build.0 = Debug|Win32
		{0AAAF102-0D94-439A-9BE2-3DF73D62B042}.Debug|x64.ActiveCfg = Debug|Win32
		{0AAAF102-0D94-439A-9BE2-3DF73D62B042}.MinSizeRel|Win32.ActiveCfg = MinSizeRel|Win32
		{0AAAF102-0D94-439A-9BE2-3DF73D62B042}.MinSizeRel|Win32.Build.0 = MinSizeRel|Win32
		{0AAAF102-0D94-439A-9BE2-3DF73D62B042}.MinSizeRel|x64.ActiveCfg = MinSizeRel|Win32
		{0AAAF102-0D94-439A-9BE2-3DF73D62B042}.Release|Win32.ActiveCfg = Release|Win32
		{0AAAF102-0D94-439A-9BE2-3DF73D62B042}.Release|Win32.Build.0 = Release|Win32
		{0AAAF102-0D94-439A-9BE2-3DF73D62B042}.Release|x64.ActiveCfg = Release|Win32
		{0AAAF102-0D94-439A-9BE2-3DF73D62B042}.RelWithDebInfo|Win32.ActiveCfg = RelWithDebInfo|Win32
		{0AAAF102-0D94-439A-9BE2-3DF73D62B042}.RelWithDebInfo|Win32.Build.0 = RelWithDebInfo|Win32
		{0AAAF102-0D94-439A-9BE2-3DF73D62B042}.RelWithDebInfo|x64.ActiveCfg = RelWithDebInfo|Win32
		{4F83DA64-4465-4AF8-9B94-CFBD52966968}.Debug|Win32.ActiveCfg = Debug|Win32
		{4F83DA64-4465-4AF8-9B94-CFBD52966968}.Debug|Win32.Build.0 = Debug|Win32
		{4F83DA64-4465-4AF8-9B94-CFBD52966968}.Debug|x64.ActiveCfg = Debug|x64
		{4F83DA64-4465-4AF8-9B94-CFBD52966968}.Debug|x64.Build.0 = Debug|x64
		{4F83DA64-4465-4AF8-9B94-CFBD52966968}.MinSizeRel|Win32.ActiveCfg = MinSizeRel|Win32
		{4F83DA64-4465-4AF8-9B94-CFBD52966968}.MinSizeRel|Win32.Build.0 = MinSizeRel|Win32
		{4F83DA64-4465-4AF8-9B94-CFBD52966968}.MinSizeRel|x64.ActiveCfg = MinSizeRel|x64
		{4F83DA64-4465-4AF8-9B94-CFBD52966968}.MinSizeRel|x64.Build.0 = MinSizeRel|x64
		{4F83DA64-4465-4AF8-9B94-CFBD52966968}.Release|Win32.ActiveCfg = Release|Win32
		{4F83DA64-4465-4AF8-9B94-CFBD52966968}.Release|Win32.Build.0 = Release|Win32
		{4F83DA64-4465-4AF8-9B94-CFBD52966968}.Release|x64.ActiveCfg = Release|x64
		{4F83DA64-4465-4AF8-9B94-CFBD52966968}.Release|x64.Build.0 = Release|x64
		{4F83DA64-4465-4AF8-9B94-CFBD52966968}.RelWithDebInfo|Win32.ActiveCfg = RelWithDebInfo|Win32
		{4F83DA64-4465-4AF8-9B94-CFBD52966968}.RelWithDebInfo|Win32.Build.0 = RelWithDebInfo|Win32
		{4F83DA64-4465-4AF8-9B94-CFBD52966968}.RelWithDebInfo|x64.ActiveCfg = RelWithDebInfo|x64
		{4F83DA64-4465-4AF8-9B94-CFBD52966968}.RelWithDebInfo|x64.Build.0 = RelWithDebInfo|x64
		{19146D59-6CEC-404B-ABA5-31FDB5588EC7}.Debug|Win32.ActiveCfg = Debug|Win32
		{19146D59-6CEC-404B-ABA5-31FDB5588EC7}.Debug|Win32.Build.0 = Debug|Win32
		{19146D59-6CEC-404B-ABA5-31FDB5588EC7}.Debug|x64.ActiveCfg = Debug|Win32
		{19146D59-6CEC-404B-ABA5-31FDB5588EC7}.MinSizeRel|Win32.ActiveCfg = MinSizeRel|Win32
		{19146D59-6CEC-404B-ABA5-31FDB5588EC7}.MinSizeRel|Win32.Build.0 = MinSizeRel|Win32
		{19146D59-6CEC-404B-ABA5-31FDB5588EC7}.MinSizeRel|x64.ActiveCfg = MinSizeRel|Win32
		{19146D59-6CEC-404B-ABA5-31FDB5588EC7}.Release|Win32.ActiveCfg = Release|Win32
		{19146D59-6CEC-404B-ABA5-31FDB5588EC7}.Release|Win32.Build.0 = Release|Win32
		{19146D59-6CEC-404B-ABA5-31FDB5588EC7}.Release|x64.ActiveCfg = Release|Win32
		{19146D59-6CEC-404B-ABA5-31FDB5588EC7}.RelWithDebInfo|Win32.ActiveCfg = RelWithDebInfo|Win32
		{19146D59-6CEC-404B-ABA5-31FDB5588EC7}.RelWithDebInfo|Win32.Build.0 = RelWithDebInfo|Win32
		{19146D59-6CEC-404B-ABA5-31FDB5588EC7}.RelWithDebInfo|x64.ActiveCfg = RelWithDebInfo|Win32
		{90FF8AB0-3F9F-4BEA-9BF1-9BA24A4F961D}.Debug|Win32.ActiveCfg = Debug|Win32
		{90FF8AB0-3F9F-4BEA-9BF1-9BA24A4F961D}.Debug|Win32.Build.0 = Debug|Win32
		{90FF8AB0-3F9F-4BEA-9BF1-9BA24A4F961D}.Debug|x64.ActiveCfg = Debug|Win32
		{90FF8AB0-3F9F-4BEA-9BF1-9BA24A4F961D}.MinSizeRel|Win32.ActiveCfg = MinSizeRel|Win32
		{90FF8AB0-3F9F-4BEA-9BF1-9BA24A4F961D}.MinSizeRel|Win32.Build.0 = MinSizeRel|Win32
		{90FF8AB0-3F9F-4BEA-9BF1-9BA24A4F961D}.MinSizeRel|x64.ActiveCfg = MinSizeRel|Win32
		{90FF8AB0-3F9F-4BEA-9BF1-9BA24A4F961D}.Release|Win32.ActiveCfg = Release|Win32
		{90FF8AB0-3F9F-4BEA-9BF1-9BA24A4F961D}.Release|Win32.Build.0 = Release|Win32
		{90FF8AB0-3F9F-4BEA-9BF1-9BA24A4F961D}.Release|x64.ActiveCfg = Release|Win32
		{90FF8AB0-3F9F-4BEA-9BF1-9BA24A4F961D}.RelWithDebInfo|Win32.ActiveCfg = RelWithDebInfo|Win32
		{90FF8AB0-3F9F-4BEA-9BF1-9BA24A4F961D}.RelWithDebInfo|Win32.Build.0 = RelWithDebInfo|Win32
		{90FF8AB0-3F9F-4BEA-9BF1-9BA24A4F961D}.RelWithDebInfo|x64.ActiveCfg = RelWithDebInfo|Win32
		{D617579A-604E-4AF7-BA6E-88A487CA286E}.Debug|Win32.ActiveCfg = Debug|Win32
		{D617579A-604E-4AF7-BA6E-88A487CA286E}.Debug|Win32.Build.0 = Debug|Win32
		{D617579A-604E-4AF7-BA6E-88A487CA286E}.Debug|x64.ActiveCfg = Debug|Win32
		{D617579A-604E-4AF7-BA6E-88A487CA286E}.MinSizeRel|Win32.ActiveCfg = MinSizeRel|Win32
		{D617579A-604E-4AF7-BA6E-88A487CA286E}.MinSizeRel|Win32.Build.0 = MinSizeRel|Win32
		{D617579A-604E-4AF7-BA6E-88A487CA286E}.MinSizeRel|x64.ActiveCfg = MinSizeRel|Win32
		{D617579A-604E-4AF7-BA6E-88A487CA286E}.Release|Win32.ActiveCfg = Release|Win32
		{D617579A-604E-4AF7-BA6E-88A487CA286E}.Release|Win32.Build.0 = Release|Win32
		{D617579A-604E-4AF7-BA6E-88A487CA286E}.Release|x64.ActiveCfg = Release|Win32
		{D617579A-604E-4AF7-BA6E-88A487CA286E}.RelWithDebInfo|Win32.ActiveCfg = RelWithDebInfo|Win32
		{D617579A-604E-4AF7-BA6E-88A487CA286E}.RelWithDebInfo|Win32.Build.0 = RelWithDebInfo|Win32
		{D617579A-604E-4AF7-BA6E-88A487CA286E}.RelWithDebInfo|x64.ActiveCfg = RelWithDebInfo|Win32
		{50094BFE-AB92-46BE-8DF8-8DD07D60007A}.Debug|Win32.ActiveCfg = Debug|Win32
		{50094BFE-AB92-46BE-8DF8-8DD07D60007A}.Debug|Win32.Build.0 = Debug|Win32
		{50094BFE-AB92-46BE-8DF8-8DD07D60007A}.Debug|x64.ActiveCfg = Debug|Win32
		{50094BFE-AB92-46BE-8DF8-8DD07D60007A}.MinSizeRel|Win32.ActiveCfg = MinSizeRel|Win32
		{50094BFE-AB92-46BE-8DF8-8DD07D60007A}.MinSizeRel|Win32.Build.0 = MinSizeRel|Win32
		{50094BFE-AB92-46BE-8DF8-8DD07D60007A}.MinSizeRel|x64.ActiveCfg = MinSizeRel|Win32
		{50094BFE-AB92-46BE-8DF8-8DD07D60007A}.Release|Win32.ActiveCfg = Release|Win32
		{50094BFE-AB92-46BE-8DF8-8DD07D60007A}.Release|Win32.Build.0 = Release|Win32
		{50094BFE-AB92-46BE-8DF8-8DD07D60007A}.Release|x64.ActiveCfg = Release|Win32
		{50094BFE-AB92-46BE-8DF8-8DD07D60007A}.RelWithDebInfo|Win32.ActiveCfg = RelWithDebInfo|Win32
		{50094BFE-AB92-46BE-8DF8-8DD07D60007A}.RelWithDebInfo|Win32.Build.0 = RelWithDebInfo|Win32
		{50094BFE-AB92-46BE-8DF8-8DD07D60007A}.RelWithDebInfo|x64.ActiveCfg = RelWithDebInfo|Win32
		{7983709E-113A-4F0F-BF4F-9FFFAE093665}.Debug|Win32.ActiveCfg = Debug|Win32
		{7983709E-113A-4F0F-BF4F-9FFFAE093665}.Debug|Win32.Build.0 = Debug|Win32
		{7983709E-113A-4F0F-BF4F-9FFFAE093665}.Debug|x64.ActiveCfg = Debug|Win32
		{7983709E-113A-4F0F-BF4F-9FFFAE093665}.MinSizeRel|Win32.ActiveCfg = MinSizeRel|Win32
		{7983709E-113A-4F0F-BF4F-9FFFAE093665}.MinSizeRel|Win32.Build.0 = MinSizeRel|Win32
		{7983709E-113A-4F0F-BF4F-9FFFAE093665}.MinSizeRel|x64.ActiveCfg = MinSizeRel|Win32
		{7983709E-113A-4F0F-BF4F-9FFFAE093665}.Release|Win32.ActiveCfg = Release|Win32
		{7983709E-113A-4F0F-BF4F-9FFFAE093665}.Release|Win32.Build.0 = Release|Win32
		{7983709E-113A-4F0F-BF4F-9FFFAE093665}.Release|x64.ActiveCfg = Release|Win32
		{7983709E-113A-4F0F-BF4F-9FFFAE093665}.RelWithDebInfo|Win32.ActiveCfg = RelWithDebInfo|Win32
		{7983709E-113A-4F0F-BF4F-9FFFAE093665}.RelWithDebInfo|Win32.Build.0 = RelWithDebInfo|Win32
		{7983709E-113A-4F0F-BF4F-9FFFAE093665}.RelWithDebInfo|x64.ActiveCfg = RelWithDebInfo|Win32
		{F494BA9F-F5EA-45F8-8C7E-90C9E35A0D81}.Debug|Win32.ActiveCfg = Debug|Win32
		{F494BA9F-F5EA-45F8-8C7E-90C9E35A0D81}.Debug|Win32.Build.0 = Debug|Win32
		{F494BA9F-F5EA-45F8-8C7E-90C9E35A0D81}.Debug|x64.ActiveCfg = Debug|Win32
		{F494BA9F-F5EA-45F8-8C7E-90C9E35A0D81}.MinSizeRel|Win32.ActiveCfg = MinSizeRel|Win32
		{F494BA9F-F5EA-45F8-8C7E-90C9E35A0D81}.MinSizeRel|Win32.Build.0 = MinSizeRel|Win32
		{F494BA9F-F5EA-45F8-8C7E-90C9E35A0D81}.MinSizeRel|x64.ActiveCfg = MinSizeRel|Win32
		{F494BA9F-F5EA-45F8-8C7E-90C9E35A0D81}.Release|Win32.ActiveCfg = Release|Win32
		{F494BA9F-F5EA-45F8-8C7E-90C9E35A0D81}.Release|Win32.Build.0 = Release|Win32
		{F494BA9F-F5EA-45F8-8C7E-90C9E35A0D81}.Release|x64.ActiveCfg = Release|Win32
		{F494BA9F-F5EA-45F8-8C7E-90C9E35A0D81}.RelWithDebInfo|Win32.ActiveCfg = RelWithDebInfo|Win32
		{F494BA9F-F5EA-45F8-8C7E-90C9E35A0D81}.RelWithDebInfo|Win32.Build.0 = RelWithDebInfo|Win32
		{F494BA9F-F5EA-45F8-8C7E-90C9E35A0D81}.RelWithDebInfo|x64.ActiveCfg = RelWithDebInfo|Win32
		{EE9261D4-1DA1-407F-A8A1-BA82F0C5C908}.Debug|Win32.ActiveCfg = Debug|Win32
		{EE9261D4-1DA1-407F-A8A1-BA82F0C5C908}.Debug|Win32.Build.0 = Debug|Win32
		{EE9261D4-1DA1-407F-A8A1-BA82F0C5C908}.Debug|x64.ActiveCfg = Debug|Win32
		{EE9261D4-1DA1-407F-A8A1-BA82F0C5C908}.MinSizeRel|Win32.ActiveCfg = MinSizeRel|Win32
		{EE9261D4-1DA1-407F-A8A1-BA82F0C5C908}.MinSizeRel|Win32.Build.0 = MinSizeRel|Win32
		{EE9261D4-1DA1-407F-A8A1-BA82F0C5C908}.MinSizeRel|x64.ActiveCfg = MinSizeRel|Win32
		{EE9261D4-1DA1-407F-A8A1-BA82F0C5C908}.Release|Win32.ActiveCfg = Release|Win32
		{EE9261D4-1DA1-407F-A8A1-BA82F0C5C908}.Release|Win32.Build.0 = Release|Win32
		{EE9261D4-1DA1-407F-A8A1-BA82F0C5C908}.Release|x64.ActiveCfg = Release|Win32
		{EE9261D4-1DA1-407F-A8A1-BA82F0C5C908}.RelWithDebInfo|Win32.ActiveCfg = RelWithDebInfo|Win32
		{EE9261D4-1DA1-407F-A8A1-BA82F0C5C908}.RelWithDebInfo|Win32.Build.0 = RelWithDebInfo|Win32
		{EE9261D4-1DA1-407F-A8A1-BA82F0C5C908}.RelWithDebInfo|x64.ActiveCfg = RelWithDebInfo|Win32
		{C0669D32-C522-4B4C-8742-D80A6D24C30C}.Debug|Win32.ActiveCfg = Debug|Win32
		{C0669D32-C522-4B4C-8742-D80A6D24C30C}.Debug|Win32.Build.0 = Debug|Win32
		{C0669D32-C522-4B4C-8742-D80A6D24C30C}.Debug|x64.ActiveCfg = Debug|Win32
		{C0669D32-C522-4B4C-8742-D80A6D24C30C}.MinSizeRel|Win32.ActiveCfg = MinSizeRel|Win32
		{C0669D32-C522-4B4C-8742-D80A6D24C30C}.MinSizeRel|Win32.Build.0 = MinSizeRel|Win32
		{C0669D32-C522-4B4C-8742-D80A6D24C30C}.MinSizeRel|x64.ActiveCfg = MinSizeRel|Win32
		{C0669D32-C522-4B4C-8742-D80A6D24C30C}.Release|Win32.ActiveCfg = Release|Win32
		{C0669D32-C522-4B4C-8742-D80A6D24C30C}.Release|Win32.Build.0 = Release|Win32
		{C0669D32-C522-4B4C-8742-D80A6D24C30C}.Release|x64.ActiveCfg = Release|Win32
		{C0669D32-C522-4B4C-8742-D80A6D24C30C}.RelWithDebInfo|Win32.ActiveCfg = RelWithDebInfo|Win32
		{C0669D32-C522-4B4C-8742-D80A6D24C30C}.RelWithDebInfo|Win32.Build.0 = RelWithDebInfo|Win32
		{C0669D32-C522-4B4C-8742-D80A6D24C30C}.RelWithDebInfo|x64.ActiveCfg = RelWithDebInfo|Win32
		{F24CC74C-8946-47D1-B1A0-7046C22800A0}.Debug|Win32.ActiveCfg = Debug|Win32
		{F24CC74C-8946-47D1-B1A0-7046C22800A0}.Debug|Win32.Build.0 = Debug|Win32
		{F24CC74C-8946-47D1-B1A0-7046C22800A0}.Debug|x64.ActiveCfg = Debug|Win32
		{F24CC74C-8946-47D1-B1A0-7046C22800A0}.MinSizeRel|Win32.ActiveCfg = MinSizeRel|Win32
		{F24CC74C-8946-47D1-B1A0-7046C22800A0}.MinSizeRel|Win32.Build.0 = MinSizeRel|Win32
		{F24CC74C-8946-47D1-B1A0-7046C22800A0}.MinSizeRel|x64.ActiveCfg = MinSizeRel|Win32
		{F24CC74C-8946-47D1-B1A0-7046C22800A0}.Release|Win32.ActiveCfg = Release|Win32
		{F24CC74C-8946-47D1-B1A0-7046C22800A0}.Release|Win32.Build.0 = Release|Win32
		{F24CC74C-8946-47D1-B1A0-7046C22800A0}.Release|x64.ActiveCfg = Release|Win32
		{F24CC74C-8946-47D1-B1A0-7046C22800A0}.RelWithDebInfo|Win32.ActiveCfg = RelWithDebInfo|Win32
		{F24CC74C-8946-47D1-B1A0-7046C22800A0}.RelWithDebInfo|Win32.Build.0 = RelWithDebInfo|Win32
		{F24CC74C-8946-47D1-B1A0-7046C22800A0}.RelWithDebInfo|x64.ActiveCfg = RelWithDebInfo|Win32
		{05021A4F-83DC-41A0-B290-8CF77FDAB778}.Debug|Win32.ActiveCfg = Debug|Win32
		{05021A4F-83DC-41A0-B290-8CF77FDAB778}.Debug|Win32.Build.0 = Debug|Win32
		{05021A4F-83DC-41A0-B290-8CF77FDAB778}.Debug|x64.ActiveCfg = Debug|Win32
		{05021A4F-83DC-41A0-B290-8CF77FDAB778}.MinSizeRel|Win32.ActiveCfg = MinSizeRel|Win32
		{05021A4F-83DC-41A0-B290-8CF77FDAB778}.MinSizeRel|Win32.Build.0 = MinSizeRel|Win32
		{05021A4F-83DC-41A0-B290-8CF77FDAB778}.MinSizeRel|x64.ActiveCfg = MinSizeRel|Win32
		{05021A4F-83DC-41A0-B290-8CF77FDAB778}.Release|Win32.ActiveCfg = Release|Win32
		{05021A4F-83DC-41A0-B290-8CF77FDAB778}.Release|Win32.Build.0 = Release|Win32
		{05021A4F-83DC-41A0-B290-8CF77FDAB778}.Release|x64.ActiveCfg = Release|Win32
		{05021A4F-83DC-41A0-B290-8CF77FDAB778}.RelWithDebInfo|Win32.ActiveCfg = RelWithDebInfo|Win32
		{05021A4F-83DC-41A0-B290-8CF77FDAB778}.RelWithDebInfo|Win32.Build.0 = RelWithDebInfo|Win32
		{05021A4F-83DC-41A0-B290-8CF77FDAB778}.RelWithDebInfo|x64.ActiveCfg = RelWithDebInfo|Win32
		{C62BE9F0-40C4-4548-B675-A940EFCB5B68}.Debug|Win32.ActiveCfg = Debug|Win32
		{C62BE9F0-40C4-4548-B675-A940EFCB5B68}.Debug|Win32.Build.0 = Debug|Win32
		{C62BE9F0-40C4-4548-B675-A940EFCB5B68}.Debug|x64.ActiveCfg = Debug|Win32
		{C62BE9F0-40C4-4548-B675-A940EFCB5B68}.MinSizeRel|Win32.ActiveCfg = MinSizeRel|Win32
		{C62BE9F0-40C4-4548-B675-A940EFCB5B68}.MinSizeRel|Win32.Build.0 = MinSizeRel|Win32
		{C62BE9F0-40C4-4548-B675-A940EFCB5B68}.MinSizeRel|x64.ActiveCfg = MinSizeRel|Win32
		{C62BE9F0-40C4-4548-B675-A940EFCB5B68}.Release|Win32.ActiveCfg = Release|Win32
		{C62BE9F0-40C4-4548-B675-A940EFCB5B68}.Release|Win32.Build.0 = Release|Win32
		{C62BE9F0-40C4-4548-B675-A940EFCB5B68}.Release|x64.ActiveCfg = Release|Win32
		{C62BE9F0-40C4-4548-B675-A940EFCB5B68}.RelWithDebInfo|Win32.ActiveCfg = RelWithDebInfo|Win32
		{C62BE9F0-40C4-4548-B675-A940EFCB5B68}.RelWithDebInfo|Win32.Build.0 = RelWithDebInfo|Win32
		{C62BE9F0-40C4-4548-B675-A940EFCB5B68}.RelWithDebInfo|x64.ActiveCfg = RelWithDebInfo|Win32
		{19016DF2-9845-4837-8550-0DD7FEC22C5E}.Debug|Win32.ActiveCfg = Debug|Win32
		{19016DF2-9845-4837-8550-0DD7FEC22C5E}.Debug|Win32.Build.0 = Debug|Win32
		{19016DF2-9845-4837-8550-0DD7FEC22C5E}.Debug|x64.ActiveCfg = Debug|Win32
		{19016DF2-9845-4837-8550-0DD7FEC22C5E}.MinSizeRel|Win32.ActiveCfg = MinSizeRel|Win32
		{19016DF2-9845-4837-8550-0DD7FEC22C5E}.MinSizeRel|Win32.Build.0 = MinSizeRel|Win32
		{19016DF2-9845-4837-8550-0DD7FEC22C5E}.MinSizeRel|x64.ActiveCfg = MinSizeRel|Win32
		{19016DF2-9845-4837-8550-0DD7FEC22C5E}.Release|Win32.ActiveCfg = Release|Win32
		{19016DF2-9845-4837-8550-0DD7FEC22C5E}.Release|Win32.Build.0 = Release|Win32
		{19016DF2-9845-4837-8550-0DD7FEC22C5E}.Release|x64.ActiveCfg = Release|Win32
		{19016DF2-9845-4837-8550-0DD7FEC22C5E}.RelWithDebInfo|Win32.ActiveCfg = RelWithDebInfo|Win32
		{19016DF2-9845-4837-8550-0DD7FEC22C5E}.RelWithDebInfo|Win32.Build.0 = RelWithDebInfo|Win32
		{19016DF2-9845-4837-8550-0DD7FEC22C5E}.RelWithDebInfo|x64.ActiveCfg = RelWithDebInfo|Win32
		{95ACCED5-FB21-42CB-9DC4-46BFAE1F90CE}.Debug|Win32.ActiveCfg = Debug|Win32
		{95ACCED5-FB21-42CB-9DC4-46BFAE1F90CE}.Debug|Win32.Build.0 = Debug|Win32
		{95ACCED5-FB21-42CB-9DC4-46BFAE1F90CE}.Debug|x64.ActiveCfg = Debug|Win32
		{95ACCED5-FB21-42CB-9DC4-46BFAE1F90CE}.MinSizeRel|Win32.ActiveCfg = MinSizeRel|Win32
		{95ACCED5-FB21-42CB-9DC4-46BFAE1F90CE}.MinSizeRel|Win32.Build.0 = MinSizeRel|Win32
		{95ACCED5-FB21-42CB-9DC4-46BFAE1F90CE}.MinSizeRel|x64.ActiveCfg = MinSizeRel|Win32
		{95ACCED5-FB21-42CB-9DC4-46BFAE1F90CE}.Release|Win32.ActiveCfg = Release|Win32
		{95ACCED5-FB21-42CB-9DC4-46BFAE1F90CE}.Release|Win32.Build.0 = Release|Win32
		{95ACCED5-FB21-42CB-9DC4-46BFAE1F90CE}.Release|x64.ActiveCfg = Release|Win32
		{95ACCED5-FB21-42CB-9DC4-46BFAE1F90CE}.RelWithDebInfo|Win32.ActiveCfg = RelWithDebInfo|Win32
		{95ACCED5-FB21-42CB-9DC4-46BFAE1F90CE}.RelWithDebInfo|Win32.Build.0 = RelWithDebInfo|Win32
		{95ACCED5-FB21-42CB-9DC4-46BFAE1F90CE}.RelWithDebInfo|x64.ActiveCfg = RelWithDebInfo|Win32
		{6C458C4F-28C1-4E52-9B5A-2509C0ABE348}.Debug|Win32.ActiveCfg = Debug|Win32
		{6C458C4F-28C1-4E52-9B5A-2509C0ABE348}.Debug|Win32.Build.0 = Debug|Win32
		{6C458C4F-28C1-4E52-9B5A-2509C0ABE348}.Debug|x64.ActiveCfg = Debug|Win32
		{6C458C4F-28C1-4E52-9B5A-2509C0ABE348}.MinSizeRel|Win32.ActiveCfg = MinSizeRel|Win32
		{6C458C4F-28C1-4E52-9B5A-2509C0ABE348}.MinSizeRel|Win32.Build.0 = MinSizeRel|Win32
		{6C458C4F-28C1-4E52-9B5A-2509C0ABE348}.MinSizeRel|x64.ActiveCfg = MinSizeRel|Win32
		{6C458C4F-28C1-4E52-9B5A-2509C0ABE348}.Release|Win32.ActiveCfg = Release|Win32
		{6C458C4F-28C1-4E52-9B5A-2509C0ABE348}.Release|Win32.Build.0 = Release|Win32
		{6C458C4F-28C1-4E52-9B5A-2509C0ABE348}.Release|x64.ActiveCfg = Release|Win32
		{6C458C4F-28C1-4E52-9B5A-2509C0ABE348}.RelWithDebInfo|Win32.ActiveCfg = RelWithDebInfo|Win32
		{6C458C4F-28C1-4E52-9B5A-2509C0ABE348}.RelWithDebInfo|Win32.Build.0 = RelWithDebInfo|Win32
		{6C458C4F-28C1-4E52-9B5A-2509C0ABE348}.RelWithDebInfo|x64.ActiveCfg = RelWithDebInfo|Win32
		{1045E572-949C-4E27-8387-C59911236610}.Debug|Win32.ActiveCfg = Debug|Win32
		{1045E572-949C-4E27-8387-C59911236610}.Debug|Win32.Build.0 = Debug|Win32
		{1045E572-949C-4E27-8387-C59911236610}.Debug|x64.ActiveCfg = Debug|Win32
		{1045E572-949C-4E27-8387-C59911236610}.MinSizeRel|Win32.ActiveCfg = MinSizeRel|Win32
		{1045E572-949C-4E27-8387-C59911236610}.MinSizeRel|Win32.Build.0 = MinSizeRel|Win32
		{1045E572-949C-4E27-8387-C59911236610}.MinSizeRel|x64.ActiveCfg = MinSizeRel|Win32
		{1045E572-949C-4E27-8387-C59911236610}.Release|Win32.ActiveCfg = Release|Win32
		{1045E572-949C-4E27-8387-C59911236610}.Release|Win32.Build.0 = Release|Win32
		{1045E572-949C-4E27-8387-C59911236610}.Release|x64.ActiveCfg = Release|Win32
		{1045E572-949C-4E27-8387-C59911236610}.RelWithDebInfo|Win32.ActiveCfg = RelWithDebInfo|Win32
		{1045E572-949C-4E27-8387-C59911236610}.RelWithDebInfo|Win32.Build.0 = RelWithDebInfo|Win32
		{1045E572-949C-4E27-8387-C59911236610}.RelWithDebInfo|x64.ActiveCfg = RelWithDebInfo|Win32
		{2C5E62F1-ACD7-4EEB-92D8-37191227AD7D}.Debug|Win32.ActiveCfg = Debug|Win32
		{2C5E62F1-ACD7-4EEB-92D8-37191227AD7D}.Debug|Win32.Build.0 = Debug|Win32
		{2C5E62F1-ACD7-4EEB-92D8-37191227AD7D}.Debug|x64.ActiveCfg = Debug|Win32
		{2C5E62F1-ACD7-4EEB-92D8-37191227AD7D}.MinSizeRel|Win32.ActiveCfg = MinSizeRel|Win32
		{2C5E62F1-ACD7-4EEB-92D8-37191227AD7D}.MinSizeRel|Win32.Build.0 = MinSizeRel|Win32
		{2C5E62F1-ACD7-4EEB-92D8-37191227AD7D}.MinSizeRel|x64.ActiveCfg = MinSizeRel|Win32
		{2C5E62F1-ACD7-4EEB-92D8-37191227AD7D}.Release|Win32.ActiveCfg = Release|Win32
		{2C5E62F1-ACD7-4EEB-92D8-37191227AD7D}.Release|Win32.Build.0 = Release|Win32
		{2C5E62F1-ACD7-4EEB-92D8-37191227AD7D}.Release|x64.ActiveCfg = Release|Win32
		{2C5E62F1-ACD7-4EEB-92D8-37191227AD7D}.RelWithDebInfo|Win32.ActiveCfg = RelWithDebInfo|Win32
		{2C5E62F1-ACD7-4EEB-92D8-37191227AD7D}.RelWithDebInfo|Win32.Build.0 = RelWithDebInfo|Win32
		{2C5E62F1-ACD7-4EEB-92D8-37191227AD7D}.RelWithDebInfo|x64.ActiveCfg = RelWithDebInfo|Win32
		{0FE7CE23-723C-40E2-B133-8BDC79F2C9C6}.Debug|Win32.ActiveCfg = Debug|Win32
		{0FE7CE23-723C-40E2-B133-8BDC79F2C9C6}.Debug|Win32.Build.0 = Debug|Win32
		{0FE7CE23-723C-40E2-B133-8BDC79F2C9C6}.Debug|x64.ActiveCfg = Debug|Win32
		{0FE7CE23-723C-40E2-B133-8BDC79F2C9C6}.MinSizeRel|Win32.ActiveCfg = MinSizeRel|Win32
		{0FE7CE23-723C-40E2-B133-8BDC79F2C9C6}.MinSizeRel|Win32.Build.0 = MinSizeRel|Win32
		{0FE7CE23-723C-40E2-B133-8BDC79F2C9C6}.MinSizeRel|x64.ActiveCfg = MinSizeRel|Win32
		{0FE7CE23-723C-40E2-B133-8BDC79F2C9C6}.Release|Win32.ActiveCfg = Release|Win32
		{0FE7CE23-723C-40E2-B133-8BDC79F2C9C6}.Release|Win32.Build.0 = Release|Win32
		{0FE7CE23-723C-40E2-B133-8BDC79F2C9C6}.Release|x64.ActiveCfg = Release|Win32
		{0FE7CE23-723C-40E2-B133-8BDC79F2C9C6}.RelWithDebInfo|Win32.ActiveCfg = RelWithDebInfo|Win32
		{0FE7CE23-723C-40E2-B133-8BDC79F2C9C6}.RelWithDebInfo|Win32.Build.0 = RelWithDebInfo|Win32
		{0FE7CE23-723C-40E2-B133-8BDC79F2C9C6}.RelWithDebInfo|x64.ActiveCfg = RelWithDebInfo|Win32
	EndGlobalSection
	GlobalSection(SolutionProperties) = preSolution
		HideSolutionNode = FALSE
	EndGlobalSection
EndGlobal
