Microsoft Visual Studio Solution File, Format Version 12.00
# Visual Studio Express 2013 for Windows Desktop
Project("{8BC9CEB8-8B4A-11D0-8D11-00A0C91BC942}") = "ALL_BUILD", "ALL_BUILD.vcxproj", "{D2D2217E-2A34-411A-B4A5-6292A4815129}"
	ProjectSection(ProjectDependencies) = postProject
		{67C566EB-EECC-4EF9-B38F-8B7B33980733} = {67C566EB-EECC-4EF9-B38F-8B7B33980733}
		{6CCD65A7-F235-493D-AFF7-060580A1FB1F} = {6CCD65A7-F235-493D-AFF7-060580A1FB1F}
		{2515DA39-E4A5-4066-83CE-A63D15C2FA42} = {2515DA39-E4A5-4066-83CE-A63D15C2FA42}
		{F6878745-C824-46E8-9CB9-AA82C6B08D0F} = {F6878745-C824-46E8-9CB9-AA82C6B08D0F}
		{7D7D2499-9CB0-45D5-AFCA-71F075435463} = {7D7D2499-9CB0-45D5-AFCA-71F075435463}
		{C8894963-BABF-4457-BFD5-4611A8556327} = {C8894963-BABF-4457-BFD5-4611A8556327}
		{64C34DB9-D8F2-47FF-845C-4AB3BBB2EB6B} = {64C34DB9-D8F2-47FF-845C-4AB3BBB2EB6B}
		{0B281AAF-E861-426E-B247-3086269FFA5E} = {0B281AAF-E861-426E-B247-3086269FFA5E}
		{ED94EE65-F7E0-4D1A-BC8A-978CE5EEB990} = {ED94EE65-F7E0-4D1A-BC8A-978CE5EEB990}
		{9CD4E426-C19B-4888-9AB5-C89E3B082CD0} = {9CD4E426-C19B-4888-9AB5-C89E3B082CD0}
		{575E73A1-05CE-46BD-B2DF-4AD76C598C53} = {575E73A1-05CE-46BD-B2DF-4AD76C598C53}
		{0C5F4F13-C0D4-4B5A-AE23-069EF000841E} = {0C5F4F13-C0D4-4B5A-AE23-069EF000841E}
		{F1BB8107-4503-496A-AA7A-744F5501CC70} = {F1BB8107-4503-496A-AA7A-744F5501CC70}
		{F7ED1280-E24E-46C9-84F8-2A76E2D0C646} = {F7ED1280-E24E-46C9-84F8-2A76E2D0C646}
		{768939FB-C089-44E3-AA90-0F6B901C6FA2} = {768939FB-C089-44E3-AA90-0F6B901C6FA2}
		{D766E0AC-2759-4F6C-A1C2-9C661E7AF8F8} = {D766E0AC-2759-4F6C-A1C2-9C661E7AF8F8}
		{E1530FA3-94DC-4305-89BE-19EDBA0A00F3} = {E1530FA3-94DC-4305-89BE-19EDBA0A00F3}
		{F0D68C15-45DC-4604-96CD-789EF954DA9C} = {F0D68C15-45DC-4604-96CD-789EF954DA9C}
		{1C2547E5-D376-478B-ADD3-C29F6CB916E1} = {1C2547E5-D376-478B-ADD3-C29F6CB916E1}
		{8BB0DA88-F06E-40AB-95EF-F4E873919171} = {8BB0DA88-F06E-40AB-95EF-F4E873919171}
		{99BCFBFA-A93A-4F9C-8AF1-8A56F0C4616D} = {99BCFBFA-A93A-4F9C-8AF1-8A56F0C4616D}
		{7DE3A1A8-3F2C-4E6F-85FF-CFCC9A236B8F} = {7DE3A1A8-3F2C-4E6F-85FF-CFCC9A236B8F}
		{7FAB357B-1D80-491F-AD8E-F944341D5CB8} = {7FAB357B-1D80-491F-AD8E-F944341D5CB8}
		{EE1AEC7B-D84D-4769-86EB-A9BF3CA4D57F} = {EE1AEC7B-D84D-4769-86EB-A9BF3CA4D57F}
		{D8482C56-6B77-40D5-BF4D-25B5471FB70A} = {D8482C56-6B77-40D5-BF4D-25B5471FB70A}
		{4EA5ABBC-22C0-4BB8-974F-0706DD4FFA2A} = {4EA5ABBC-22C0-4BB8-974F-0706DD4FFA2A}
		{0B28DFCE-BB6D-4CFD-B3D8-B9AA59FAE908} = {0B28DFCE-BB6D-4CFD-B3D8-B9AA59FAE908}
		{6083D4BD-F94D-432F-BF28-5F501D233F3E} = {6083D4BD-F94D-432F-BF28-5F501D233F3E}
		{6379E89C-EE0D-4180-91A7-D6F0841E8EBC} = {6379E89C-EE0D-4180-91A7-D6F0841E8EBC}
		{99AA8EE6-C8AC-43B9-B675-0F1B7DA9B125} = {99AA8EE6-C8AC-43B9-B675-0F1B7DA9B125}
		{39D4DC02-5A59-4D32-A866-EE8B708DE8E9} = {39D4DC02-5A59-4D32-A866-EE8B708DE8E9}
		{4E4666E1-7412-4565-B510-6DCAD90189E5} = {4E4666E1-7412-4565-B510-6DCAD90189E5}
		{CBABA301-DAAE-479B-B57F-232472BB92AD} = {CBABA301-DAAE-479B-B57F-232472BB92AD}
		{9D6DFD69-F275-466D-B569-268F9470DAC2} = {9D6DFD69-F275-466D-B569-268F9470DAC2}
		{BB54B977-5E6C-47F6-96B6-EA1B2602C5DE} = {BB54B977-5E6C-47F6-96B6-EA1B2602C5DE}
		{4041E52C-A222-4AA5-BD4A-D0B33E4F5625} = {4041E52C-A222-4AA5-BD4A-D0B33E4F5625}
		{2D0FA266-4A44-4D80-98F6-8FAD3D6CACF7} = {2D0FA266-4A44-4D80-98F6-8FAD3D6CACF7}
		{60F36FF3-31DD-4A22-BE5F-B0B092E84FA2} = {60F36FF3-31DD-4A22-BE5F-B0B092E84FA2}
		{DEC58652-8E89-4630-9D6F-5783730BB4DD} = {DEC58652-8E89-4630-9D6F-5783730BB4DD}
		{55EDEC92-7779-4B81-BF33-41F633640B5D} = {55EDEC92-7779-4B81-BF33-41F633640B5D}
		{3B88575D-2385-46DC-B61A-3A1D753BB142} = {3B88575D-2385-46DC-B61A-3A1D753BB142}
		{D0F4664B-8C54-4791-B709-C6695B741197} = {D0F4664B-8C54-4791-B709-C6695B741197}
		{CD3C87CC-67F0-4803-8EF8-FFE29C4AD80D} = {CD3C87CC-67F0-4803-8EF8-FFE29C4AD80D}
		{A24809C2-63F7-4C44-8859-A2FF313F67B8} = {A24809C2-63F7-4C44-8859-A2FF313F67B8}
		{30145A34-A702-4D64-B4D4-799097378CCF} = {30145A34-A702-4D64-B4D4-799097378CCF}
		{C1C5A3E6-626A-481D-A43A-2D4E2A0EA92F} = {C1C5A3E6-626A-481D-A43A-2D4E2A0EA92F}
		{081C17E8-6C43-42A1-A7FA-3C5C4932FCD1} = {081C17E8-6C43-42A1-A7FA-3C5C4932FCD1}
		{3158A218-3B14-4BA5-BF42-547B84544CC0} = {3158A218-3B14-4BA5-BF42-547B84544CC0}
		{D3126CF8-C3B1-4E06-BBF4-D658EB40FB85} = {D3126CF8-C3B1-4E06-BBF4-D658EB40FB85}
		{AE654881-26BF-420C-8914-779C5A9E61BE} = {AE654881-26BF-420C-8914-779C5A9E61BE}
		{322A7404-E0E7-4C6A-8996-FF9E11BB2F70} = {322A7404-E0E7-4C6A-8996-FF9E11BB2F70}
		{F91348C9-D503-4443-8CEB-804111F87C32} = {F91348C9-D503-4443-8CEB-804111F87C32}
		{7630BA68-82BA-4214-95DB-757BD2EA7C88} = {7630BA68-82BA-4214-95DB-757BD2EA7C88}
		{D18CCEF1-FFA1-42BB-9229-E670CE5BAEA6} = {D18CCEF1-FFA1-42BB-9229-E670CE5BAEA6}
		{6ACF855D-D1F0-43CB-8189-E1916DB7BC13} = {6ACF855D-D1F0-43CB-8189-E1916DB7BC13}
		{95A44A56-9BA8-4210-80D0-29273FEEE949} = {95A44A56-9BA8-4210-80D0-29273FEEE949}
	EndProjectSection
EndProject
Project("{8BC9CEB8-8B4A-11D0-8D11-00A0C91BC942}") = "AutoPatcherServer_MySQL", "Samples\AutoPatcherServer_MySQL\AutoPatcherServer_MySQL.vcxproj", "{67C566EB-EECC-4EF9-B38F-8B7B33980733}"
	ProjectSection(ProjectDependencies) = postProject
		{60F36FF3-31DD-4A22-BE5F-B0B092E84FA2} = {60F36FF3-31DD-4A22-BE5F-B0B092E84FA2}
		{D18CCEF1-FFA1-42BB-9229-E670CE5BAEA6} = {D18CCEF1-FFA1-42BB-9229-E670CE5BAEA6}
	EndProjectSection
EndProject
Project("{8BC9CEB8-8B4A-11D0-8D11-00A0C91BC942}") = "BigPacketTest", "Samples\BigPacketTest\BigPacketTest.vcxproj", "{6CCD65A7-F235-493D-AFF7-060580A1FB1F}"
	ProjectSection(ProjectDependencies) = postProject
		{60F36FF3-31DD-4A22-BE5F-B0B092E84FA2} = {60F36FF3-31DD-4A22-BE5F-B0B092E84FA2}
		{D18CCEF1-FFA1-42BB-9229-E670CE5BAEA6} = {D18CCEF1-FFA1-42BB-9229-E670CE5BAEA6}
	EndProjectSection
EndProject
Project("{8BC9CEB8-8B4A-11D0-8D11-00A0C91BC942}") = "BurstTest", "Samples\BurstTest\BurstTest.vcxproj", "{2515DA39-E4A5-4066-83CE-A63D15C2FA42}"
	ProjectSection(ProjectDependencies) = postProject
		{60F36FF3-31DD-4A22-BE5F-B0B092E84FA2} = {60F36FF3-31DD-4A22-BE5F-B0B092E84FA2}
		{D18CCEF1-FFA1-42BB-9229-E670CE5BAEA6} = {D18CCEF1-FFA1-42BB-9229-E670CE5BAEA6}
	EndProjectSection
EndProject
Project("{8BC9CEB8-8B4A-11D0-8D11-00A0C91BC942}") = "ChatClient", "Samples\Chat Example\ChatClient.vcxproj", "{F6878745-C824-46E8-9CB9-AA82C6B08D0F}"
	ProjectSection(ProjectDependencies) = postProject
		{60F36FF3-31DD-4A22-BE5F-B0B092E84FA2} = {60F36FF3-31DD-4A22-BE5F-B0B092E84FA2}
		{D18CCEF1-FFA1-42BB-9229-E670CE5BAEA6} = {D18CCEF1-FFA1-42BB-9229-E670CE5BAEA6}
	EndProjectSection
EndProject
Project("{8BC9CEB8-8B4A-11D0-8D11-00A0C91BC942}") = "ChatServer", "Samples\Chat Example\ChatServer.vcxproj", "{7D7D2499-9CB0-45D5-AFCA-71F075435463}"
	ProjectSection(ProjectDependencies) = postProject
		{60F36FF3-31DD-4A22-BE5F-B0B092E84FA2} = {60F36FF3-31DD-4A22-BE5F-B0B092E84FA2}
		{D18CCEF1-FFA1-42BB-9229-E670CE5BAEA6} = {D18CCEF1-FFA1-42BB-9229-E670CE5BAEA6}
	EndProjectSection
EndProject
Project("{8BC9CEB8-8B4A-11D0-8D11-00A0C91BC942}") = "CloudClient", "Samples\CloudClient\CloudClient.vcxproj", "{C8894963-BABF-4457-BFD5-4611A8556327}"
	ProjectSection(ProjectDependencies) = postProject
		{60F36FF3-31DD-4A22-BE5F-B0B092E84FA2} = {60F36FF3-31DD-4A22-BE5F-B0B092E84FA2}
		{D18CCEF1-FFA1-42BB-9229-E670CE5BAEA6} = {D18CCEF1-FFA1-42BB-9229-E670CE5BAEA6}
	EndProjectSection
EndProject
Project("{8BC9CEB8-8B4A-11D0-8D11-00A0C91BC942}") = "CloudServer", "Samples\CloudServer\CloudServer.vcxproj", "{64C34DB9-D8F2-47FF-845C-4AB3BBB2EB6B}"
	ProjectSection(ProjectDependencies) = postProject
		{60F36FF3-31DD-4A22-BE5F-B0B092E84FA2} = {60F36FF3-31DD-4A22-BE5F-B0B092E84FA2}
		{D18CCEF1-FFA1-42BB-9229-E670CE5BAEA6} = {D18CCEF1-FFA1-42BB-9229-E670CE5BAEA6}
	EndProjectSection
EndProject
Project("{8BC9CEB8-8B4A-11D0-8D11-00A0C91BC942}") = "CloudTest", "Samples\CloudTest\CloudTest.vcxproj", "{0B281AAF-E861-426E-B247-3086269FFA5E}"
	ProjectSection(ProjectDependencies) = postProject
		{60F36FF3-31DD-4A22-BE5F-B0B092E84FA2} = {60F36FF3-31DD-4A22-BE5F-B0B092E84FA2}
		{D18CCEF1-FFA1-42BB-9229-E670CE5BAEA6} = {D18CCEF1-FFA1-42BB-9229-E670CE5BAEA6}
	EndProjectSection
EndProject
Project("{8BC9CEB8-8B4A-11D0-8D11-00A0C91BC942}") = "CommandConsoleClient", "Samples\CommandConsoleClient\CommandConsoleClient.vcxproj", "{ED94EE65-F7E0-4D1A-BC8A-978CE5EEB990}"
	ProjectSection(ProjectDependencies) = postProject
		{60F36FF3-31DD-4A22-BE5F-B0B092E84FA2} = {60F36FF3-31DD-4A22-BE5F-B0B092E84FA2}
		{D18CCEF1-FFA1-42BB-9229-E670CE5BAEA6} = {D18CCEF1-FFA1-42BB-9229-E670CE5BAEA6}
	EndProjectSection
EndProject
Project("{8BC9CEB8-8B4A-11D0-8D11-00A0C91BC942}") = "CommandConsoleServer", "Samples\CommandConsoleServer\CommandConsoleServer.vcxproj", "{9CD4E426-C19B-4888-9AB5-C89E3B082CD0}"
	ProjectSection(ProjectDependencies) = postProject
		{60F36FF3-31DD-4A22-BE5F-B0B092E84FA2} = {60F36FF3-31DD-4A22-BE5F-B0B092E84FA2}
		{D18CCEF1-FFA1-42BB-9229-E670CE5BAEA6} = {D18CCEF1-FFA1-42BB-9229-E670CE5BAEA6}
	EndProjectSection
EndProject
Project("{8BC9CEB8-8B4A-11D0-8D11-00A0C91BC942}") = "ComprehensivePCGame", "Samples\ComprehensivePCGame\ComprehensivePCGame.vcxproj", "{575E73A1-05CE-46BD-B2DF-4AD76C598C53}"
	ProjectSection(ProjectDependencies) = postProject
		{60F36FF3-31DD-4A22-BE5F-B0B092E84FA2} = {60F36FF3-31DD-4A22-BE5F-B0B092E84FA2}
		{D18CCEF1-FFA1-42BB-9229-E670CE5BAEA6} = {D18CCEF1-FFA1-42BB-9229-E670CE5BAEA6}
	EndProjectSection
EndProject
Project("{8BC9CEB8-8B4A-11D0-8D11-00A0C91BC942}") = "ComprehensiveTest", "Samples\ComprehensiveTest\ComprehensiveTest.vcxproj", "{0C5F4F13-C0D4-4B5A-AE23-069EF000841E}"
	ProjectSection(ProjectDependencies) = postProject
		{60F36FF3-31DD-4A22-BE5F-B0B092E84FA2} = {60F36FF3-31DD-4A22-BE5F-B0B092E84FA2}
		{D18CCEF1-FFA1-42BB-9229-E670CE5BAEA6} = {D18CCEF1-FFA1-42BB-9229-E670CE5BAEA6}
	EndProjectSection
EndProject
Project("{8BC9CEB8-8B4A-11D0-8D11-00A0C91BC942}") = "CrashReporter", "Samples\CrashReporter\CrashReporter.vcxproj", "{F1BB8107-4503-496A-AA7A-744F5501CC70}"
	ProjectSection(ProjectDependencies) = postProject
		{60F36FF3-31DD-4A22-BE5F-B0B092E84FA2} = {60F36FF3-31DD-4A22-BE5F-B0B092E84FA2}
		{D18CCEF1-FFA1-42BB-9229-E670CE5BAEA6} = {D18CCEF1-FFA1-42BB-9229-E670CE5BAEA6}
	EndProjectSection
EndProject
Project("{8BC9CEB8-8B4A-11D0-8D11-00A0C91BC942}") = "CrossConnectionTest", "Samples\CrossConnectionTest\CrossConnectionTest.vcxproj", "{F7ED1280-E24E-46C9-84F8-2A76E2D0C646}"
	ProjectSection(ProjectDependencies) = postProject
		{60F36FF3-31DD-4A22-BE5F-B0B092E84FA2} = {60F36FF3-31DD-4A22-BE5F-B0B092E84FA2}
		{D18CCEF1-FFA1-42BB-9229-E670CE5BAEA6} = {D18CCEF1-FFA1-42BB-9229-E670CE5BAEA6}
	EndProjectSection
EndProject
Project("{8BC9CEB8-8B4A-11D0-8D11-00A0C91BC942}") = "DirectoryDeltaTransfer", "Samples\DirectoryDeltaTransfer\DirectoryDeltaTransfer.vcxproj", "{768939FB-C089-44E3-AA90-0F6B901C6FA2}"
	ProjectSection(ProjectDependencies) = postProject
		{60F36FF3-31DD-4A22-BE5F-B0B092E84FA2} = {60F36FF3-31DD-4A22-BE5F-B0B092E84FA2}
		{D18CCEF1-FFA1-42BB-9229-E670CE5BAEA6} = {D18CCEF1-FFA1-42BB-9229-E670CE5BAEA6}
	EndProjectSection
EndProject
Project("{8BC9CEB8-8B4A-11D0-8D11-00A0C91BC942}") = "DroppedConnectionTest", "Samples\Dropped Connection Test\DroppedConnectionTest.vcxproj", "{D766E0AC-2759-4F6C-A1C2-9C661E7AF8F8}"
	ProjectSection(ProjectDependencies) = postProject
		{60F36FF3-31DD-4A22-BE5F-B0B092E84FA2} = {60F36FF3-31DD-4A22-BE5F-B0B092E84FA2}
		{D18CCEF1-FFA1-42BB-9229-E670CE5BAEA6} = {D18CCEF1-FFA1-42BB-9229-E670CE5BAEA6}
	EndProjectSection
EndProject
Project("{8BC9CEB8-8B4A-11D0-8D11-00A0C91BC942}") = "Encryption", "Samples\Encryption\Encryption.vcxproj", "{E1530FA3-94DC-4305-89BE-19EDBA0A00F3}"
	ProjectSection(ProjectDependencies) = postProject
		{60F36FF3-31DD-4A22-BE5F-B0B092E84FA2} = {60F36FF3-31DD-4A22-BE5F-B0B092E84FA2}
		{D18CCEF1-FFA1-42BB-9229-E670CE5BAEA6} = {D18CCEF1-FFA1-42BB-9229-E670CE5BAEA6}
	EndProjectSection
EndProject
Project("{8BC9CEB8-8B4A-11D0-8D11-00A0C91BC942}") = "FCMHost", "Samples\FCMHost\FCMHost.vcxproj", "{F0D68C15-45DC-4604-96CD-789EF954DA9C}"
	ProjectSection(ProjectDependencies) = postProject
		{60F36FF3-31DD-4A22-BE5F-B0B092E84FA2} = {60F36FF3-31DD-4A22-BE5F-B0B092E84FA2}
		{D18CCEF1-FFA1-42BB-9229-E670CE5BAEA6} = {D18CCEF1-FFA1-42BB-9229-E670CE5BAEA6}
	EndProjectSection
EndProject
Project("{8BC9CEB8-8B4A-11D0-8D11-00A0C91BC942}") = "FCMHostSimultaneous", "Samples\FCMHostSimultaneous\FCMHostSimultaneous.vcxproj", "{1C2547E5-D376-478B-ADD3-C29F6CB916E1}"
	ProjectSection(ProjectDependencies) = postProject
		{60F36FF3-31DD-4A22-BE5F-B0B092E84FA2} = {60F36FF3-31DD-4A22-BE5F-B0B092E84FA2}
		{D18CCEF1-FFA1-42BB-9229-E670CE5BAEA6} = {D18CCEF1-FFA1-42BB-9229-E670CE5BAEA6}
	EndProjectSection
EndProject
Project("{8BC9CEB8-8B4A-11D0-8D11-00A0C91BC942}") = "FCMVerifiedJoinSimultaneous", "Samples\FCMVerifiedJoinSimultaneous\FCMVerifiedJoinSimultaneous.vcxproj", "{8BB0DA88-F06E-40AB-95EF-F4E873919171}"
	ProjectSection(ProjectDependencies) = postProject
		{60F36FF3-31DD-4A22-BE5F-B0B092E84FA2} = {60F36FF3-31DD-4A22-BE5F-B0B092E84FA2}
		{D18CCEF1-FFA1-42BB-9229-E670CE5BAEA6} = {D18CCEF1-FFA1-42BB-9229-E670CE5BAEA6}
	EndProjectSection
EndProject
Project("{8BC9CEB8-8B4A-11D0-8D11-00A0C91BC942}") = "FileListTransfer", "Samples\FileListTransfer\FileListTransfer.vcxproj", "{99BCFBFA-A93A-4F9C-8AF1-8A56F0C4616D}"
	ProjectSection(ProjectDependencies) = postProject
		{60F36FF3-31DD-4A22-BE5F-B0B092E84FA2} = {60F36FF3-31DD-4A22-BE5F-B0B092E84FA2}
		{D18CCEF1-FFA1-42BB-9229-E670CE5BAEA6} = {D18CCEF1-FFA1-42BB-9229-E670CE5BAEA6}
	EndProjectSection
EndProject
Project("{8BC9CEB8-8B4A-11D0-8D11-00A0C91BC942}") = "FlowControlTest", "Samples\Flow Control Test\FlowControlTest.vcxproj", "{7DE3A1A8-3F2C-4E6F-85FF-CFCC9A236B8F}"
	ProjectSection(ProjectDependencies) = postProject
		{60F36FF3-31DD-4A22-BE5F-B0B092E84FA2} = {60F36FF3-31DD-4A22-BE5F-B0B092E84FA2}
		{D18CCEF1-FFA1-42BB-9229-E670CE5BAEA6} = {D18CCEF1-FFA1-42BB-9229-E670CE5BAEA6}
	EndProjectSection
EndProject
Project("{8BC9CEB8-8B4A-11D0-8D11-00A0C91BC942}") = "FullyConnectedMesh", "Samples\FullyConnectedMesh\FullyConnectedMesh.vcxproj", "{7FAB357B-1D80-491F-AD8E-F944341D5CB8}"
	ProjectSection(ProjectDependencies) = postProject
		{60F36FF3-31DD-4A22-BE5F-B0B092E84FA2} = {60F36FF3-31DD-4A22-BE5F-B0B092E84FA2}
		{D18CCEF1-FFA1-42BB-9229-E670CE5BAEA6} = {D18CCEF1-FFA1-42BB-9229-E670CE5BAEA6}
	EndProjectSection
EndProject
Project("{8BC9CEB8-8B4A-11D0-8D11-00A0C91BC942}") = "INSTALL", "INSTALL.vcxproj", "{5F9C3B50-30F0-40C1-9ADE-AC4EE9471B0E}"
	ProjectSection(ProjectDependencies) = postProject
		{D2D2217E-2A34-411A-B4A5-6292A4815129} = {D2D2217E-2A34-411A-B4A5-6292A4815129}
	EndProjectSection
EndProject
Project("{8BC9CEB8-8B4A-11D0-8D11-00A0C91BC942}") = "IrrlichtDemo", "DependentExtensions\IrrlichtDemo\IrrlichtDemo.vcxproj", "{EE1AEC7B-D84D-4769-86EB-A9BF3CA4D57F}"
	ProjectSection(ProjectDependencies) = postProject
		{60F36FF3-31DD-4A22-BE5F-B0B092E84FA2} = {60F36FF3-31DD-4A22-BE5F-B0B092E84FA2}
		{D18CCEF1-FFA1-42BB-9229-E670CE5BAEA6} = {D18CCEF1-FFA1-42BB-9229-E670CE5BAEA6}
	EndProjectSection
EndProject
Project("{8BC9CEB8-8B4A-11D0-8D11-00A0C91BC942}") = "LANServerDiscovery", "Samples\LANServerDiscovery\LANServerDiscovery.vcxproj", "{D8482C56-6B77-40D5-BF4D-25B5471FB70A}"
	ProjectSection(ProjectDependencies) = postProject
		{60F36FF3-31DD-4A22-BE5F-B0B092E84FA2} = {60F36FF3-31DD-4A22-BE5F-B0B092E84FA2}
		{D18CCEF1-FFA1-42BB-9229-E670CE5BAEA6} = {D18CCEF1-FFA1-42BB-9229-E670CE5BAEA6}
	EndProjectSection
EndProject
Project("{8BC9CEB8-8B4A-11D0-8D11-00A0C91BC942}") = "Lobby2Client", "Samples\Lobby2Client\Lobby2Client.vcxproj", "{4EA5ABBC-22C0-4BB8-974F-0706DD4FFA2A}"
	ProjectSection(ProjectDependencies) = postProject
		{60F36FF3-31DD-4A22-BE5F-B0B092E84FA2} = {60F36FF3-31DD-4A22-BE5F-B0B092E84FA2}
		{D18CCEF1-FFA1-42BB-9229-E670CE5BAEA6} = {D18CCEF1-FFA1-42BB-9229-E670CE5BAEA6}
	EndProjectSection
EndProject
Project("{8BC9CEB8-8B4A-11D0-8D11-00A0C91BC942}") = "MasterServer", "Samples\MasterServer\MasterServer.vcxproj", "{0B28DFCE-BB6D-4CFD-B3D8-B9AA59FAE908}"
	ProjectSection(ProjectDependencies) = postProject
		{60F36FF3-31DD-4A22-BE5F-B0B092E84FA2} = {60F36FF3-31DD-4A22-BE5F-B0B092E84FA2}
		{D18CCEF1-FFA1-42BB-9229-E670CE5BAEA6} = {D18CCEF1-FFA1-42BB-9229-E670CE5BAEA6}
	EndProjectSection
EndProject
Project("{8BC9CEB8-8B4A-11D0-8D11-00A0C91BC942}") = "MessageFilter", "Samples\MessageFilter\MessageFilter.vcxproj", "{6083D4BD-F94D-432F-BF28-5F501D233F3E}"
	ProjectSection(ProjectDependencies) = postProject
		{60F36FF3-31DD-4A22-BE5F-B0B092E84FA2} = {60F36FF3-31DD-4A22-BE5F-B0B092E84FA2}
		{D18CCEF1-FFA1-42BB-9229-E670CE5BAEA6} = {D18CCEF1-FFA1-42BB-9229-E670CE5BAEA6}
	EndProjectSection
EndProject
Project("{8BC9CEB8-8B4A-11D0-8D11-00A0C91BC942}") = "MessageSizeTest", "Samples\MessageSizeTest\MessageSizeTest.vcxproj", "{6379E89C-EE0D-4180-91A7-D6F0841E8EBC}"
	ProjectSection(ProjectDependencies) = postProject
		{60F36FF3-31DD-4A22-BE5F-B0B092E84FA2} = {60F36FF3-31DD-4A22-BE5F-B0B092E84FA2}
		{D18CCEF1-FFA1-42BB-9229-E670CE5BAEA6} = {D18CCEF1-FFA1-42BB-9229-E670CE5BAEA6}
	EndProjectSection
EndProject
Project("{8BC9CEB8-8B4A-11D0-8D11-00A0C91BC942}") = "NATCompleteClient", "Samples\NATCompleteClient\NATCompleteClient.vcxproj", "{99AA8EE6-C8AC-43B9-B675-0F1B7DA9B125}"
	ProjectSection(ProjectDependencies) = postProject
		{60F36FF3-31DD-4A22-BE5F-B0B092E84FA2} = {60F36FF3-31DD-4A22-BE5F-B0B092E84FA2}
		{D18CCEF1-FFA1-42BB-9229-E670CE5BAEA6} = {D18CCEF1-FFA1-42BB-9229-E670CE5BAEA6}
	EndProjectSection
EndProject
Project("{8BC9CEB8-8B4A-11D0-8D11-00A0C91BC942}") = "NATCompleteServer", "Samples\NATCompleteServer\NATCompleteServer.vcxproj", "{39D4DC02-5A59-4D32-A866-EE8B708DE8E9}"
	ProjectSection(ProjectDependencies) = postProject
		{60F36FF3-31DD-4A22-BE5F-B0B092E84FA2} = {60F36FF3-31DD-4A22-BE5F-B0B092E84FA2}
		{D18CCEF1-FFA1-42BB-9229-E670CE5BAEA6} = {D18CCEF1-FFA1-42BB-9229-E670CE5BAEA6}
	EndProjectSection
EndProject
Project("{8BC9CEB8-8B4A-11D0-8D11-00A0C91BC942}") = "OfflineMessagesTest", "Samples\OfflineMessagesTest\OfflineMessagesTest.vcxproj", "{4E4666E1-7412-4565-B510-6DCAD90189E5}"
	ProjectSection(ProjectDependencies) = postProject
		{60F36FF3-31DD-4A22-BE5F-B0B092E84FA2} = {60F36FF3-31DD-4A22-BE5F-B0B092E84FA2}
		{D18CCEF1-FFA1-42BB-9229-E670CE5BAEA6} = {D18CCEF1-FFA1-42BB-9229-E670CE5BAEA6}
	EndProjectSection
EndProject
Project("{8BC9CEB8-8B4A-11D0-8D11-00A0C91BC942}") = "PHPDirectoryServer2", "Samples\PHPDirectoryServer2\PHPDirectoryServer2.vcxproj", "{CBABA301-DAAE-479B-B57F-232472BB92AD}"
	ProjectSection(ProjectDependencies) = postProject
		{60F36FF3-31DD-4A22-BE5F-B0B092E84FA2} = {60F36FF3-31DD-4A22-BE5F-B0B092E84FA2}
		{D18CCEF1-FFA1-42BB-9229-E670CE5BAEA6} = {D18CCEF1-FFA1-42BB-9229-E670CE5BAEA6}
	EndProjectSection
EndProject
Project("{8BC9CEB8-8B4A-11D0-8D11-00A0C91BC942}") = "PacketLogger", "Samples\PacketLogger\PacketLogger.vcxproj", "{9D6DFD69-F275-466D-B569-268F9470DAC2}"
	ProjectSection(ProjectDependencies) = postProject
		{60F36FF3-31DD-4A22-BE5F-B0B092E84FA2} = {60F36FF3-31DD-4A22-BE5F-B0B092E84FA2}
		{D18CCEF1-FFA1-42BB-9229-E670CE5BAEA6} = {D18CCEF1-FFA1-42BB-9229-E670CE5BAEA6}
	EndProjectSection
EndProject
Project("{8BC9CEB8-8B4A-11D0-8D11-00A0C91BC942}") = "Ping", "Samples\Ping\Ping.vcxproj", "{BB54B977-5E6C-47F6-96B6-EA1B2602C5DE}"
	ProjectSection(ProjectDependencies) = postProject
		{60F36FF3-31DD-4A22-BE5F-B0B092E84FA2} = {60F36FF3-31DD-4A22-BE5F-B0B092E84FA2}
		{D18CCEF1-FFA1-42BB-9229-E670CE5BAEA6} = {D18CCEF1-FFA1-42BB-9229-E670CE5BAEA6}
	EndProjectSection
EndProject
Project("{8BC9CEB8-8B4A-11D0-8D11-00A0C91BC942}") = "RackspaceConsole", "Samples\RackspaceConsole\RackspaceConsole.vcxproj", "{4041E52C-A222-4AA5-BD4A-D0B33E4F5625}"
	ProjectSection(ProjectDependencies) = postProject
		{60F36FF3-31DD-4A22-BE5F-B0B092E84FA2} = {60F36FF3-31DD-4A22-BE5F-B0B092E84FA2}
		{D18CCEF1-FFA1-42BB-9229-E670CE5BAEA6} = {D18CCEF1-FFA1-42BB-9229-E670CE5BAEA6}
	EndProjectSection
EndProject
Project("{8BC9CEB8-8B4A-11D0-8D11-00A0C91BC942}") = "RakNetDLL", "Lib\DLL\RakNetDLL.vcxproj", "{2D0FA266-4A44-4D80-98F6-8FAD3D6CACF7}"
	ProjectSection(ProjectDependencies) = postProject
		{D18CCEF1-FFA1-42BB-9229-E670CE5BAEA6} = {D18CCEF1-FFA1-42BB-9229-E670CE5BAEA6}
	EndProjectSection
EndProject
Project("{8BC9CEB8-8B4A-11D0-8D11-00A0C91BC942}") = "RakNetLibStatic", "Lib\LibStatic\RakNetLibStatic.vcxproj", "{60F36FF3-31DD-4A22-BE5F-B0B092E84FA2}"
	ProjectSection(ProjectDependencies) = postProject
		{D18CCEF1-FFA1-42BB-9229-E670CE5BAEA6} = {D18CCEF1-FFA1-42BB-9229-E670CE5BAEA6}
	EndProjectSection
EndProject
Project("{8BC9CEB8-8B4A-11D0-8D11-00A0C91BC942}") = "RakVoice", "Samples\RakVoice\RakVoice.vcxproj", "{DEC58652-8E89-4630-9D6F-5783730BB4DD}"
	ProjectSection(ProjectDependencies) = postProject
		{60F36FF3-31DD-4A22-BE5F-B0B092E84FA2} = {60F36FF3-31DD-4A22-BE5F-B0B092E84FA2}
		{D18CCEF1-FFA1-42BB-9229-E670CE5BAEA6} = {D18CCEF1-FFA1-42BB-9229-E670CE5BAEA6}
	EndProjectSection
EndProject
Project("{8BC9CEB8-8B4A-11D0-8D11-00A0C91BC942}") = "ReliableOrderedTest", "Samples\Reliable Ordered Test\ReliableOrderedTest.vcxproj", "{55EDEC92-7779-4B81-BF33-41F633640B5D}"
	ProjectSection(ProjectDependencies) = postProject
		{60F36FF3-31DD-4A22-BE5F-B0B092E84FA2} = {60F36FF3-31DD-4A22-BE5F-B0B092E84FA2}
		{D18CCEF1-FFA1-42BB-9229-E670CE5BAEA6} = {D18CCEF1-FFA1-42BB-9229-E670CE5BAEA6}
	EndProjectSection
EndProject
Project("{8BC9CEB8-8B4A-11D0-8D11-00A0C91BC942}") = "ReplicaManager3", "Samples\ReplicaManager3\ReplicaManager3.vcxproj", "{3B88575D-2385-46DC-B61A-3A1D753BB142}"
	ProjectSection(ProjectDependencies) = postProject
		{60F36FF3-31DD-4A22-BE5F-B0B092E84FA2} = {60F36FF3-31DD-4A22-BE5F-B0B092E84FA2}
		{D18CCEF1-FFA1-42BB-9229-E670CE5BAEA6} = {D18CCEF1-FFA1-42BB-9229-E670CE5BAEA6}
	EndProjectSection
EndProject
Project("{8BC9CEB8-8B4A-11D0-8D11-00A0C91BC942}") = "Router2", "Samples\Router2\Router2.vcxproj", "{D0F4664B-8C54-4791-B709-C6695B741197}"
	ProjectSection(ProjectDependencies) = postProject
		{60F36FF3-31DD-4A22-BE5F-B0B092E84FA2} = {60F36FF3-31DD-4A22-BE5F-B0B092E84FA2}
		{D18CCEF1-FFA1-42BB-9229-E670CE5BAEA6} = {D18CCEF1-FFA1-42BB-9229-E670CE5BAEA6}
	EndProjectSection
EndProject
Project("{8BC9CEB8-8B4A-11D0-8D11-00A0C91BC942}") = "SendEmail", "Samples\SendEmail\SendEmail.vcxproj", "{CD3C87CC-67F0-4803-8EF8-FFE29C4AD80D}"
	ProjectSection(ProjectDependencies) = postProject
		{60F36FF3-31DD-4A22-BE5F-B0B092E84FA2} = {60F36FF3-31DD-4A22-BE5F-B0B092E84FA2}
		{D18CCEF1-FFA1-42BB-9229-E670CE5BAEA6} = {D18CCEF1-FFA1-42BB-9229-E670CE5BAEA6}
	EndProjectSection
EndProject
Project("{8BC9CEB8-8B4A-11D0-8D11-00A0C91BC942}") = "ServerClientTest2", "Samples\ServerClientTest2\ServerClientTest2.vcxproj", "{A24809C2-63F7-4C44-8859-A2FF313F67B8}"
	ProjectSection(ProjectDependencies) = postProject
		{60F36FF3-31DD-4A22-BE5F-B0B092E84FA2} = {60F36FF3-31DD-4A22-BE5F-B0B092E84FA2}
		{D18CCEF1-FFA1-42BB-9229-E670CE5BAEA6} = {D18CCEF1-FFA1-42BB-9229-E670CE5BAEA6}
	EndProjectSection
EndProject
Project("{8BC9CEB8-8B4A-11D0-8D11-00A0C91BC942}") = "StatisticsHistoryTest", "Samples\StatisticsHistoryTest\StatisticsHistoryTest.vcxproj", "{30145A34-A702-4D64-B4D4-799097378CCF}"
	ProjectSection(ProjectDependencies) = postProject
		{60F36FF3-31DD-4A22-BE5F-B0B092E84FA2} = {60F36FF3-31DD-4A22-BE5F-B0B092E84FA2}
		{D18CCEF1-FFA1-42BB-9229-E670CE5BAEA6} = {D18CCEF1-FFA1-42BB-9229-E670CE5BAEA6}
	EndProjectSection
EndProject
Project("{8BC9CEB8-8B4A-11D0-8D11-00A0C91BC942}") = "TeamManager", "Samples\TeamManager\TeamManager.vcxproj", "{C1C5A3E6-626A-481D-A43A-2D4E2A0EA92F}"
	ProjectSection(ProjectDependencies) = postProject
		{60F36FF3-31DD-4A22-BE5F-B0B092E84FA2} = {60F36FF3-31DD-4A22-BE5F-B0B092E84FA2}
		{D18CCEF1-FFA1-42BB-9229-E670CE5BAEA6} = {D18CCEF1-FFA1-42BB-9229-E670CE5BAEA6}
	EndProjectSection
EndProject
Project("{8BC9CEB8-8B4A-11D0-8D11-00A0C91BC942}") = "TestDLL", "Samples\TestDLL\TestDLL.vcxproj", "{081C17E8-6C43-42A1-A7FA-3C5C4932FCD1}"
	ProjectSection(ProjectDependencies) = postProject
		{60F36FF3-31DD-4A22-BE5F-B0B092E84FA2} = {60F36FF3-31DD-4A22-BE5F-B0B092E84FA2}
		{D18CCEF1-FFA1-42BB-9229-E670CE5BAEA6} = {D18CCEF1-FFA1-42BB-9229-E670CE5BAEA6}
	EndProjectSection
EndProject
Project("{8BC9CEB8-8B4A-11D0-8D11-00A0C91BC942}") = "Tests", "Samples\Tests\Tests.vcxproj", "{3158A218-3B14-4BA5-BF42-547B84544CC0}"
	ProjectSection(ProjectDependencies) = postProject
		{60F36FF3-31DD-4A22-BE5F-B0B092E84FA2} = {60F36FF3-31DD-4A22-BE5F-B0B092E84FA2}
		{D18CCEF1-FFA1-42BB-9229-E670CE5BAEA6} = {D18CCEF1-FFA1-42BB-9229-E670CE5BAEA6}
	EndProjectSection
EndProject
Project("{8BC9CEB8-8B4A-11D0-8D11-00A0C91BC942}") = "ThreadTest", "Samples\ThreadTest\ThreadTest.vcxproj", "{D3126CF8-C3B1-4E06-BBF4-D658EB40FB85}"
	ProjectSection(ProjectDependencies) = postProject
		{60F36FF3-31DD-4A22-BE5F-B0B092E84FA2} = {60F36FF3-31DD-4A22-BE5F-B0B092E84FA2}
		{D18CCEF1-FFA1-42BB-9229-E670CE5BAEA6} = {D18CCEF1-FFA1-42BB-9229-E670CE5BAEA6}
	EndProjectSection
EndProject
Project("{8BC9CEB8-8B4A-11D0-8D11-00A0C91BC942}") = "Timestamping", "Samples\Timestamping\Timestamping.vcxproj", "{AE654881-26BF-420C-8914-779C5A9E61BE}"
	ProjectSection(ProjectDependencies) = postProject
		{60F36FF3-31DD-4A22-BE5F-B0B092E84FA2} = {60F36FF3-31DD-4A22-BE5F-B0B092E84FA2}
		{D18CCEF1-FFA1-42BB-9229-E670CE5BAEA6} = {D18CCEF1-FFA1-42BB-9229-E670CE5BAEA6}
	EndProjectSection
EndProject
Project("{8BC9CEB8-8B4A-11D0-8D11-00A0C91BC942}") = "TitleValidationDB_PostgreSQL", "Samples\TitleValidationDB_PostgreSQL\TitleValidationDB_PostgreSQL.vcxproj", "{322A7404-E0E7-4C6A-8996-FF9E11BB2F70}"
	ProjectSection(ProjectDependencies) = postProject
		{60F36FF3-31DD-4A22-BE5F-B0B092E84FA2} = {60F36FF3-31DD-4A22-BE5F-B0B092E84FA2}
		{D18CCEF1-FFA1-42BB-9229-E670CE5BAEA6} = {D18CCEF1-FFA1-42BB-9229-E670CE5BAEA6}
	EndProjectSection
EndProject
Project("{8BC9CEB8-8B4A-11D0-8D11-00A0C91BC942}") = "TwoWayAuthentication", "Samples\TwoWayAuthentication\TwoWayAuthentication.vcxproj", "{F91348C9-D503-4443-8CEB-804111F87C32}"
	ProjectSection(ProjectDependencies) = postProject
		{60F36FF3-31DD-4A22-BE5F-B0B092E84FA2} = {60F36FF3-31DD-4A22-BE5F-B0B092E84FA2}
		{D18CCEF1-FFA1-42BB-9229-E670CE5BAEA6} = {D18CCEF1-FFA1-42BB-9229-E670CE5BAEA6}
	EndProjectSection
EndProject
Project("{8BC9CEB8-8B4A-11D0-8D11-00A0C91BC942}") = "UDPForwarder", "Samples\UDPForwarder\UDPForwarder.vcxproj", "{7630BA68-82BA-4214-95DB-757BD2EA7C88}"
	ProjectSection(ProjectDependencies) = postProject
		{60F36FF3-31DD-4A22-BE5F-B0B092E84FA2} = {60F36FF3-31DD-4A22-BE5F-B0B092E84FA2}
		{D18CCEF1-FFA1-42BB-9229-E670CE5BAEA6} = {D18CCEF1-FFA1-42BB-9229-E670CE5BAEA6}
	EndProjectSection
EndProject
Project("{8BC9CEB8-8B4A-11D0-8D11-00A0C91BC942}") = "ZERO_CHECK", "ZERO_CHECK.vcxproj", "{D18CCEF1-FFA1-42BB-9229-E670CE5BAEA6}"
	ProjectSection(ProjectDependencies) = postProject
	EndProjectSection
EndProject
Project("{8BC9CEB8-8B4A-11D0-8D11-00A0C91BC942}") = "upnpc-shared", "DependentExtensions\miniupnpc-1.9.20150206\upnpc-shared.vcxproj", "{6ACF855D-D1F0-43CB-8189-E1916DB7BC13}"
	ProjectSection(ProjectDependencies) = postProject
		{D18CCEF1-FFA1-42BB-9229-E670CE5BAEA6} = {D18CCEF1-FFA1-42BB-9229-E670CE5BAEA6}
	EndProjectSection
EndProject
Project("{8BC9CEB8-8B4A-11D0-8D11-00A0C91BC942}") = "upnpc-static", "DependentExtensions\miniupnpc-1.9.20150206\upnpc-static.vcxproj", "{95A44A56-9BA8-4210-80D0-29273FEEE949}"
	ProjectSection(ProjectDependencies) = postProject
		{D18CCEF1-FFA1-42BB-9229-E670CE5BAEA6} = {D18CCEF1-FFA1-42BB-9229-E670CE5BAEA6}
	EndProjectSection
EndProject
Global
	GlobalSection(SolutionConfigurationPlatforms) = preSolution
		Debug|x64 = Debug|x64
		Release|x64 = Release|x64
		MinSizeRel|x64 = MinSizeRel|x64
		RelWithDebInfo|x64 = RelWithDebInfo|x64
	EndGlobalSection
	GlobalSection(ProjectConfigurationPlatforms) = postSolution
		{D2D2217E-2A34-411A-B4A5-6292A4815129}.Debug|x64.ActiveCfg = Debug|x64
		{D2D2217E-2A34-411A-B4A5-6292A4815129}.Debug|x64.Build.0 = Debug|x64
		{D2D2217E-2A34-411A-B4A5-6292A4815129}.Release|x64.ActiveCfg = Release|x64
		{D2D2217E-2A34-411A-B4A5-6292A4815129}.Release|x64.Build.0 = Release|x64
		{D2D2217E-2A34-411A-B4A5-6292A4815129}.MinSizeRel|x64.ActiveCfg = MinSizeRel|x64
		{D2D2217E-2A34-411A-B4A5-6292A4815129}.MinSizeRel|x64.Build.0 = MinSizeRel|x64
		{D2D2217E-2A34-411A-B4A5-6292A4815129}.RelWithDebInfo|x64.ActiveCfg = RelWithDebInfo|x64
		{D2D2217E-2A34-411A-B4A5-6292A4815129}.RelWithDebInfo|x64.Build.0 = RelWithDebInfo|x64
		{67C566EB-EECC-4EF9-B38F-8B7B33980733}.Debug|x64.ActiveCfg = Debug|x64
		{67C566EB-EECC-4EF9-B38F-8B7B33980733}.Debug|x64.Build.0 = Debug|x64
		{67C566EB-EECC-4EF9-B38F-8B7B33980733}.Release|x64.ActiveCfg = Release|x64
		{67C566EB-EECC-4EF9-B38F-8B7B33980733}.Release|x64.Build.0 = Release|x64
		{67C566EB-EECC-4EF9-B38F-8B7B33980733}.MinSizeRel|x64.ActiveCfg = MinSizeRel|x64
		{67C566EB-EECC-4EF9-B38F-8B7B33980733}.MinSizeRel|x64.Build.0 = MinSizeRel|x64
		{67C566EB-EECC-4EF9-B38F-8B7B33980733}.RelWithDebInfo|x64.ActiveCfg = RelWithDebInfo|x64
		{67C566EB-EECC-4EF9-B38F-8B7B33980733}.RelWithDebInfo|x64.Build.0 = RelWithDebInfo|x64
		{6CCD65A7-F235-493D-AFF7-060580A1FB1F}.Debug|x64.ActiveCfg = Debug|x64
		{6CCD65A7-F235-493D-AFF7-060580A1FB1F}.Debug|x64.Build.0 = Debug|x64
		{6CCD65A7-F235-493D-AFF7-060580A1FB1F}.Release|x64.ActiveCfg = Release|x64
		{6CCD65A7-F235-493D-AFF7-060580A1FB1F}.Release|x64.Build.0 = Release|x64
		{6CCD65A7-F235-493D-AFF7-060580A1FB1F}.MinSizeRel|x64.ActiveCfg = MinSizeRel|x64
		{6CCD65A7-F235-493D-AFF7-060580A1FB1F}.MinSizeRel|x64.Build.0 = MinSizeRel|x64
		{6CCD65A7-F235-493D-AFF7-060580A1FB1F}.RelWithDebInfo|x64.ActiveCfg = RelWithDebInfo|x64
		{6CCD65A7-F235-493D-AFF7-060580A1FB1F}.RelWithDebInfo|x64.Build.0 = RelWithDebInfo|x64
		{2515DA39-E4A5-4066-83CE-A63D15C2FA42}.Debug|x64.ActiveCfg = Debug|x64
		{2515DA39-E4A5-4066-83CE-A63D15C2FA42}.Debug|x64.Build.0 = Debug|x64
		{2515DA39-E4A5-4066-83CE-A63D15C2FA42}.Release|x64.ActiveCfg = Release|x64
		{2515DA39-E4A5-4066-83CE-A63D15C2FA42}.Release|x64.Build.0 = Release|x64
		{2515DA39-E4A5-4066-83CE-A63D15C2FA42}.MinSizeRel|x64.ActiveCfg = MinSizeRel|x64
		{2515DA39-E4A5-4066-83CE-A63D15C2FA42}.MinSizeRel|x64.Build.0 = MinSizeRel|x64
		{2515DA39-E4A5-4066-83CE-A63D15C2FA42}.RelWithDebInfo|x64.ActiveCfg = RelWithDebInfo|x64
		{2515DA39-E4A5-4066-83CE-A63D15C2FA42}.RelWithDebInfo|x64.Build.0 = RelWithDebInfo|x64
		{F6878745-C824-46E8-9CB9-AA82C6B08D0F}.Debug|x64.ActiveCfg = Debug|x64
		{F6878745-C824-46E8-9CB9-AA82C6B08D0F}.Debug|x64.Build.0 = Debug|x64
		{F6878745-C824-46E8-9CB9-AA82C6B08D0F}.Release|x64.ActiveCfg = Release|x64
		{F6878745-C824-46E8-9CB9-AA82C6B08D0F}.Release|x64.Build.0 = Release|x64
		{F6878745-C824-46E8-9CB9-AA82C6B08D0F}.MinSizeRel|x64.ActiveCfg = MinSizeRel|x64
		{F6878745-C824-46E8-9CB9-AA82C6B08D0F}.MinSizeRel|x64.Build.0 = MinSizeRel|x64
		{F6878745-C824-46E8-9CB9-AA82C6B08D0F}.RelWithDebInfo|x64.ActiveCfg = RelWithDebInfo|x64
		{F6878745-C824-46E8-9CB9-AA82C6B08D0F}.RelWithDebInfo|x64.Build.0 = RelWithDebInfo|x64
		{7D7D2499-9CB0-45D5-AFCA-71F075435463}.Debug|x64.ActiveCfg = Debug|x64
		{7D7D2499-9CB0-45D5-AFCA-71F075435463}.Debug|x64.Build.0 = Debug|x64
		{7D7D2499-9CB0-45D5-AFCA-71F075435463}.Release|x64.ActiveCfg = Release|x64
		{7D7D2499-9CB0-45D5-AFCA-71F075435463}.Release|x64.Build.0 = Release|x64
		{7D7D2499-9CB0-45D5-AFCA-71F075435463}.MinSizeRel|x64.ActiveCfg = MinSizeRel|x64
		{7D7D2499-9CB0-45D5-AFCA-71F075435463}.MinSizeRel|x64.Build.0 = MinSizeRel|x64
		{7D7D2499-9CB0-45D5-AFCA-71F075435463}.RelWithDebInfo|x64.ActiveCfg = RelWithDebInfo|x64
		{7D7D2499-9CB0-45D5-AFCA-71F075435463}.RelWithDebInfo|x64.Build.0 = RelWithDebInfo|x64
		{C8894963-BABF-4457-BFD5-4611A8556327}.Debug|x64.ActiveCfg = Debug|x64
		{C8894963-BABF-4457-BFD5-4611A8556327}.Debug|x64.Build.0 = Debug|x64
		{C8894963-BABF-4457-BFD5-4611A8556327}.Release|x64.ActiveCfg = Release|x64
		{C8894963-BABF-4457-BFD5-4611A8556327}.Release|x64.Build.0 = Release|x64
		{C8894963-BABF-4457-BFD5-4611A8556327}.MinSizeRel|x64.ActiveCfg = MinSizeRel|x64
		{C8894963-BABF-4457-BFD5-4611A8556327}.MinSizeRel|x64.Build.0 = MinSizeRel|x64
		{C8894963-BABF-4457-BFD5-4611A8556327}.RelWithDebInfo|x64.ActiveCfg = RelWithDebInfo|x64
		{C8894963-BABF-4457-BFD5-4611A8556327}.RelWithDebInfo|x64.Build.0 = RelWithDebInfo|x64
		{64C34DB9-D8F2-47FF-845C-4AB3BBB2EB6B}.Debug|x64.ActiveCfg = Debug|x64
		{64C34DB9-D8F2-47FF-845C-4AB3BBB2EB6B}.Debug|x64.Build.0 = Debug|x64
		{64C34DB9-D8F2-47FF-845C-4AB3BBB2EB6B}.Release|x64.ActiveCfg = Release|x64
		{64C34DB9-D8F2-47FF-845C-4AB3BBB2EB6B}.Release|x64.Build.0 = Release|x64
		{64C34DB9-D8F2-47FF-845C-4AB3BBB2EB6B}.MinSizeRel|x64.ActiveCfg = MinSizeRel|x64
		{64C34DB9-D8F2-47FF-845C-4AB3BBB2EB6B}.MinSizeRel|x64.Build.0 = MinSizeRel|x64
		{64C34DB9-D8F2-47FF-845C-4AB3BBB2EB6B}.RelWithDebInfo|x64.ActiveCfg = RelWithDebInfo|x64
		{64C34DB9-D8F2-47FF-845C-4AB3BBB2EB6B}.RelWithDebInfo|x64.Build.0 = RelWithDebInfo|x64
		{0B281AAF-E861-426E-B247-3086269FFA5E}.Debug|x64.ActiveCfg = Debug|x64
		{0B281AAF-E861-426E-B247-3086269FFA5E}.Debug|x64.Build.0 = Debug|x64
		{0B281AAF-E861-426E-B247-3086269FFA5E}.Release|x64.ActiveCfg = Release|x64
		{0B281AAF-E861-426E-B247-3086269FFA5E}.Release|x64.Build.0 = Release|x64
		{0B281AAF-E861-426E-B247-3086269FFA5E}.MinSizeRel|x64.ActiveCfg = MinSizeRel|x64
		{0B281AAF-E861-426E-B247-3086269FFA5E}.MinSizeRel|x64.Build.0 = MinSizeRel|x64
		{0B281AAF-E861-426E-B247-3086269FFA5E}.RelWithDebInfo|x64.ActiveCfg = RelWithDebInfo|x64
		{0B281AAF-E861-426E-B247-3086269FFA5E}.RelWithDebInfo|x64.Build.0 = RelWithDebInfo|x64
		{ED94EE65-F7E0-4D1A-BC8A-978CE5EEB990}.Debug|x64.ActiveCfg = Debug|x64
		{ED94EE65-F7E0-4D1A-BC8A-978CE5EEB990}.Debug|x64.Build.0 = Debug|x64
		{ED94EE65-F7E0-4D1A-BC8A-978CE5EEB990}.Release|x64.ActiveCfg = Release|x64
		{ED94EE65-F7E0-4D1A-BC8A-978CE5EEB990}.Release|x64.Build.0 = Release|x64
		{ED94EE65-F7E0-4D1A-BC8A-978CE5EEB990}.MinSizeRel|x64.ActiveCfg = MinSizeRel|x64
		{ED94EE65-F7E0-4D1A-BC8A-978CE5EEB990}.MinSizeRel|x64.Build.0 = MinSizeRel|x64
		{ED94EE65-F7E0-4D1A-BC8A-978CE5EEB990}.RelWithDebInfo|x64.ActiveCfg = RelWithDebInfo|x64
		{ED94EE65-F7E0-4D1A-BC8A-978CE5EEB990}.RelWithDebInfo|x64.Build.0 = RelWithDebInfo|x64
		{9CD4E426-C19B-4888-9AB5-C89E3B082CD0}.Debug|x64.ActiveCfg = Debug|x64
		{9CD4E426-C19B-4888-9AB5-C89E3B082CD0}.Debug|x64.Build.0 = Debug|x64
		{9CD4E426-C19B-4888-9AB5-C89E3B082CD0}.Release|x64.ActiveCfg = Release|x64
		{9CD4E426-C19B-4888-9AB5-C89E3B082CD0}.Release|x64.Build.0 = Release|x64
		{9CD4E426-C19B-4888-9AB5-C89E3B082CD0}.MinSizeRel|x64.ActiveCfg = MinSizeRel|x64
		{9CD4E426-C19B-4888-9AB5-C89E3B082CD0}.MinSizeRel|x64.Build.0 = MinSizeRel|x64
		{9CD4E426-C19B-4888-9AB5-C89E3B082CD0}.RelWithDebInfo|x64.ActiveCfg = RelWithDebInfo|x64
		{9CD4E426-C19B-4888-9AB5-C89E3B082CD0}.RelWithDebInfo|x64.Build.0 = RelWithDebInfo|x64
		{575E73A1-05CE-46BD-B2DF-4AD76C598C53}.Debug|x64.ActiveCfg = Debug|x64
		{575E73A1-05CE-46BD-B2DF-4AD76C598C53}.Debug|x64.Build.0 = Debug|x64
		{575E73A1-05CE-46BD-B2DF-4AD76C598C53}.Release|x64.ActiveCfg = Release|x64
		{575E73A1-05CE-46BD-B2DF-4AD76C598C53}.Release|x64.Build.0 = Release|x64
		{575E73A1-05CE-46BD-B2DF-4AD76C598C53}.MinSizeRel|x64.ActiveCfg = MinSizeRel|x64
		{575E73A1-05CE-46BD-B2DF-4AD76C598C53}.MinSizeRel|x64.Build.0 = MinSizeRel|x64
		{575E73A1-05CE-46BD-B2DF-4AD76C598C53}.RelWithDebInfo|x64.ActiveCfg = RelWithDebInfo|x64
		{575E73A1-05CE-46BD-B2DF-4AD76C598C53}.RelWithDebInfo|x64.Build.0 = RelWithDebInfo|x64
		{0C5F4F13-C0D4-4B5A-AE23-069EF000841E}.Debug|x64.ActiveCfg = Debug|x64
		{0C5F4F13-C0D4-4B5A-AE23-069EF000841E}.Debug|x64.Build.0 = Debug|x64
		{0C5F4F13-C0D4-4B5A-AE23-069EF000841E}.Release|x64.ActiveCfg = Release|x64
		{0C5F4F13-C0D4-4B5A-AE23-069EF000841E}.Release|x64.Build.0 = Release|x64
		{0C5F4F13-C0D4-4B5A-AE23-069EF000841E}.MinSizeRel|x64.ActiveCfg = MinSizeRel|x64
		{0C5F4F13-C0D4-4B5A-AE23-069EF000841E}.MinSizeRel|x64.Build.0 = MinSizeRel|x64
		{0C5F4F13-C0D4-4B5A-AE23-069EF000841E}.RelWithDebInfo|x64.ActiveCfg = RelWithDebInfo|x64
		{0C5F4F13-C0D4-4B5A-AE23-069EF000841E}.RelWithDebInfo|x64.Build.0 = RelWithDebInfo|x64
		{F1BB8107-4503-496A-AA7A-744F5501CC70}.Debug|x64.ActiveCfg = Debug|x64
		{F1BB8107-4503-496A-AA7A-744F5501CC70}.Debug|x64.Build.0 = Debug|x64
		{F1BB8107-4503-496A-AA7A-744F5501CC70}.Release|x64.ActiveCfg = Release|x64
		{F1BB8107-4503-496A-AA7A-744F5501CC70}.Release|x64.Build.0 = Release|x64
		{F1BB8107-4503-496A-AA7A-744F5501CC70}.MinSizeRel|x64.ActiveCfg = MinSizeRel|x64
		{F1BB8107-4503-496A-AA7A-744F5501CC70}.MinSizeRel|x64.Build.0 = MinSizeRel|x64
		{F1BB8107-4503-496A-AA7A-744F5501CC70}.RelWithDebInfo|x64.ActiveCfg = RelWithDebInfo|x64
		{F1BB8107-4503-496A-AA7A-744F5501CC70}.RelWithDebInfo|x64.Build.0 = RelWithDebInfo|x64
		{F7ED1280-E24E-46C9-84F8-2A76E2D0C646}.Debug|x64.ActiveCfg = Debug|x64
		{F7ED1280-E24E-46C9-84F8-2A76E2D0C646}.Debug|x64.Build.0 = Debug|x64
		{F7ED1280-E24E-46C9-84F8-2A76E2D0C646}.Release|x64.ActiveCfg = Release|x64
		{F7ED1280-E24E-46C9-84F8-2A76E2D0C646}.Release|x64.Build.0 = Release|x64
		{F7ED1280-E24E-46C9-84F8-2A76E2D0C646}.MinSizeRel|x64.ActiveCfg = MinSizeRel|x64
		{F7ED1280-E24E-46C9-84F8-2A76E2D0C646}.MinSizeRel|x64.Build.0 = MinSizeRel|x64
		{F7ED1280-E24E-46C9-84F8-2A76E2D0C646}.RelWithDebInfo|x64.ActiveCfg = RelWithDebInfo|x64
		{F7ED1280-E24E-46C9-84F8-2A76E2D0C646}.RelWithDebInfo|x64.Build.0 = RelWithDebInfo|x64
		{768939FB-C089-44E3-AA90-0F6B901C6FA2}.Debug|x64.ActiveCfg = Debug|x64
		{768939FB-C089-44E3-AA90-0F6B901C6FA2}.Debug|x64.Build.0 = Debug|x64
		{768939FB-C089-44E3-AA90-0F6B901C6FA2}.Release|x64.ActiveCfg = Release|x64
		{768939FB-C089-44E3-AA90-0F6B901C6FA2}.Release|x64.Build.0 = Release|x64
		{768939FB-C089-44E3-AA90-0F6B901C6FA2}.MinSizeRel|x64.ActiveCfg = MinSizeRel|x64
		{768939FB-C089-44E3-AA90-0F6B901C6FA2}.MinSizeRel|x64.Build.0 = MinSizeRel|x64
		{768939FB-C089-44E3-AA90-0F6B901C6FA2}.RelWithDebInfo|x64.ActiveCfg = RelWithDebInfo|x64
		{768939FB-C089-44E3-AA90-0F6B901C6FA2}.RelWithDebInfo|x64.Build.0 = RelWithDebInfo|x64
		{D766E0AC-2759-4F6C-A1C2-9C661E7AF8F8}.Debug|x64.ActiveCfg = Debug|x64
		{D766E0AC-2759-4F6C-A1C2-9C661E7AF8F8}.Debug|x64.Build.0 = Debug|x64
		{D766E0AC-2759-4F6C-A1C2-9C661E7AF8F8}.Release|x64.ActiveCfg = Release|x64
		{D766E0AC-2759-4F6C-A1C2-9C661E7AF8F8}.Release|x64.Build.0 = Release|x64
		{D766E0AC-2759-4F6C-A1C2-9C661E7AF8F8}.MinSizeRel|x64.ActiveCfg = MinSizeRel|x64
		{D766E0AC-2759-4F6C-A1C2-9C661E7AF8F8}.MinSizeRel|x64.Build.0 = MinSizeRel|x64
		{D766E0AC-2759-4F6C-A1C2-9C661E7AF8F8}.RelWithDebInfo|x64.ActiveCfg = RelWithDebInfo|x64
		{D766E0AC-2759-4F6C-A1C2-9C661E7AF8F8}.RelWithDebInfo|x64.Build.0 = RelWithDebInfo|x64
		{E1530FA3-94DC-4305-89BE-19EDBA0A00F3}.Debug|x64.ActiveCfg = Debug|x64
		{E1530FA3-94DC-4305-89BE-19EDBA0A00F3}.Debug|x64.Build.0 = Debug|x64
		{E1530FA3-94DC-4305-89BE-19EDBA0A00F3}.Release|x64.ActiveCfg = Release|x64
		{E1530FA3-94DC-4305-89BE-19EDBA0A00F3}.Release|x64.Build.0 = Release|x64
		{E1530FA3-94DC-4305-89BE-19EDBA0A00F3}.MinSizeRel|x64.ActiveCfg = MinSizeRel|x64
		{E1530FA3-94DC-4305-89BE-19EDBA0A00F3}.MinSizeRel|x64.Build.0 = MinSizeRel|x64
		{E1530FA3-94DC-4305-89BE-19EDBA0A00F3}.RelWithDebInfo|x64.ActiveCfg = RelWithDebInfo|x64
		{E1530FA3-94DC-4305-89BE-19EDBA0A00F3}.RelWithDebInfo|x64.Build.0 = RelWithDebInfo|x64
		{F0D68C15-45DC-4604-96CD-789EF954DA9C}.Debug|x64.ActiveCfg = Debug|x64
		{F0D68C15-45DC-4604-96CD-789EF954DA9C}.Debug|x64.Build.0 = Debug|x64
		{F0D68C15-45DC-4604-96CD-789EF954DA9C}.Release|x64.ActiveCfg = Release|x64
		{F0D68C15-45DC-4604-96CD-789EF954DA9C}.Release|x64.Build.0 = Release|x64
		{F0D68C15-45DC-4604-96CD-789EF954DA9C}.MinSizeRel|x64.ActiveCfg = MinSizeRel|x64
		{F0D68C15-45DC-4604-96CD-789EF954DA9C}.MinSizeRel|x64.Build.0 = MinSizeRel|x64
		{F0D68C15-45DC-4604-96CD-789EF954DA9C}.RelWithDebInfo|x64.ActiveCfg = RelWithDebInfo|x64
		{F0D68C15-45DC-4604-96CD-789EF954DA9C}.RelWithDebInfo|x64.Build.0 = RelWithDebInfo|x64
		{1C2547E5-D376-478B-ADD3-C29F6CB916E1}.Debug|x64.ActiveCfg = Debug|x64
		{1C2547E5-D376-478B-ADD3-C29F6CB916E1}.Debug|x64.Build.0 = Debug|x64
		{1C2547E5-D376-478B-ADD3-C29F6CB916E1}.Release|x64.ActiveCfg = Release|x64
		{1C2547E5-D376-478B-ADD3-C29F6CB916E1}.Release|x64.Build.0 = Release|x64
		{1C2547E5-D376-478B-ADD3-C29F6CB916E1}.MinSizeRel|x64.ActiveCfg = MinSizeRel|x64
		{1C2547E5-D376-478B-ADD3-C29F6CB916E1}.MinSizeRel|x64.Build.0 = MinSizeRel|x64
		{1C2547E5-D376-478B-ADD3-C29F6CB916E1}.RelWithDebInfo|x64.ActiveCfg = RelWithDebInfo|x64
		{1C2547E5-D376-478B-ADD3-C29F6CB916E1}.RelWithDebInfo|x64.Build.0 = RelWithDebInfo|x64
		{8BB0DA88-F06E-40AB-95EF-F4E873919171}.Debug|x64.ActiveCfg = Debug|x64
		{8BB0DA88-F06E-40AB-95EF-F4E873919171}.Debug|x64.Build.0 = Debug|x64
		{8BB0DA88-F06E-40AB-95EF-F4E873919171}.Release|x64.ActiveCfg = Release|x64
		{8BB0DA88-F06E-40AB-95EF-F4E873919171}.Release|x64.Build.0 = Release|x64
		{8BB0DA88-F06E-40AB-95EF-F4E873919171}.MinSizeRel|x64.ActiveCfg = MinSizeRel|x64
		{8BB0DA88-F06E-40AB-95EF-F4E873919171}.MinSizeRel|x64.Build.0 = MinSizeRel|x64
		{8BB0DA88-F06E-40AB-95EF-F4E873919171}.RelWithDebInfo|x64.ActiveCfg = RelWithDebInfo|x64
		{8BB0DA88-F06E-40AB-95EF-F4E873919171}.RelWithDebInfo|x64.Build.0 = RelWithDebInfo|x64
		{99BCFBFA-A93A-4F9C-8AF1-8A56F0C4616D}.Debug|x64.ActiveCfg = Debug|x64
		{99BCFBFA-A93A-4F9C-8AF1-8A56F0C4616D}.Debug|x64.Build.0 = Debug|x64
		{99BCFBFA-A93A-4F9C-8AF1-8A56F0C4616D}.Release|x64.ActiveCfg = Release|x64
		{99BCFBFA-A93A-4F9C-8AF1-8A56F0C4616D}.Release|x64.Build.0 = Release|x64
		{99BCFBFA-A93A-4F9C-8AF1-8A56F0C4616D}.MinSizeRel|x64.ActiveCfg = MinSizeRel|x64
		{99BCFBFA-A93A-4F9C-8AF1-8A56F0C4616D}.MinSizeRel|x64.Build.0 = MinSizeRel|x64
		{99BCFBFA-A93A-4F9C-8AF1-8A56F0C4616D}.RelWithDebInfo|x64.ActiveCfg = RelWithDebInfo|x64
		{99BCFBFA-A93A-4F9C-8AF1-8A56F0C4616D}.RelWithDebInfo|x64.Build.0 = RelWithDebInfo|x64
		{7DE3A1A8-3F2C-4E6F-85FF-CFCC9A236B8F}.Debug|x64.ActiveCfg = Debug|x64
		{7DE3A1A8-3F2C-4E6F-85FF-CFCC9A236B8F}.Debug|x64.Build.0 = Debug|x64
		{7DE3A1A8-3F2C-4E6F-85FF-CFCC9A236B8F}.Release|x64.ActiveCfg = Release|x64
		{7DE3A1A8-3F2C-4E6F-85FF-CFCC9A236B8F}.Release|x64.Build.0 = Release|x64
		{7DE3A1A8-3F2C-4E6F-85FF-CFCC9A236B8F}.MinSizeRel|x64.ActiveCfg = MinSizeRel|x64
		{7DE3A1A8-3F2C-4E6F-85FF-CFCC9A236B8F}.MinSizeRel|x64.Build.0 = MinSizeRel|x64
		{7DE3A1A8-3F2C-4E6F-85FF-CFCC9A236B8F}.RelWithDebInfo|x64.ActiveCfg = RelWithDebInfo|x64
		{7DE3A1A8-3F2C-4E6F-85FF-CFCC9A236B8F}.RelWithDebInfo|x64.Build.0 = RelWithDebInfo|x64
		{7FAB357B-1D80-491F-AD8E-F944341D5CB8}.Debug|x64.ActiveCfg = Debug|x64
		{7FAB357B-1D80-491F-AD8E-F944341D5CB8}.Debug|x64.Build.0 = Debug|x64
		{7FAB357B-1D80-491F-AD8E-F944341D5CB8}.Release|x64.ActiveCfg = Release|x64
		{7FAB357B-1D80-491F-AD8E-F944341D5CB8}.Release|x64.Build.0 = Release|x64
		{7FAB357B-1D80-491F-AD8E-F944341D5CB8}.MinSizeRel|x64.ActiveCfg = MinSizeRel|x64
		{7FAB357B-1D80-491F-AD8E-F944341D5CB8}.MinSizeRel|x64.Build.0 = MinSizeRel|x64
		{7FAB357B-1D80-491F-AD8E-F944341D5CB8}.RelWithDebInfo|x64.ActiveCfg = RelWithDebInfo|x64
		{7FAB357B-1D80-491F-AD8E-F944341D5CB8}.RelWithDebInfo|x64.Build.0 = RelWithDebInfo|x64
		{5F9C3B50-30F0-40C1-9ADE-AC4EE9471B0E}.Debug|x64.ActiveCfg = Debug|x64
		{5F9C3B50-30F0-40C1-9ADE-AC4EE9471B0E}.Release|x64.ActiveCfg = Release|x64
		{5F9C3B50-30F0-40C1-9ADE-AC4EE9471B0E}.MinSizeRel|x64.ActiveCfg = MinSizeRel|x64
		{5F9C3B50-30F0-40C1-9ADE-AC4EE9471B0E}.RelWithDebInfo|x64.ActiveCfg = RelWithDebInfo|x64
		{EE1AEC7B-D84D-4769-86EB-A9BF3CA4D57F}.Debug|x64.ActiveCfg = Debug|x64
		{EE1AEC7B-D84D-4769-86EB-A9BF3CA4D57F}.Debug|x64.Build.0 = Debug|x64
		{EE1AEC7B-D84D-4769-86EB-A9BF3CA4D57F}.Release|x64.ActiveCfg = Release|x64
		{EE1AEC7B-D84D-4769-86EB-A9BF3CA4D57F}.Release|x64.Build.0 = Release|x64
		{EE1AEC7B-D84D-4769-86EB-A9BF3CA4D57F}.MinSizeRel|x64.ActiveCfg = MinSizeRel|x64
		{EE1AEC7B-D84D-4769-86EB-A9BF3CA4D57F}.MinSizeRel|x64.Build.0 = MinSizeRel|x64
		{EE1AEC7B-D84D-4769-86EB-A9BF3CA4D57F}.RelWithDebInfo|x64.ActiveCfg = RelWithDebInfo|x64
		{EE1AEC7B-D84D-4769-86EB-A9BF3CA4D57F}.RelWithDebInfo|x64.Build.0 = RelWithDebInfo|x64
		{D8482C56-6B77-40D5-BF4D-25B5471FB70A}.Debug|x64.ActiveCfg = Debug|x64
		{D8482C56-6B77-40D5-BF4D-25B5471FB70A}.Debug|x64.Build.0 = Debug|x64
		{D8482C56-6B77-40D5-BF4D-25B5471FB70A}.Release|x64.ActiveCfg = Release|x64
		{D8482C56-6B77-40D5-BF4D-25B5471FB70A}.Release|x64.Build.0 = Release|x64
		{D8482C56-6B77-40D5-BF4D-25B5471FB70A}.MinSizeRel|x64.ActiveCfg = MinSizeRel|x64
		{D8482C56-6B77-40D5-BF4D-25B5471FB70A}.MinSizeRel|x64.Build.0 = MinSizeRel|x64
		{D8482C56-6B77-40D5-BF4D-25B5471FB70A}.RelWithDebInfo|x64.ActiveCfg = RelWithDebInfo|x64
		{D8482C56-6B77-40D5-BF4D-25B5471FB70A}.RelWithDebInfo|x64.Build.0 = RelWithDebInfo|x64
		{4EA5ABBC-22C0-4BB8-974F-0706DD4FFA2A}.Debug|x64.ActiveCfg = Debug|x64
		{4EA5ABBC-22C0-4BB8-974F-0706DD4FFA2A}.Debug|x64.Build.0 = Debug|x64
		{4EA5ABBC-22C0-4BB8-974F-0706DD4FFA2A}.Release|x64.ActiveCfg = Release|x64
		{4EA5ABBC-22C0-4BB8-974F-0706DD4FFA2A}.Release|x64.Build.0 = Release|x64
		{4EA5ABBC-22C0-4BB8-974F-0706DD4FFA2A}.MinSizeRel|x64.ActiveCfg = MinSizeRel|x64
		{4EA5ABBC-22C0-4BB8-974F-0706DD4FFA2A}.MinSizeRel|x64.Build.0 = MinSizeRel|x64
		{4EA5ABBC-22C0-4BB8-974F-0706DD4FFA2A}.RelWithDebInfo|x64.ActiveCfg = RelWithDebInfo|x64
		{4EA5ABBC-22C0-4BB8-974F-0706DD4FFA2A}.RelWithDebInfo|x64.Build.0 = RelWithDebInfo|x64
		{0B28DFCE-BB6D-4CFD-B3D8-B9AA59FAE908}.Debug|x64.ActiveCfg = Debug|x64
		{0B28DFCE-BB6D-4CFD-B3D8-B9AA59FAE908}.Debug|x64.Build.0 = Debug|x64
		{0B28DFCE-BB6D-4CFD-B3D8-B9AA59FAE908}.Release|x64.ActiveCfg = Release|x64
		{0B28DFCE-BB6D-4CFD-B3D8-B9AA59FAE908}.Release|x64.Build.0 = Release|x64
		{0B28DFCE-BB6D-4CFD-B3D8-B9AA59FAE908}.MinSizeRel|x64.ActiveCfg = MinSizeRel|x64
		{0B28DFCE-BB6D-4CFD-B3D8-B9AA59FAE908}.MinSizeRel|x64.Build.0 = MinSizeRel|x64
		{0B28DFCE-BB6D-4CFD-B3D8-B9AA59FAE908}.RelWithDebInfo|x64.ActiveCfg = RelWithDebInfo|x64
		{0B28DFCE-BB6D-4CFD-B3D8-B9AA59FAE908}.RelWithDebInfo|x64.Build.0 = RelWithDebInfo|x64
		{6083D4BD-F94D-432F-BF28-5F501D233F3E}.Debug|x64.ActiveCfg = Debug|x64
		{6083D4BD-F94D-432F-BF28-5F501D233F3E}.Debug|x64.Build.0 = Debug|x64
		{6083D4BD-F94D-432F-BF28-5F501D233F3E}.Release|x64.ActiveCfg = Release|x64
		{6083D4BD-F94D-432F-BF28-5F501D233F3E}.Release|x64.Build.0 = Release|x64
		{6083D4BD-F94D-432F-BF28-5F501D233F3E}.MinSizeRel|x64.ActiveCfg = MinSizeRel|x64
		{6083D4BD-F94D-432F-BF28-5F501D233F3E}.MinSizeRel|x64.Build.0 = MinSizeRel|x64
		{6083D4BD-F94D-432F-BF28-5F501D233F3E}.RelWithDebInfo|x64.ActiveCfg = RelWithDebInfo|x64
		{6083D4BD-F94D-432F-BF28-5F501D233F3E}.RelWithDebInfo|x64.Build.0 = RelWithDebInfo|x64
		{6379E89C-EE0D-4180-91A7-D6F0841E8EBC}.Debug|x64.ActiveCfg = Debug|x64
		{6379E89C-EE0D-4180-91A7-D6F0841E8EBC}.Debug|x64.Build.0 = Debug|x64
		{6379E89C-EE0D-4180-91A7-D6F0841E8EBC}.Release|x64.ActiveCfg = Release|x64
		{6379E89C-EE0D-4180-91A7-D6F0841E8EBC}.Release|x64.Build.0 = Release|x64
		{6379E89C-EE0D-4180-91A7-D6F0841E8EBC}.MinSizeRel|x64.ActiveCfg = MinSizeRel|x64
		{6379E89C-EE0D-4180-91A7-D6F0841E8EBC}.MinSizeRel|x64.Build.0 = MinSizeRel|x64
		{6379E89C-EE0D-4180-91A7-D6F0841E8EBC}.RelWithDebInfo|x64.ActiveCfg = RelWithDebInfo|x64
		{6379E89C-EE0D-4180-91A7-D6F0841E8EBC}.RelWithDebInfo|x64.Build.0 = RelWithDebInfo|x64
		{99AA8EE6-C8AC-43B9-B675-0F1B7DA9B125}.Debug|x64.ActiveCfg = Debug|x64
		{99AA8EE6-C8AC-43B9-B675-0F1B7DA9B125}.Debug|x64.Build.0 = Debug|x64
		{99AA8EE6-C8AC-43B9-B675-0F1B7DA9B125}.Release|x64.ActiveCfg = Release|x64
		{99AA8EE6-C8AC-43B9-B675-0F1B7DA9B125}.Release|x64.Build.0 = Release|x64
		{99AA8EE6-C8AC-43B9-B675-0F1B7DA9B125}.MinSizeRel|x64.ActiveCfg = MinSizeRel|x64
		{99AA8EE6-C8AC-43B9-B675-0F1B7DA9B125}.MinSizeRel|x64.Build.0 = MinSizeRel|x64
		{99AA8EE6-C8AC-43B9-B675-0F1B7DA9B125}.RelWithDebInfo|x64.ActiveCfg = RelWithDebInfo|x64
		{99AA8EE6-C8AC-43B9-B675-0F1B7DA9B125}.RelWithDebInfo|x64.Build.0 = RelWithDebInfo|x64
		{39D4DC02-5A59-4D32-A866-EE8B708DE8E9}.Debug|x64.ActiveCfg = Debug|x64
		{39D4DC02-5A59-4D32-A866-EE8B708DE8E9}.Debug|x64.Build.0 = Debug|x64
		{39D4DC02-5A59-4D32-A866-EE8B708DE8E9}.Release|x64.ActiveCfg = Release|x64
		{39D4DC02-5A59-4D32-A866-EE8B708DE8E9}.Release|x64.Build.0 = Release|x64
		{39D4DC02-5A59-4D32-A866-EE8B708DE8E9}.MinSizeRel|x64.ActiveCfg = MinSizeRel|x64
		{39D4DC02-5A59-4D32-A866-EE8B708DE8E9}.MinSizeRel|x64.Build.0 = MinSizeRel|x64
		{39D4DC02-5A59-4D32-A866-EE8B708DE8E9}.RelWithDebInfo|x64.ActiveCfg = RelWithDebInfo|x64
		{39D4DC02-5A59-4D32-A866-EE8B708DE8E9}.RelWithDebInfo|x64.Build.0 = RelWithDebInfo|x64
		{4E4666E1-7412-4565-B510-6DCAD90189E5}.Debug|x64.ActiveCfg = Debug|x64
		{4E4666E1-7412-4565-B510-6DCAD90189E5}.Debug|x64.Build.0 = Debug|x64
		{4E4666E1-7412-4565-B510-6DCAD90189E5}.Release|x64.ActiveCfg = Release|x64
		{4E4666E1-7412-4565-B510-6DCAD90189E5}.Release|x64.Build.0 = Release|x64
		{4E4666E1-7412-4565-B510-6DCAD90189E5}.MinSizeRel|x64.ActiveCfg = MinSizeRel|x64
		{4E4666E1-7412-4565-B510-6DCAD90189E5}.MinSizeRel|x64.Build.0 = MinSizeRel|x64
		{4E4666E1-7412-4565-B510-6DCAD90189E5}.RelWithDebInfo|x64.ActiveCfg = RelWithDebInfo|x64
		{4E4666E1-7412-4565-B510-6DCAD90189E5}.RelWithDebInfo|x64.Build.0 = RelWithDebInfo|x64
		{CBABA301-DAAE-479B-B57F-232472BB92AD}.Debug|x64.ActiveCfg = Debug|x64
		{CBABA301-DAAE-479B-B57F-232472BB92AD}.Debug|x64.Build.0 = Debug|x64
		{CBABA301-DAAE-479B-B57F-232472BB92AD}.Release|x64.ActiveCfg = Release|x64
		{CBABA301-DAAE-479B-B57F-232472BB92AD}.Release|x64.Build.0 = Release|x64
		{CBABA301-DAAE-479B-B57F-232472BB92AD}.MinSizeRel|x64.ActiveCfg = MinSizeRel|x64
		{CBABA301-DAAE-479B-B57F-232472BB92AD}.MinSizeRel|x64.Build.0 = MinSizeRel|x64
		{CBABA301-DAAE-479B-B57F-232472BB92AD}.RelWithDebInfo|x64.ActiveCfg = RelWithDebInfo|x64
		{CBABA301-DAAE-479B-B57F-232472BB92AD}.RelWithDebInfo|x64.Build.0 = RelWithDebInfo|x64
		{9D6DFD69-F275-466D-B569-268F9470DAC2}.Debug|x64.ActiveCfg = Debug|x64
		{9D6DFD69-F275-466D-B569-268F9470DAC2}.Debug|x64.Build.0 = Debug|x64
		{9D6DFD69-F275-466D-B569-268F9470DAC2}.Release|x64.ActiveCfg = Release|x64
		{9D6DFD69-F275-466D-B569-268F9470DAC2}.Release|x64.Build.0 = Release|x64
		{9D6DFD69-F275-466D-B569-268F9470DAC2}.MinSizeRel|x64.ActiveCfg = MinSizeRel|x64
		{9D6DFD69-F275-466D-B569-268F9470DAC2}.MinSizeRel|x64.Build.0 = MinSizeRel|x64
		{9D6DFD69-F275-466D-B569-268F9470DAC2}.RelWithDebInfo|x64.ActiveCfg = RelWithDebInfo|x64
		{9D6DFD69-F275-466D-B569-268F9470DAC2}.RelWithDebInfo|x64.Build.0 = RelWithDebInfo|x64
		{BB54B977-5E6C-47F6-96B6-EA1B2602C5DE}.Debug|x64.ActiveCfg = Debug|x64
		{BB54B977-5E6C-47F6-96B6-EA1B2602C5DE}.Debug|x64.Build.0 = Debug|x64
		{BB54B977-5E6C-47F6-96B6-EA1B2602C5DE}.Release|x64.ActiveCfg = Release|x64
		{BB54B977-5E6C-47F6-96B6-EA1B2602C5DE}.Release|x64.Build.0 = Release|x64
		{BB54B977-5E6C-47F6-96B6-EA1B2602C5DE}.MinSizeRel|x64.ActiveCfg = MinSizeRel|x64
		{BB54B977-5E6C-47F6-96B6-EA1B2602C5DE}.MinSizeRel|x64.Build.0 = MinSizeRel|x64
		{BB54B977-5E6C-47F6-96B6-EA1B2602C5DE}.RelWithDebInfo|x64.ActiveCfg = RelWithDebInfo|x64
		{BB54B977-5E6C-47F6-96B6-EA1B2602C5DE}.RelWithDebInfo|x64.Build.0 = RelWithDebInfo|x64
		{4041E52C-A222-4AA5-BD4A-D0B33E4F5625}.Debug|x64.ActiveCfg = Debug|x64
		{4041E52C-A222-4AA5-BD4A-D0B33E4F5625}.Debug|x64.Build.0 = Debug|x64
		{4041E52C-A222-4AA5-BD4A-D0B33E4F5625}.Release|x64.ActiveCfg = Release|x64
		{4041E52C-A222-4AA5-BD4A-D0B33E4F5625}.Release|x64.Build.0 = Release|x64
		{4041E52C-A222-4AA5-BD4A-D0B33E4F5625}.MinSizeRel|x64.ActiveCfg = MinSizeRel|x64
		{4041E52C-A222-4AA5-BD4A-D0B33E4F5625}.MinSizeRel|x64.Build.0 = MinSizeRel|x64
		{4041E52C-A222-4AA5-BD4A-D0B33E4F5625}.RelWithDebInfo|x64.ActiveCfg = RelWithDebInfo|x64
		{4041E52C-A222-4AA5-BD4A-D0B33E4F5625}.RelWithDebInfo|x64.Build.0 = RelWithDebInfo|x64
		{2D0FA266-4A44-4D80-98F6-8FAD3D6CACF7}.Debug|x64.ActiveCfg = Debug|x64
		{2D0FA266-4A44-4D80-98F6-8FAD3D6CACF7}.Debug|x64.Build.0 = Debug|x64
		{2D0FA266-4A44-4D80-98F6-8FAD3D6CACF7}.Release|x64.ActiveCfg = Release|x64
		{2D0FA266-4A44-4D80-98F6-8FAD3D6CACF7}.Release|x64.Build.0 = Release|x64
		{2D0FA266-4A44-4D80-98F6-8FAD3D6CACF7}.MinSizeRel|x64.ActiveCfg = MinSizeRel|x64
		{2D0FA266-4A44-4D80-98F6-8FAD3D6CACF7}.MinSizeRel|x64.Build.0 = MinSizeRel|x64
		{2D0FA266-4A44-4D80-98F6-8FAD3D6CACF7}.RelWithDebInfo|x64.ActiveCfg = RelWithDebInfo|x64
		{2D0FA266-4A44-4D80-98F6-8FAD3D6CACF7}.RelWithDebInfo|x64.Build.0 = RelWithDebInfo|x64
		{60F36FF3-31DD-4A22-BE5F-B0B092E84FA2}.Debug|x64.ActiveCfg = Debug|x64
		{60F36FF3-31DD-4A22-BE5F-B0B092E84FA2}.Debug|x64.Build.0 = Debug|x64
		{60F36FF3-31DD-4A22-BE5F-B0B092E84FA2}.Release|x64.ActiveCfg = Release|x64
		{60F36FF3-31DD-4A22-BE5F-B0B092E84FA2}.Release|x64.Build.0 = Release|x64
		{60F36FF3-31DD-4A22-BE5F-B0B092E84FA2}.MinSizeRel|x64.ActiveCfg = MinSizeRel|x64
		{60F36FF3-31DD-4A22-BE5F-B0B092E84FA2}.MinSizeRel|x64.Build.0 = MinSizeRel|x64
		{60F36FF3-31DD-4A22-BE5F-B0B092E84FA2}.RelWithDebInfo|x64.ActiveCfg = RelWithDebInfo|x64
		{60F36FF3-31DD-4A22-BE5F-B0B092E84FA2}.RelWithDebInfo|x64.Build.0 = RelWithDebInfo|x64
		{DEC58652-8E89-4630-9D6F-5783730BB4DD}.Debug|x64.ActiveCfg = Debug|x64
		{DEC58652-8E89-4630-9D6F-5783730BB4DD}.Debug|x64.Build.0 = Debug|x64
		{DEC58652-8E89-4630-9D6F-5783730BB4DD}.Release|x64.ActiveCfg = Release|x64
		{DEC58652-8E89-4630-9D6F-5783730BB4DD}.Release|x64.Build.0 = Release|x64
		{DEC58652-8E89-4630-9D6F-5783730BB4DD}.MinSizeRel|x64.ActiveCfg = MinSizeRel|x64
		{DEC58652-8E89-4630-9D6F-5783730BB4DD}.MinSizeRel|x64.Build.0 = MinSizeRel|x64
		{DEC58652-8E89-4630-9D6F-5783730BB4DD}.RelWithDebInfo|x64.ActiveCfg = RelWithDebInfo|x64
		{DEC58652-8E89-4630-9D6F-5783730BB4DD}.RelWithDebInfo|x64.Build.0 = RelWithDebInfo|x64
		{55EDEC92-7779-4B81-BF33-41F633640B5D}.Debug|x64.ActiveCfg = Debug|x64
		{55EDEC92-7779-4B81-BF33-41F633640B5D}.Debug|x64.Build.0 = Debug|x64
		{55EDEC92-7779-4B81-BF33-41F633640B5D}.Release|x64.ActiveCfg = Release|x64
		{55EDEC92-7779-4B81-BF33-41F633640B5D}.Release|x64.Build.0 = Release|x64
		{55EDEC92-7779-4B81-BF33-41F633640B5D}.MinSizeRel|x64.ActiveCfg = MinSizeRel|x64
		{55EDEC92-7779-4B81-BF33-41F633640B5D}.MinSizeRel|x64.Build.0 = MinSizeRel|x64
		{55EDEC92-7779-4B81-BF33-41F633640B5D}.RelWithDebInfo|x64.ActiveCfg = RelWithDebInfo|x64
		{55EDEC92-7779-4B81-BF33-41F633640B5D}.RelWithDebInfo|x64.Build.0 = RelWithDebInfo|x64
		{3B88575D-2385-46DC-B61A-3A1D753BB142}.Debug|x64.ActiveCfg = Debug|x64
		{3B88575D-2385-46DC-B61A-3A1D753BB142}.Debug|x64.Build.0 = Debug|x64
		{3B88575D-2385-46DC-B61A-3A1D753BB142}.Release|x64.ActiveCfg = Release|x64
		{3B88575D-2385-46DC-B61A-3A1D753BB142}.Release|x64.Build.0 = Release|x64
		{3B88575D-2385-46DC-B61A-3A1D753BB142}.MinSizeRel|x64.ActiveCfg = MinSizeRel|x64
		{3B88575D-2385-46DC-B61A-3A1D753BB142}.MinSizeRel|x64.Build.0 = MinSizeRel|x64
		{3B88575D-2385-46DC-B61A-3A1D753BB142}.RelWithDebInfo|x64.ActiveCfg = RelWithDebInfo|x64
		{3B88575D-2385-46DC-B61A-3A1D753BB142}.RelWithDebInfo|x64.Build.0 = RelWithDebInfo|x64
		{D0F4664B-8C54-4791-B709-C6695B741197}.Debug|x64.ActiveCfg = Debug|x64
		{D0F4664B-8C54-4791-B709-C6695B741197}.Debug|x64.Build.0 = Debug|x64
		{D0F4664B-8C54-4791-B709-C6695B741197}.Release|x64.ActiveCfg = Release|x64
		{D0F4664B-8C54-4791-B709-C6695B741197}.Release|x64.Build.0 = Release|x64
		{D0F4664B-8C54-4791-B709-C6695B741197}.MinSizeRel|x64.ActiveCfg = MinSizeRel|x64
		{D0F4664B-8C54-4791-B709-C6695B741197}.MinSizeRel|x64.Build.0 = MinSizeRel|x64
		{D0F4664B-8C54-4791-B709-C6695B741197}.RelWithDebInfo|x64.ActiveCfg = RelWithDebInfo|x64
		{D0F4664B-8C54-4791-B709-C6695B741197}.RelWithDebInfo|x64.Build.0 = RelWithDebInfo|x64
		{CD3C87CC-67F0-4803-8EF8-FFE29C4AD80D}.Debug|x64.ActiveCfg = Debug|x64
		{CD3C87CC-67F0-4803-8EF8-FFE29C4AD80D}.Debug|x64.Build.0 = Debug|x64
		{CD3C87CC-67F0-4803-8EF8-FFE29C4AD80D}.Release|x64.ActiveCfg = Release|x64
		{CD3C87CC-67F0-4803-8EF8-FFE29C4AD80D}.Release|x64.Build.0 = Release|x64
		{CD3C87CC-67F0-4803-8EF8-FFE29C4AD80D}.MinSizeRel|x64.ActiveCfg = MinSizeRel|x64
		{CD3C87CC-67F0-4803-8EF8-FFE29C4AD80D}.MinSizeRel|x64.Build.0 = MinSizeRel|x64
		{CD3C87CC-67F0-4803-8EF8-FFE29C4AD80D}.RelWithDebInfo|x64.ActiveCfg = RelWithDebInfo|x64
		{CD3C87CC-67F0-4803-8EF8-FFE29C4AD80D}.RelWithDebInfo|x64.Build.0 = RelWithDebInfo|x64
		{A24809C2-63F7-4C44-8859-A2FF313F67B8}.Debug|x64.ActiveCfg = Debug|x64
		{A24809C2-63F7-4C44-8859-A2FF313F67B8}.Debug|x64.Build.0 = Debug|x64
		{A24809C2-63F7-4C44-8859-A2FF313F67B8}.Release|x64.ActiveCfg = Release|x64
		{A24809C2-63F7-4C44-8859-A2FF313F67B8}.Release|x64.Build.0 = Release|x64
		{A24809C2-63F7-4C44-8859-A2FF313F67B8}.MinSizeRel|x64.ActiveCfg = MinSizeRel|x64
		{A24809C2-63F7-4C44-8859-A2FF313F67B8}.MinSizeRel|x64.Build.0 = MinSizeRel|x64
		{A24809C2-63F7-4C44-8859-A2FF313F67B8}.RelWithDebInfo|x64.ActiveCfg = RelWithDebInfo|x64
		{A24809C2-63F7-4C44-8859-A2FF313F67B8}.RelWithDebInfo|x64.Build.0 = RelWithDebInfo|x64
		{30145A34-A702-4D64-B4D4-799097378CCF}.Debug|x64.ActiveCfg = Debug|x64
		{30145A34-A702-4D64-B4D4-799097378CCF}.Debug|x64.Build.0 = Debug|x64
		{30145A34-A702-4D64-B4D4-799097378CCF}.Release|x64.ActiveCfg = Release|x64
		{30145A34-A702-4D64-B4D4-799097378CCF}.Release|x64.Build.0 = Release|x64
		{30145A34-A702-4D64-B4D4-799097378CCF}.MinSizeRel|x64.ActiveCfg = MinSizeRel|x64
		{30145A34-A702-4D64-B4D4-799097378CCF}.MinSizeRel|x64.Build.0 = MinSizeRel|x64
		{30145A34-A702-4D64-B4D4-799097378CCF}.RelWithDebInfo|x64.ActiveCfg = RelWithDebInfo|x64
		{30145A34-A702-4D64-B4D4-799097378CCF}.RelWithDebInfo|x64.Build.0 = RelWithDebInfo|x64
		{C1C5A3E6-626A-481D-A43A-2D4E2A0EA92F}.Debug|x64.ActiveCfg = Debug|x64
		{C1C5A3E6-626A-481D-A43A-2D4E2A0EA92F}.Debug|x64.Build.0 = Debug|x64
		{C1C5A3E6-626A-481D-A43A-2D4E2A0EA92F}.Release|x64.ActiveCfg = Release|x64
		{C1C5A3E6-626A-481D-A43A-2D4E2A0EA92F}.Release|x64.Build.0 = Release|x64
		{C1C5A3E6-626A-481D-A43A-2D4E2A0EA92F}.MinSizeRel|x64.ActiveCfg = MinSizeRel|x64
		{C1C5A3E6-626A-481D-A43A-2D4E2A0EA92F}.MinSizeRel|x64.Build.0 = MinSizeRel|x64
		{C1C5A3E6-626A-481D-A43A-2D4E2A0EA92F}.RelWithDebInfo|x64.ActiveCfg = RelWithDebInfo|x64
		{C1C5A3E6-626A-481D-A43A-2D4E2A0EA92F}.RelWithDebInfo|x64.Build.0 = RelWithDebInfo|x64
		{081C17E8-6C43-42A1-A7FA-3C5C4932FCD1}.Debug|x64.ActiveCfg = Debug|x64
		{081C17E8-6C43-42A1-A7FA-3C5C4932FCD1}.Debug|x64.Build.0 = Debug|x64
		{081C17E8-6C43-42A1-A7FA-3C5C4932FCD1}.Release|x64.ActiveCfg = Release|x64
		{081C17E8-6C43-42A1-A7FA-3C5C4932FCD1}.Release|x64.Build.0 = Release|x64
		{081C17E8-6C43-42A1-A7FA-3C5C4932FCD1}.MinSizeRel|x64.ActiveCfg = MinSizeRel|x64
		{081C17E8-6C43-42A1-A7FA-3C5C4932FCD1}.MinSizeRel|x64.Build.0 = MinSizeRel|x64
		{081C17E8-6C43-42A1-A7FA-3C5C4932FCD1}.RelWithDebInfo|x64.ActiveCfg = RelWithDebInfo|x64
		{081C17E8-6C43-42A1-A7FA-3C5C4932FCD1}.RelWithDebInfo|x64.Build.0 = RelWithDebInfo|x64
		{3158A218-3B14-4BA5-BF42-547B84544CC0}.Debug|x64.ActiveCfg = Debug|x64
		{3158A218-3B14-4BA5-BF42-547B84544CC0}.Debug|x64.Build.0 = Debug|x64
		{3158A218-3B14-4BA5-BF42-547B84544CC0}.Release|x64.ActiveCfg = Release|x64
		{3158A218-3B14-4BA5-BF42-547B84544CC0}.Release|x64.Build.0 = Release|x64
		{3158A218-3B14-4BA5-BF42-547B84544CC0}.MinSizeRel|x64.ActiveCfg = MinSizeRel|x64
		{3158A218-3B14-4BA5-BF42-547B84544CC0}.MinSizeRel|x64.Build.0 = MinSizeRel|x64
		{3158A218-3B14-4BA5-BF42-547B84544CC0}.RelWithDebInfo|x64.ActiveCfg = RelWithDebInfo|x64
		{3158A218-3B14-4BA5-BF42-547B84544CC0}.RelWithDebInfo|x64.Build.0 = RelWithDebInfo|x64
		{D3126CF8-C3B1-4E06-BBF4-D658EB40FB85}.Debug|x64.ActiveCfg = Debug|x64
		{D3126CF8-C3B1-4E06-BBF4-D658EB40FB85}.Debug|x64.Build.0 = Debug|x64
		{D3126CF8-C3B1-4E06-BBF4-D658EB40FB85}.Release|x64.ActiveCfg = Release|x64
		{D3126CF8-C3B1-4E06-BBF4-D658EB40FB85}.Release|x64.Build.0 = Release|x64
		{D3126CF8-C3B1-4E06-BBF4-D658EB40FB85}.MinSizeRel|x64.ActiveCfg = MinSizeRel|x64
		{D3126CF8-C3B1-4E06-BBF4-D658EB40FB85}.MinSizeRel|x64.Build.0 = MinSizeRel|x64
		{D3126CF8-C3B1-4E06-BBF4-D658EB40FB85}.RelWithDebInfo|x64.ActiveCfg = RelWithDebInfo|x64
		{D3126CF8-C3B1-4E06-BBF4-D658EB40FB85}.RelWithDebInfo|x64.Build.0 = RelWithDebInfo|x64
		{AE654881-26BF-420C-8914-779C5A9E61BE}.Debug|x64.ActiveCfg = Debug|x64
		{AE654881-26BF-420C-8914-779C5A9E61BE}.Debug|x64.Build.0 = Debug|x64
		{AE654881-26BF-420C-8914-779C5A9E61BE}.Release|x64.ActiveCfg = Release|x64
		{AE654881-26BF-420C-8914-779C5A9E61BE}.Release|x64.Build.0 = Release|x64
		{AE654881-26BF-420C-8914-779C5A9E61BE}.MinSizeRel|x64.ActiveCfg = MinSizeRel|x64
		{AE654881-26BF-420C-8914-779C5A9E61BE}.MinSizeRel|x64.Build.0 = MinSizeRel|x64
		{AE654881-26BF-420C-8914-779C5A9E61BE}.RelWithDebInfo|x64.ActiveCfg = RelWithDebInfo|x64
		{AE654881-26BF-420C-8914-779C5A9E61BE}.RelWithDebInfo|x64.Build.0 = RelWithDebInfo|x64
		{322A7404-E0E7-4C6A-8996-FF9E11BB2F70}.Debug|x64.ActiveCfg = Debug|x64
		{322A7404-E0E7-4C6A-8996-FF9E11BB2F70}.Debug|x64.Build.0 = Debug|x64
		{322A7404-E0E7-4C6A-8996-FF9E11BB2F70}.Release|x64.ActiveCfg = Release|x64
		{322A7404-E0E7-4C6A-8996-FF9E11BB2F70}.Release|x64.Build.0 = Release|x64
		{322A7404-E0E7-4C6A-8996-FF9E11BB2F70}.MinSizeRel|x64.ActiveCfg = MinSizeRel|x64
		{322A7404-E0E7-4C6A-8996-FF9E11BB2F70}.MinSizeRel|x64.Build.0 = MinSizeRel|x64
		{322A7404-E0E7-4C6A-8996-FF9E11BB2F70}.RelWithDebInfo|x64.ActiveCfg = RelWithDebInfo|x64
		{322A7404-E0E7-4C6A-8996-FF9E11BB2F70}.RelWithDebInfo|x64.Build.0 = RelWithDebInfo|x64
		{F91348C9-D503-4443-8CEB-804111F87C32}.Debug|x64.ActiveCfg = Debug|x64
		{F91348C9-D503-4443-8CEB-804111F87C32}.Debug|x64.Build.0 = Debug|x64
		{F91348C9-D503-4443-8CEB-804111F87C32}.Release|x64.ActiveCfg = Release|x64
		{F91348C9-D503-4443-8CEB-804111F87C32}.Release|x64.Build.0 = Release|x64
		{F91348C9-D503-4443-8CEB-804111F87C32}.MinSizeRel|x64.ActiveCfg = MinSizeRel|x64
		{F91348C9-D503-4443-8CEB-804111F87C32}.MinSizeRel|x64.Build.0 = MinSizeRel|x64
		{F91348C9-D503-4443-8CEB-804111F87C32}.RelWithDebInfo|x64.ActiveCfg = RelWithDebInfo|x64
		{F91348C9-D503-4443-8CEB-804111F87C32}.RelWithDebInfo|x64.Build.0 = RelWithDebInfo|x64
		{7630BA68-82BA-4214-95DB-757BD2EA7C88}.Debug|x64.ActiveCfg = Debug|x64
		{7630BA68-82BA-4214-95DB-757BD2EA7C88}.Debug|x64.Build.0 = Debug|x64
		{7630BA68-82BA-4214-95DB-757BD2EA7C88}.Release|x64.ActiveCfg = Release|x64
		{7630BA68-82BA-4214-95DB-757BD2EA7C88}.Release|x64.Build.0 = Release|x64
		{7630BA68-82BA-4214-95DB-757BD2EA7C88}.MinSizeRel|x64.ActiveCfg = MinSizeRel|x64
		{7630BA68-82BA-4214-95DB-757BD2EA7C88}.MinSizeRel|x64.Build.0 = MinSizeRel|x64
		{7630BA68-82BA-4214-95DB-757BD2EA7C88}.RelWithDebInfo|x64.ActiveCfg = RelWithDebInfo|x64
		{7630BA68-82BA-4214-95DB-757BD2EA7C88}.RelWithDebInfo|x64.Build.0 = RelWithDebInfo|x64
		{D18CCEF1-FFA1-42BB-9229-E670CE5BAEA6}.Debug|x64.ActiveCfg = Debug|x64
		{D18CCEF1-FFA1-42BB-9229-E670CE5BAEA6}.Debug|x64.Build.0 = Debug|x64
		{D18CCEF1-FFA1-42BB-9229-E670CE5BAEA6}.Release|x64.ActiveCfg = Release|x64
		{D18CCEF1-FFA1-42BB-9229-E670CE5BAEA6}.Release|x64.Build.0 = Release|x64
		{D18CCEF1-FFA1-42BB-9229-E670CE5BAEA6}.MinSizeRel|x64.ActiveCfg = MinSizeRel|x64
		{D18CCEF1-FFA1-42BB-9229-E670CE5BAEA6}.MinSizeRel|x64.Build.0 = MinSizeRel|x64
		{D18CCEF1-FFA1-42BB-9229-E670CE5BAEA6}.RelWithDebInfo|x64.ActiveCfg = RelWithDebInfo|x64
		{D18CCEF1-FFA1-42BB-9229-E670CE5BAEA6}.RelWithDebInfo|x64.Build.0 = RelWithDebInfo|x64
		{6ACF855D-D1F0-43CB-8189-E1916DB7BC13}.Debug|x64.ActiveCfg = Debug|x64
		{6ACF855D-D1F0-43CB-8189-E1916DB7BC13}.Debug|x64.Build.0 = Debug|x64
		{6ACF855D-D1F0-43CB-8189-E1916DB7BC13}.Release|x64.ActiveCfg = Release|x64
		{6ACF855D-D1F0-43CB-8189-E1916DB7BC13}.Release|x64.Build.0 = Release|x64
		{6ACF855D-D1F0-43CB-8189-E1916DB7BC13}.MinSizeRel|x64.ActiveCfg = MinSizeRel|x64
		{6ACF855D-D1F0-43CB-8189-E1916DB7BC13}.MinSizeRel|x64.Build.0 = MinSizeRel|x64
		{6ACF855D-D1F0-43CB-8189-E1916DB7BC13}.RelWithDebInfo|x64.ActiveCfg = RelWithDebInfo|x64
		{6ACF855D-D1F0-43CB-8189-E1916DB7BC13}.RelWithDebInfo|x64.Build.0 = RelWithDebInfo|x64
		{95A44A56-9BA8-4210-80D0-29273FEEE949}.Debug|x64.ActiveCfg = Debug|x64
		{95A44A56-9BA8-4210-80D0-29273FEEE949}.Debug|x64.Build.0 = Debug|x64
		{95A44A56-9BA8-4210-80D0-29273FEEE949}.Release|x64.ActiveCfg = Release|x64
		{95A44A56-9BA8-4210-80D0-29273FEEE949}.Release|x64.Build.0 = Release|x64
		{95A44A56-9BA8-4210-80D0-29273FEEE949}.MinSizeRel|x64.ActiveCfg = MinSizeRel|x64
		{95A44A56-9BA8-4210-80D0-29273FEEE949}.MinSizeRel|x64.Build.0 = MinSizeRel|x64
		{95A44A56-9BA8-4210-80D0-29273FEEE949}.RelWithDebInfo|x64.ActiveCfg = RelWithDebInfo|x64
		{95A44A56-9BA8-4210-80D0-29273FEEE949}.RelWithDebInfo|x64.Build.0 = RelWithDebInfo|x64
	EndGlobalSection
	GlobalSection(ExtensibilityGlobals) = postSolution
	EndGlobalSection
	GlobalSection(ExtensibilityAddIns) = postSolution
	EndGlobalSection
EndGlobal
